Microsoft Visual Studio Solution File, Format Version 8.00
Project("{8BC9CEB8-8B4A-11D0-8D11-00A0C91BC942}") = "Editor", "Editor\Editor.vcproj", "{33CD085A-A03E-4D2C-970A-D69CD5466806}"
	ProjectSection(ProjectDependencies) = postProject
	EndProjectSection
EndProject
Project("{8BC9CEB8-8B4A-11D0-8D11-00A0C91BC942}") = "Laptop", "Laptop\Laptop.vcproj", "{E0E16C88-C352-4C37-AC27-BFF3FDF18E82}"
	ProjectSection(ProjectDependencies) = postProject
	EndProjectSection
EndProject
Project("{8BC9CEB8-8B4A-11D0-8D11-00A0C91BC942}") = "Standard Gaming Platform", "Standard Gaming Platform\Standard Gaming Platform.vcproj", "{1D052886-AE6B-437A-BE0C-D074CA940818}"
	ProjectSection(ProjectDependencies) = postProject
	EndProjectSection
EndProject
Project("{8BC9CEB8-8B4A-11D0-8D11-00A0C91BC942}") = "Strategic", "Strategic\Strategic.vcproj", "{F10032C4-A6E5-44F7-A9BC-B76C46BA72D5}"
	ProjectSection(ProjectDependencies) = postProject
	EndProjectSection
EndProject
Project("{8BC9CEB8-8B4A-11D0-8D11-00A0C91BC942}") = "Tactical", "Tactical\Tactical.vcproj", "{2124B612-013E-492D-911C-B5737D60EEDF}"
	ProjectSection(ProjectDependencies) = postProject
	EndProjectSection
EndProject
Project("{8BC9CEB8-8B4A-11D0-8D11-00A0C91BC942}") = "TacticalAI", "TacticalAI\TacticalAI.vcproj", "{D76119D7-B5EB-4F61-BFB9-F582B06F889B}"
	ProjectSection(ProjectDependencies) = postProject
	EndProjectSection
EndProject
Project("{8BC9CEB8-8B4A-11D0-8D11-00A0C91BC942}") = "TileEngine", "TileEngine\TileEngine.vcproj", "{97E691B8-7A39-4E86-B69A-BD6BD5C31F32}"
	ProjectSection(ProjectDependencies) = postProject
	EndProjectSection
EndProject
Project("{8BC9CEB8-8B4A-11D0-8D11-00A0C91BC942}") = "Utils", "Utils\Utils.vcproj", "{4D4A4AF3-63D1-4C4B-81B5-3EFB3BD574F2}"
	ProjectSection(ProjectDependencies) = postProject
	EndProjectSection
EndProject
Project("{8BC9CEB8-8B4A-11D0-8D11-00A0C91BC942}") = "lua", "lua\lua.vcproj", "{095CC13E-F2F8-4070-AC7A-70926A0ADF37}"
	ProjectSection(ProjectDependencies) = postProject
	EndProjectSection
EndProject
Project("{8BC9CEB8-8B4A-11D0-8D11-00A0C91BC942}") = "ja2", "JA2.vcproj", "{32A550A8-FEBD-4F8D-8D62-6F97C63F83DA}"
	ProjectSection(ProjectDependencies) = postProject
		{286FCC0E-C6E1-4E29-8642-588D7358966F} = {286FCC0E-C6E1-4E29-8642-588D7358966F}
		{2124B612-013E-492D-911C-B5737D60EEDF} = {2124B612-013E-492D-911C-B5737D60EEDF}
		{095CC13E-F2F8-4070-AC7A-70926A0ADF37} = {095CC13E-F2F8-4070-AC7A-70926A0ADF37}
		{33CD085A-A03E-4D2C-970A-D69CD5466806} = {33CD085A-A03E-4D2C-970A-D69CD5466806}
		{1D052886-AE6B-437A-BE0C-D074CA940818} = {1D052886-AE6B-437A-BE0C-D074CA940818}
		{E0E16C88-C352-4C37-AC27-BFF3FDF18E82} = {E0E16C88-C352-4C37-AC27-BFF3FDF18E82}
		{97E691B8-7A39-4E86-B69A-BD6BD5C31F32} = {97E691B8-7A39-4E86-B69A-BD6BD5C31F32}
		{F10032C4-A6E5-44F7-A9BC-B76C46BA72D5} = {F10032C4-A6E5-44F7-A9BC-B76C46BA72D5}
		{D76119D7-B5EB-4F61-BFB9-F582B06F889B} = {D76119D7-B5EB-4F61-BFB9-F582B06F889B}
		{4D4A4AF3-63D1-4C4B-81B5-3EFB3BD574F2} = {4D4A4AF3-63D1-4C4B-81B5-3EFB3BD574F2}
	EndProjectSection
EndProject
Project("{8BC9CEB8-8B4A-11D0-8D11-00A0C91BC942}") = "Console", "Console\Console.vcproj", "{286FCC0E-C6E1-4E29-8642-588D7358966F}"
	ProjectSection(ProjectDependencies) = postProject
	EndProjectSection
EndProject
Global
	GlobalSection(SolutionConfiguration) = preSolution
		Debug = Debug
		Release = Release
	EndGlobalSection
	GlobalSection(ProjectConfiguration) = postSolution
		{33CD085A-A03E-4D2C-970A-D69CD5466806}.Debug.ActiveCfg = Debug|Win32
		{33CD085A-A03E-4D2C-970A-D69CD5466806}.Debug.Build.0 = Debug|Win32
		{33CD085A-A03E-4D2C-970A-D69CD5466806}.Release.ActiveCfg = Release|Win32
		{33CD085A-A03E-4D2C-970A-D69CD5466806}.Release.Build.0 = Release|Win32
		{E0E16C88-C352-4C37-AC27-BFF3FDF18E82}.Debug.ActiveCfg = Debug|Win32
		{E0E16C88-C352-4C37-AC27-BFF3FDF18E82}.Debug.Build.0 = Debug|Win32
		{E0E16C88-C352-4C37-AC27-BFF3FDF18E82}.Release.ActiveCfg = Release|Win32
		{E0E16C88-C352-4C37-AC27-BFF3FDF18E82}.Release.Build.0 = Release|Win32
		{1D052886-AE6B-437A-BE0C-D074CA940818}.Debug.ActiveCfg = Debug|Win32
		{1D052886-AE6B-437A-BE0C-D074CA940818}.Debug.Build.0 = Debug|Win32
		{1D052886-AE6B-437A-BE0C-D074CA940818}.Release.ActiveCfg = Release|Win32
		{1D052886-AE6B-437A-BE0C-D074CA940818}.Release.Build.0 = Release|Win32
		{F10032C4-A6E5-44F7-A9BC-B76C46BA72D5}.Debug.ActiveCfg = Debug|Win32
		{F10032C4-A6E5-44F7-A9BC-B76C46BA72D5}.Debug.Build.0 = Debug|Win32
		{F10032C4-A6E5-44F7-A9BC-B76C46BA72D5}.Release.ActiveCfg = Release|Win32
		{F10032C4-A6E5-44F7-A9BC-B76C46BA72D5}.Release.Build.0 = Release|Win32
		{2124B612-013E-492D-911C-B5737D60EEDF}.Debug.ActiveCfg = Debug|Win32
		{2124B612-013E-492D-911C-B5737D60EEDF}.Debug.Build.0 = Debug|Win32
		{2124B612-013E-492D-911C-B5737D60EEDF}.Release.ActiveCfg = Release|Win32
		{2124B612-013E-492D-911C-B5737D60EEDF}.Release.Build.0 = Release|Win32
		{D76119D7-B5EB-4F61-BFB9-F582B06F889B}.Debug.ActiveCfg = Debug|Win32
		{D76119D7-B5EB-4F61-BFB9-F582B06F889B}.Debug.Build.0 = Debug|Win32
		{D76119D7-B5EB-4F61-BFB9-F582B06F889B}.Release.ActiveCfg = Release|Win32
		{D76119D7-B5EB-4F61-BFB9-F582B06F889B}.Release.Build.0 = Release|Win32
		{97E691B8-7A39-4E86-B69A-BD6BD5C31F32}.Debug.ActiveCfg = Debug|Win32
		{97E691B8-7A39-4E86-B69A-BD6BD5C31F32}.Debug.Build.0 = Debug|Win32
		{97E691B8-7A39-4E86-B69A-BD6BD5C31F32}.Release.ActiveCfg = Release|Win32
		{97E691B8-7A39-4E86-B69A-BD6BD5C31F32}.Release.Build.0 = Release|Win32
		{4D4A4AF3-63D1-4C4B-81B5-3EFB3BD574F2}.Debug.ActiveCfg = Debug|Win32
		{4D4A4AF3-63D1-4C4B-81B5-3EFB3BD574F2}.Debug.Build.0 = Debug|Win32
		{4D4A4AF3-63D1-4C4B-81B5-3EFB3BD574F2}.Release.ActiveCfg = Release|Win32
		{4D4A4AF3-63D1-4C4B-81B5-3EFB3BD574F2}.Release.Build.0 = Release|Win32
		{095CC13E-F2F8-4070-AC7A-70926A0ADF37}.Debug.ActiveCfg = Debug|Win32
		{095CC13E-F2F8-4070-AC7A-70926A0ADF37}.Debug.Build.0 = Debug|Win32
		{095CC13E-F2F8-4070-AC7A-70926A0ADF37}.Release.ActiveCfg = Release|Win32
		{095CC13E-F2F8-4070-AC7A-70926A0ADF37}.Release.Build.0 = Release|Win32
		{32A550A8-FEBD-4F8D-8D62-6F97C63F83DA}.Debug.ActiveCfg = Debug|Win32
		{32A550A8-FEBD-4F8D-8D62-6F97C63F83DA}.Debug.Build.0 = Debug|Win32
		{32A550A8-FEBD-4F8D-8D62-6F97C63F83DA}.Release.ActiveCfg = Release|Win32
		{32A550A8-FEBD-4F8D-8D62-6F97C63F83DA}.Release.Build.0 = Release|Win32
		{286FCC0E-C6E1-4E29-8642-588D7358966F}.Debug.ActiveCfg = Debug|Win32
		{286FCC0E-C6E1-4E29-8642-588D7358966F}.Debug.Build.0 = Debug|Win32
		{286FCC0E-C6E1-4E29-8642-588D7358966F}.Release.ActiveCfg = Release|Win32
		{286FCC0E-C6E1-4E29-8642-588D7358966F}.Release.Build.0 = Release|Win32
	EndGlobalSection
	GlobalSection(ExtensibilityGlobals) = postSolution
	EndGlobalSection
	GlobalSection(ExtensibilityAddIns) = postSolution
	EndGlobalSection
EndGlobal
