
Microsoft Visual Studio Solution File, Format Version 9.00
# Visual Studio 2005
Project("{8BC9CEB8-8B4A-11D0-8D11-00A0C91BC942}") = "ja2", "ja2_VS2005.vcproj", "{F44669E7-74AC-444B-B75F-F16F4B9F0265}"
	ProjectSection(WebsiteProperties) = preProject
		Debug.AspNetCompiler.Debug = "True"
		Release.AspNetCompiler.Debug = "False"
	EndProjectSection
	ProjectSection(ProjectDependencies) = postProject
		{FF0A809E-A370-4640-A301-17B76D7A5B4E} = {FF0A809E-A370-4640-A301-17B76D7A5B4E}
		{5234CD2E-97F1-42FF-828D-CE0A1B46805E} = {5234CD2E-97F1-42FF-828D-CE0A1B46805E}
		{F962CFA1-2215-4124-938F-253973A27591} = {F962CFA1-2215-4124-938F-253973A27591}
		{60D793F2-90B4-43C9-83B5-221EE11B37E6} = {60D793F2-90B4-43C9-83B5-221EE11B37E6}
		{FC1938E8-9253-49A8-AA99-4639BBB46C1B} = {FC1938E8-9253-49A8-AA99-4639BBB46C1B}
		{AB8837DB-0435-40C7-916A-0AACF5CFF1C4} = {AB8837DB-0435-40C7-916A-0AACF5CFF1C4}
		{A83DA7DA-2C31-45D8-9A69-B4993A885E76} = {A83DA7DA-2C31-45D8-9A69-B4993A885E76}
		{27A49DAF-3F5A-4FF2-B943-9559F0B63032} = {27A49DAF-3F5A-4FF2-B943-9559F0B63032}
		{D4BDA6AD-9B61-4953-892D-DA3F8CC7E096} = {D4BDA6AD-9B61-4953-892D-DA3F8CC7E096}
		{6283CE93-2960-4596-8E74-7A6FBA8716FF} = {6283CE93-2960-4596-8E74-7A6FBA8716FF}
		{262A5F80-0B99-4E8E-A6C7-74CB1FD0A67C} = {262A5F80-0B99-4E8E-A6C7-74CB1FD0A67C}
		{9AD14886-DB5C-4EFF-AE17-35F9BD684692} = {9AD14886-DB5C-4EFF-AE17-35F9BD684692}
		{4B544F1A-6188-4255-8877-69FC312D0D2C} = {4B544F1A-6188-4255-8877-69FC312D0D2C}
		{C63466D6-49B5-4C54-AA0D-864F6171FD9B} = {C63466D6-49B5-4C54-AA0D-864F6171FD9B}
		{A67922A0-0A3F-497F-A724-19B513EFC078} = {A67922A0-0A3F-497F-A724-19B513EFC078}
	EndProjectSection
EndProject
Project("{8BC9CEB8-8B4A-11D0-8D11-00A0C91BC942}") = "Editor", "Editor\Editor_VS2005.vcproj", "{60D793F2-90B4-43C9-83B5-221EE11B37E6}"
	ProjectSection(WebsiteProperties) = preProject
		Debug.AspNetCompiler.Debug = "True"
		Release.AspNetCompiler.Debug = "False"
	EndProjectSection
EndProject
Project("{8BC9CEB8-8B4A-11D0-8D11-00A0C91BC942}") = "Laptop", "Laptop\Laptop_VS2005.vcproj", "{5234CD2E-97F1-42FF-828D-CE0A1B46805E}"
	ProjectSection(WebsiteProperties) = preProject
		Debug.AspNetCompiler.Debug = "True"
		Release.AspNetCompiler.Debug = "False"
	EndProjectSection
EndProject
Project("{8BC9CEB8-8B4A-11D0-8D11-00A0C91BC942}") = "lua", "lua\lua_VS2005.vcproj", "{A83DA7DA-2C31-45D8-9A69-B4993A885E76}"
	ProjectSection(WebsiteProperties) = preProject
		Debug.AspNetCompiler.Debug = "True"
		Release.AspNetCompiler.Debug = "False"
	EndProjectSection
EndProject
Project("{8BC9CEB8-8B4A-11D0-8D11-00A0C91BC942}") = "SGP", "Standard Gaming Platform\SGP_VS2005.vcproj", "{6283CE93-2960-4596-8E74-7A6FBA8716FF}"
	ProjectSection(WebsiteProperties) = preProject
		Debug.AspNetCompiler.Debug = "True"
		Release.AspNetCompiler.Debug = "False"
	EndProjectSection
EndProject
Project("{8BC9CEB8-8B4A-11D0-8D11-00A0C91BC942}") = "Strategic", "Strategic\Strategic_VS2005.vcproj", "{AB8837DB-0435-40C7-916A-0AACF5CFF1C4}"
	ProjectSection(WebsiteProperties) = preProject
		Debug.AspNetCompiler.Debug = "True"
		Release.AspNetCompiler.Debug = "False"
	EndProjectSection
EndProject
Project("{8BC9CEB8-8B4A-11D0-8D11-00A0C91BC942}") = "Tactical", "Tactical\Tactical_VS2005.vcproj", "{D4BDA6AD-9B61-4953-892D-DA3F8CC7E096}"
	ProjectSection(WebsiteProperties) = preProject
		Debug.AspNetCompiler.Debug = "True"
		Release.AspNetCompiler.Debug = "False"
	EndProjectSection
EndProject
Project("{8BC9CEB8-8B4A-11D0-8D11-00A0C91BC942}") = "TacticalAI", "TacticalAI\TacticalAI_VS2005.vcproj", "{27A49DAF-3F5A-4FF2-B943-9559F0B63032}"
	ProjectSection(WebsiteProperties) = preProject
		Debug.AspNetCompiler.Debug = "True"
		Release.AspNetCompiler.Debug = "False"
	EndProjectSection
EndProject
Project("{8BC9CEB8-8B4A-11D0-8D11-00A0C91BC942}") = "TileEngine", "TileEngine\TileEngine_VS2005.vcproj", "{FC1938E8-9253-49A8-AA99-4639BBB46C1B}"
	ProjectSection(WebsiteProperties) = preProject
		Debug.AspNetCompiler.Debug = "True"
		Release.AspNetCompiler.Debug = "False"
	EndProjectSection
EndProject
Project("{8BC9CEB8-8B4A-11D0-8D11-00A0C91BC942}") = "Utils", "Utils\Utils_VS2005.vcproj", "{262A5F80-0B99-4E8E-A6C7-74CB1FD0A67C}"
	ProjectSection(WebsiteProperties) = preProject
		Debug.AspNetCompiler.Debug = "True"
		Release.AspNetCompiler.Debug = "False"
	EndProjectSection
EndProject
Project("{8BC9CEB8-8B4A-11D0-8D11-00A0C91BC942}") = "Console", "Console\Console_VS2005.vcproj", "{F962CFA1-2215-4124-938F-253973A27591}"
	ProjectSection(WebsiteProperties) = preProject
		Debug.AspNetCompiler.Debug = "True"
		Release.AspNetCompiler.Debug = "False"
	EndProjectSection
EndProject
Project("{8BC9CEB8-8B4A-11D0-8D11-00A0C91BC942}") = "libpng", "ext\libpng\projects\visualc71\libpng_VS2005.vcproj", "{4B544F1A-6188-4255-8877-69FC312D0D2C}"
	ProjectSection(WebsiteProperties) = preProject
		Debug.AspNetCompiler.Debug = "True"
		Release.AspNetCompiler.Debug = "False"
	EndProjectSection
EndProject
Project("{8BC9CEB8-8B4A-11D0-8D11-00A0C91BC942}") = "zlib", "ext\libpng\projects\visualc71\zlib_VS2005.vcproj", "{A67922A0-0A3F-497F-A724-19B513EFC078}"
	ProjectSection(WebsiteProperties) = preProject
		Debug.AspNetCompiler.Debug = "True"
		Release.AspNetCompiler.Debug = "False"
	EndProjectSection
EndProject
Project("{8BC9CEB8-8B4A-11D0-8D11-00A0C91BC942}") = "VFS", "ext\VFS\build\VFS_VS2005.vcproj", "{C63466D6-49B5-4C54-AA0D-864F6171FD9B}"
	ProjectSection(WebsiteProperties) = preProject
		Debug.AspNetCompiler.Debug = "True"
		Release.AspNetCompiler.Debug = "False"
	EndProjectSection
EndProject
Project("{8BC9CEB8-8B4A-11D0-8D11-00A0C91BC942}") = "ja2export", "ext\export\ja2export_VS2005.vcproj", "{3E43B70D-A22F-4240-B00D-32BD14523335}"
	ProjectSection(WebsiteProperties) = preProject
		Debug.AspNetCompiler.Debug = "True"
		Release.AspNetCompiler.Debug = "False"
	EndProjectSection
EndProject
Project("{8BC9CEB8-8B4A-11D0-8D11-00A0C91BC942}") = "7z", "ext\VFS\build\7z_VS2005.vcproj", "{9AD14886-DB5C-4EFF-AE17-35F9BD684692}"
	ProjectSection(WebsiteProperties) = preProject
		Debug.AspNetCompiler.Debug = "True"
		Release.AspNetCompiler.Debug = "False"
	EndProjectSection
EndProject
Project("{8BC9CEB8-8B4A-11D0-8D11-00A0C91BC942}") = "ModularizedTacticalAI", "ModularizedTacticalAI\ModularizedTacticalAI_VS2005.vcproj", "{FF0A809E-A370-4640-A301-17B76D7A5B4E}"
	ProjectSection(WebsiteProperties) = preProject
		Debug.AspNetCompiler.Debug = "True"
		Release.AspNetCompiler.Debug = "False"
	EndProjectSection
EndProject
Global
	GlobalSection(SolutionConfigurationPlatforms) = preSolution
		Debug|Win32 = Debug|Win32
		MapEditor|Win32 = MapEditor|Win32
		MapEditorD|Win32 = MapEditorD|Win32
		Release_WithDebugInfo|Win32 = Release_WithDebugInfo|Win32
		Release|Win32 = Release|Win32
	EndGlobalSection
	GlobalSection(ProjectConfigurationPlatforms) = postSolution
		{F44669E7-74AC-444B-B75F-F16F4B9F0265}.Debug|Win32.ActiveCfg = Debug|Win32
		{F44669E7-74AC-444B-B75F-F16F4B9F0265}.Debug|Win32.Build.0 = Debug|Win32
		{F44669E7-74AC-444B-B75F-F16F4B9F0265}.MapEditor|Win32.ActiveCfg = MapEditor|Win32
		{F44669E7-74AC-444B-B75F-F16F4B9F0265}.MapEditor|Win32.Build.0 = MapEditor|Win32
		{F44669E7-74AC-444B-B75F-F16F4B9F0265}.MapEditorD|Win32.ActiveCfg = MapEditorD|Win32
		{F44669E7-74AC-444B-B75F-F16F4B9F0265}.MapEditorD|Win32.Build.0 = MapEditorD|Win32
		{F44669E7-74AC-444B-B75F-F16F4B9F0265}.Release_WithDebugInfo|Win32.ActiveCfg = Release_WithDebugInfo|Win32
		{F44669E7-74AC-444B-B75F-F16F4B9F0265}.Release_WithDebugInfo|Win32.Build.0 = Release_WithDebugInfo|Win32
		{F44669E7-74AC-444B-B75F-F16F4B9F0265}.Release|Win32.ActiveCfg = Release|Win32
		{F44669E7-74AC-444B-B75F-F16F4B9F0265}.Release|Win32.Build.0 = Release|Win32
		{60D793F2-90B4-43C9-83B5-221EE11B37E6}.Debug|Win32.ActiveCfg = Debug|Win32
		{60D793F2-90B4-43C9-83B5-221EE11B37E6}.Debug|Win32.Build.0 = Debug|Win32
		{60D793F2-90B4-43C9-83B5-221EE11B37E6}.MapEditor|Win32.ActiveCfg = MapEditor|Win32
		{60D793F2-90B4-43C9-83B5-221EE11B37E6}.MapEditor|Win32.Build.0 = MapEditor|Win32
		{60D793F2-90B4-43C9-83B5-221EE11B37E6}.MapEditorD|Win32.ActiveCfg = MapEditorD|Win32
		{60D793F2-90B4-43C9-83B5-221EE11B37E6}.MapEditorD|Win32.Build.0 = MapEditorD|Win32
		{60D793F2-90B4-43C9-83B5-221EE11B37E6}.Release_WithDebugInfo|Win32.ActiveCfg = Release_WithDebugInfo|Win32
		{60D793F2-90B4-43C9-83B5-221EE11B37E6}.Release_WithDebugInfo|Win32.Build.0 = Release_WithDebugInfo|Win32
		{60D793F2-90B4-43C9-83B5-221EE11B37E6}.Release|Win32.ActiveCfg = Release|Win32
		{60D793F2-90B4-43C9-83B5-221EE11B37E6}.Release|Win32.Build.0 = Release|Win32
		{5234CD2E-97F1-42FF-828D-CE0A1B46805E}.Debug|Win32.ActiveCfg = Debug|Win32
		{5234CD2E-97F1-42FF-828D-CE0A1B46805E}.Debug|Win32.Build.0 = Debug|Win32
		{5234CD2E-97F1-42FF-828D-CE0A1B46805E}.MapEditor|Win32.ActiveCfg = MapEditor|Win32
		{5234CD2E-97F1-42FF-828D-CE0A1B46805E}.MapEditor|Win32.Build.0 = MapEditor|Win32
		{5234CD2E-97F1-42FF-828D-CE0A1B46805E}.MapEditorD|Win32.ActiveCfg = MapEditorD|Win32
		{5234CD2E-97F1-42FF-828D-CE0A1B46805E}.MapEditorD|Win32.Build.0 = MapEditorD|Win32
		{5234CD2E-97F1-42FF-828D-CE0A1B46805E}.Release_WithDebugInfo|Win32.ActiveCfg = Release_WithDebugInfo|Win32
		{5234CD2E-97F1-42FF-828D-CE0A1B46805E}.Release_WithDebugInfo|Win32.Build.0 = Release_WithDebugInfo|Win32
		{5234CD2E-97F1-42FF-828D-CE0A1B46805E}.Release|Win32.ActiveCfg = Release|Win32
		{5234CD2E-97F1-42FF-828D-CE0A1B46805E}.Release|Win32.Build.0 = Release|Win32
		{A83DA7DA-2C31-45D8-9A69-B4993A885E76}.Debug|Win32.ActiveCfg = Debug|Win32
		{A83DA7DA-2C31-45D8-9A69-B4993A885E76}.Debug|Win32.Build.0 = Debug|Win32
		{A83DA7DA-2C31-45D8-9A69-B4993A885E76}.MapEditor|Win32.ActiveCfg = MapEditor|Win32
		{A83DA7DA-2C31-45D8-9A69-B4993A885E76}.MapEditor|Win32.Build.0 = MapEditor|Win32
		{A83DA7DA-2C31-45D8-9A69-B4993A885E76}.MapEditorD|Win32.ActiveCfg = MapEditorD|Win32
		{A83DA7DA-2C31-45D8-9A69-B4993A885E76}.MapEditorD|Win32.Build.0 = MapEditorD|Win32
		{A83DA7DA-2C31-45D8-9A69-B4993A885E76}.Release_WithDebugInfo|Win32.ActiveCfg = Release_WithDebugInfo|Win32
		{A83DA7DA-2C31-45D8-9A69-B4993A885E76}.Release_WithDebugInfo|Win32.Build.0 = Release_WithDebugInfo|Win32
		{A83DA7DA-2C31-45D8-9A69-B4993A885E76}.Release|Win32.ActiveCfg = Release|Win32
		{A83DA7DA-2C31-45D8-9A69-B4993A885E76}.Release|Win32.Build.0 = Release|Win32
		{6283CE93-2960-4596-8E74-7A6FBA8716FF}.Debug|Win32.ActiveCfg = Debug|Win32
		{6283CE93-2960-4596-8E74-7A6FBA8716FF}.Debug|Win32.Build.0 = Debug|Win32
		{6283CE93-2960-4596-8E74-7A6FBA8716FF}.MapEditor|Win32.ActiveCfg = MapEditor|Win32
		{6283CE93-2960-4596-8E74-7A6FBA8716FF}.MapEditor|Win32.Build.0 = MapEditor|Win32
		{6283CE93-2960-4596-8E74-7A6FBA8716FF}.MapEditorD|Win32.ActiveCfg = MapEditorD|Win32
		{6283CE93-2960-4596-8E74-7A6FBA8716FF}.MapEditorD|Win32.Build.0 = MapEditorD|Win32
		{6283CE93-2960-4596-8E74-7A6FBA8716FF}.Release_WithDebugInfo|Win32.ActiveCfg = Release_WithDebugInfo|Win32
		{6283CE93-2960-4596-8E74-7A6FBA8716FF}.Release_WithDebugInfo|Win32.Build.0 = Release_WithDebugInfo|Win32
		{6283CE93-2960-4596-8E74-7A6FBA8716FF}.Release|Win32.ActiveCfg = Release|Win32
		{6283CE93-2960-4596-8E74-7A6FBA8716FF}.Release|Win32.Build.0 = Release|Win32
		{AB8837DB-0435-40C7-916A-0AACF5CFF1C4}.Debug|Win32.ActiveCfg = Debug|Win32
		{AB8837DB-0435-40C7-916A-0AACF5CFF1C4}.Debug|Win32.Build.0 = Debug|Win32
		{AB8837DB-0435-40C7-916A-0AACF5CFF1C4}.MapEditor|Win32.ActiveCfg = MapEditor|Win32
		{AB8837DB-0435-40C7-916A-0AACF5CFF1C4}.MapEditor|Win32.Build.0 = MapEditor|Win32
		{AB8837DB-0435-40C7-916A-0AACF5CFF1C4}.MapEditorD|Win32.ActiveCfg = MapEditorD|Win32
		{AB8837DB-0435-40C7-916A-0AACF5CFF1C4}.MapEditorD|Win32.Build.0 = MapEditorD|Win32
		{AB8837DB-0435-40C7-916A-0AACF5CFF1C4}.Release_WithDebugInfo|Win32.ActiveCfg = Release_WithDebugInfo|Win32
		{AB8837DB-0435-40C7-916A-0AACF5CFF1C4}.Release_WithDebugInfo|Win32.Build.0 = Release_WithDebugInfo|Win32
		{AB8837DB-0435-40C7-916A-0AACF5CFF1C4}.Release|Win32.ActiveCfg = Release|Win32
		{AB8837DB-0435-40C7-916A-0AACF5CFF1C4}.Release|Win32.Build.0 = Release|Win32
		{D4BDA6AD-9B61-4953-892D-DA3F8CC7E096}.Debug|Win32.ActiveCfg = Debug|Win32
		{D4BDA6AD-9B61-4953-892D-DA3F8CC7E096}.Debug|Win32.Build.0 = Debug|Win32
		{D4BDA6AD-9B61-4953-892D-DA3F8CC7E096}.MapEditor|Win32.ActiveCfg = MapEditor|Win32
		{D4BDA6AD-9B61-4953-892D-DA3F8CC7E096}.MapEditor|Win32.Build.0 = MapEditor|Win32
		{D4BDA6AD-9B61-4953-892D-DA3F8CC7E096}.MapEditorD|Win32.ActiveCfg = MapEditorD|Win32
		{D4BDA6AD-9B61-4953-892D-DA3F8CC7E096}.MapEditorD|Win32.Build.0 = MapEditorD|Win32
		{D4BDA6AD-9B61-4953-892D-DA3F8CC7E096}.Release_WithDebugInfo|Win32.ActiveCfg = Release_WithDebugInfo|Win32
		{D4BDA6AD-9B61-4953-892D-DA3F8CC7E096}.Release_WithDebugInfo|Win32.Build.0 = Release_WithDebugInfo|Win32
		{D4BDA6AD-9B61-4953-892D-DA3F8CC7E096}.Release|Win32.ActiveCfg = Release|Win32
		{D4BDA6AD-9B61-4953-892D-DA3F8CC7E096}.Release|Win32.Build.0 = Release|Win32
		{27A49DAF-3F5A-4FF2-B943-9559F0B63032}.Debug|Win32.ActiveCfg = Debug|Win32
		{27A49DAF-3F5A-4FF2-B943-9559F0B63032}.Debug|Win32.Build.0 = Debug|Win32
		{27A49DAF-3F5A-4FF2-B943-9559F0B63032}.MapEditor|Win32.ActiveCfg = MapEditor|Win32
		{27A49DAF-3F5A-4FF2-B943-9559F0B63032}.MapEditor|Win32.Build.0 = MapEditor|Win32
		{27A49DAF-3F5A-4FF2-B943-9559F0B63032}.MapEditorD|Win32.ActiveCfg = MapEditorD|Win32
		{27A49DAF-3F5A-4FF2-B943-9559F0B63032}.MapEditorD|Win32.Build.0 = MapEditorD|Win32
		{27A49DAF-3F5A-4FF2-B943-9559F0B63032}.Release_WithDebugInfo|Win32.ActiveCfg = Release_WithDebugInfo|Win32
		{27A49DAF-3F5A-4FF2-B943-9559F0B63032}.Release_WithDebugInfo|Win32.Build.0 = Release_WithDebugInfo|Win32
		{27A49DAF-3F5A-4FF2-B943-9559F0B63032}.Release|Win32.ActiveCfg = Release|Win32
		{27A49DAF-3F5A-4FF2-B943-9559F0B63032}.Release|Win32.Build.0 = Release|Win32
		{FC1938E8-9253-49A8-AA99-4639BBB46C1B}.Debug|Win32.ActiveCfg = Debug|Win32
		{FC1938E8-9253-49A8-AA99-4639BBB46C1B}.Debug|Win32.Build.0 = Debug|Win32
		{FC1938E8-9253-49A8-AA99-4639BBB46C1B}.MapEditor|Win32.ActiveCfg = MapEditor|Win32
		{FC1938E8-9253-49A8-AA99-4639BBB46C1B}.MapEditor|Win32.Build.0 = MapEditor|Win32
		{FC1938E8-9253-49A8-AA99-4639BBB46C1B}.MapEditorD|Win32.ActiveCfg = MapEditorD|Win32
		{FC1938E8-9253-49A8-AA99-4639BBB46C1B}.MapEditorD|Win32.Build.0 = MapEditorD|Win32
		{FC1938E8-9253-49A8-AA99-4639BBB46C1B}.Release_WithDebugInfo|Win32.ActiveCfg = Release_WithDebugInfo|Win32
		{FC1938E8-9253-49A8-AA99-4639BBB46C1B}.Release_WithDebugInfo|Win32.Build.0 = Release_WithDebugInfo|Win32
		{FC1938E8-9253-49A8-AA99-4639BBB46C1B}.Release|Win32.ActiveCfg = Release|Win32
		{FC1938E8-9253-49A8-AA99-4639BBB46C1B}.Release|Win32.Build.0 = Release|Win32
		{262A5F80-0B99-4E8E-A6C7-74CB1FD0A67C}.Debug|Win32.ActiveCfg = Debug|Win32
		{262A5F80-0B99-4E8E-A6C7-74CB1FD0A67C}.Debug|Win32.Build.0 = Debug|Win32
		{262A5F80-0B99-4E8E-A6C7-74CB1FD0A67C}.MapEditor|Win32.ActiveCfg = MapEditor|Win32
		{262A5F80-0B99-4E8E-A6C7-74CB1FD0A67C}.MapEditor|Win32.Build.0 = MapEditor|Win32
		{262A5F80-0B99-4E8E-A6C7-74CB1FD0A67C}.MapEditorD|Win32.ActiveCfg = MapEditorD|Win32
		{262A5F80-0B99-4E8E-A6C7-74CB1FD0A67C}.MapEditorD|Win32.Build.0 = MapEditorD|Win32
		{262A5F80-0B99-4E8E-A6C7-74CB1FD0A67C}.Release_WithDebugInfo|Win32.ActiveCfg = Release_WithDebugInfo|Win32
		{262A5F80-0B99-4E8E-A6C7-74CB1FD0A67C}.Release_WithDebugInfo|Win32.Build.0 = Release_WithDebugInfo|Win32
		{262A5F80-0B99-4E8E-A6C7-74CB1FD0A67C}.Release|Win32.ActiveCfg = Release|Win32
		{262A5F80-0B99-4E8E-A6C7-74CB1FD0A67C}.Release|Win32.Build.0 = Release|Win32
		{F962CFA1-2215-4124-938F-253973A27591}.Debug|Win32.ActiveCfg = Debug|Win32
		{F962CFA1-2215-4124-938F-253973A27591}.Debug|Win32.Build.0 = Debug|Win32
		{F962CFA1-2215-4124-938F-253973A27591}.MapEditor|Win32.ActiveCfg = MapEditor|Win32
		{F962CFA1-2215-4124-938F-253973A27591}.MapEditor|Win32.Build.0 = MapEditor|Win32
		{F962CFA1-2215-4124-938F-253973A27591}.MapEditorD|Win32.ActiveCfg = MapEditorD|Win32
		{F962CFA1-2215-4124-938F-253973A27591}.MapEditorD|Win32.Build.0 = MapEditorD|Win32
		{F962CFA1-2215-4124-938F-253973A27591}.Release_WithDebugInfo|Win32.ActiveCfg = Release_WithDebugInfo|Win32
		{F962CFA1-2215-4124-938F-253973A27591}.Release_WithDebugInfo|Win32.Build.0 = Release_WithDebugInfo|Win32
		{F962CFA1-2215-4124-938F-253973A27591}.Release|Win32.ActiveCfg = Release|Win32
		{F962CFA1-2215-4124-938F-253973A27591}.Release|Win32.Build.0 = Release|Win32
		{4B544F1A-6188-4255-8877-69FC312D0D2C}.Debug|Win32.ActiveCfg = Debug|Win32
		{4B544F1A-6188-4255-8877-69FC312D0D2C}.Debug|Win32.Build.0 = Debug|Win32
		{4B544F1A-6188-4255-8877-69FC312D0D2C}.MapEditor|Win32.ActiveCfg = MapEditor|Win32
		{4B544F1A-6188-4255-8877-69FC312D0D2C}.MapEditor|Win32.Build.0 = MapEditor|Win32
		{4B544F1A-6188-4255-8877-69FC312D0D2C}.MapEditorD|Win32.ActiveCfg = MapEditorD|Win32
		{4B544F1A-6188-4255-8877-69FC312D0D2C}.MapEditorD|Win32.Build.0 = MapEditorD|Win32
		{4B544F1A-6188-4255-8877-69FC312D0D2C}.Release_WithDebugInfo|Win32.ActiveCfg = Release_WithDebugInfo|Win32
		{4B544F1A-6188-4255-8877-69FC312D0D2C}.Release_WithDebugInfo|Win32.Build.0 = Release_WithDebugInfo|Win32
		{4B544F1A-6188-4255-8877-69FC312D0D2C}.Release|Win32.ActiveCfg = Release|Win32
		{4B544F1A-6188-4255-8877-69FC312D0D2C}.Release|Win32.Build.0 = Release|Win32
		{A67922A0-0A3F-497F-A724-19B513EFC078}.Debug|Win32.ActiveCfg = Debug|Win32
		{A67922A0-0A3F-497F-A724-19B513EFC078}.Debug|Win32.Build.0 = Debug|Win32
		{A67922A0-0A3F-497F-A724-19B513EFC078}.MapEditor|Win32.ActiveCfg = MapEditor|Win32
		{A67922A0-0A3F-497F-A724-19B513EFC078}.MapEditor|Win32.Build.0 = MapEditor|Win32
		{A67922A0-0A3F-497F-A724-19B513EFC078}.MapEditorD|Win32.ActiveCfg = MapEditorD|Win32
		{A67922A0-0A3F-497F-A724-19B513EFC078}.MapEditorD|Win32.Build.0 = MapEditorD|Win32
		{A67922A0-0A3F-497F-A724-19B513EFC078}.Release_WithDebugInfo|Win32.ActiveCfg = Release_WithDebugInfo|Win32
		{A67922A0-0A3F-497F-A724-19B513EFC078}.Release_WithDebugInfo|Win32.Build.0 = Release_WithDebugInfo|Win32
		{A67922A0-0A3F-497F-A724-19B513EFC078}.Release|Win32.ActiveCfg = Release|Win32
		{A67922A0-0A3F-497F-A724-19B513EFC078}.Release|Win32.Build.0 = Release|Win32
		{C63466D6-49B5-4C54-AA0D-864F6171FD9B}.Debug|Win32.ActiveCfg = Debug|Win32
		{C63466D6-49B5-4C54-AA0D-864F6171FD9B}.Debug|Win32.Build.0 = Debug|Win32
		{C63466D6-49B5-4C54-AA0D-864F6171FD9B}.MapEditor|Win32.ActiveCfg = MapEditor|Win32
		{C63466D6-49B5-4C54-AA0D-864F6171FD9B}.MapEditor|Win32.Build.0 = MapEditor|Win32
		{C63466D6-49B5-4C54-AA0D-864F6171FD9B}.MapEditorD|Win32.ActiveCfg = MapEditorD|Win32
		{C63466D6-49B5-4C54-AA0D-864F6171FD9B}.MapEditorD|Win32.Build.0 = MapEditorD|Win32
		{C63466D6-49B5-4C54-AA0D-864F6171FD9B}.Release_WithDebugInfo|Win32.ActiveCfg = Release_WithDebugInfo|Win32
		{C63466D6-49B5-4C54-AA0D-864F6171FD9B}.Release_WithDebugInfo|Win32.Build.0 = Release_WithDebugInfo|Win32
		{C63466D6-49B5-4C54-AA0D-864F6171FD9B}.Release|Win32.ActiveCfg = Release|Win32
		{C63466D6-49B5-4C54-AA0D-864F6171FD9B}.Release|Win32.Build.0 = Release|Win32
		{3E43B70D-A22F-4240-B00D-32BD14523335}.Debug|Win32.ActiveCfg = Debug|Win32
		{3E43B70D-A22F-4240-B00D-32BD14523335}.MapEditor|Win32.ActiveCfg = Release|Win32
		{3E43B70D-A22F-4240-B00D-32BD14523335}.MapEditorD|Win32.ActiveCfg = Release|Win32
		{3E43B70D-A22F-4240-B00D-32BD14523335}.Release_WithDebugInfo|Win32.ActiveCfg = Release|Win32
		{3E43B70D-A22F-4240-B00D-32BD14523335}.Release|Win32.ActiveCfg = Release|Win32
		{9AD14886-DB5C-4EFF-AE17-35F9BD684692}.Debug|Win32.ActiveCfg = Debug|Win32
		{9AD14886-DB5C-4EFF-AE17-35F9BD684692}.Debug|Win32.Build.0 = Debug|Win32
		{9AD14886-DB5C-4EFF-AE17-35F9BD684692}.MapEditor|Win32.ActiveCfg = MapEditor|Win32
		{9AD14886-DB5C-4EFF-AE17-35F9BD684692}.MapEditor|Win32.Build.0 = MapEditor|Win32
		{9AD14886-DB5C-4EFF-AE17-35F9BD684692}.MapEditorD|Win32.ActiveCfg = MapEditorD|Win32
		{9AD14886-DB5C-4EFF-AE17-35F9BD684692}.MapEditorD|Win32.Build.0 = MapEditorD|Win32
		{9AD14886-DB5C-4EFF-AE17-35F9BD684692}.Release_WithDebugInfo|Win32.ActiveCfg = Release_WithDebugInfo|Win32
		{9AD14886-DB5C-4EFF-AE17-35F9BD684692}.Release_WithDebugInfo|Win32.Build.0 = Release_WithDebugInfo|Win32
		{9AD14886-DB5C-4EFF-AE17-35F9BD684692}.Release|Win32.ActiveCfg = Release|Win32
		{9AD14886-DB5C-4EFF-AE17-35F9BD684692}.Release|Win32.Build.0 = Release|Win32
		{FF0A809E-A370-4640-A301-17B76D7A5B4E}.Debug|Win32.ActiveCfg = Debug|Win32
		{FF0A809E-A370-4640-A301-17B76D7A5B4E}.Debug|Win32.Build.0 = Debug|Win32
		{FF0A809E-A370-4640-A301-17B76D7A5B4E}.MapEditor|Win32.ActiveCfg = MapEditor|Win32
		{FF0A809E-A370-4640-A301-17B76D7A5B4E}.MapEditor|Win32.Build.0 = MapEditor|Win32
		{FF0A809E-A370-4640-A301-17B76D7A5B4E}.MapEditorD|Win32.ActiveCfg = MapEditorD|Win32
		{FF0A809E-A370-4640-A301-17B76D7A5B4E}.MapEditorD|Win32.Build.0 = MapEditorD|Win32
		{FF0A809E-A370-4640-A301-17B76D7A5B4E}.Release_WithDebugInfo|Win32.ActiveCfg = Release_WithDebugInfo|Win32
		{FF0A809E-A370-4640-A301-17B76D7A5B4E}.Release_WithDebugInfo|Win32.Build.0 = Release_WithDebugInfo|Win32
		{FF0A809E-A370-4640-A301-17B76D7A5B4E}.Release|Win32.ActiveCfg = Release|Win32
		{FF0A809E-A370-4640-A301-17B76D7A5B4E}.Release|Win32.Build.0 = Release|Win32
	EndGlobalSection
	GlobalSection(SolutionProperties) = preSolution
		HideSolutionNode = FALSE
	EndGlobalSection
EndGlobal
