
Microsoft Visual Studio Solution File, Format Version 10.00
# Visual Studio 2008
Project("{8BC9CEB8-8B4A-11D0-8D11-00A0C91BC942}") = "ja2", "ja2_VS2008.vcproj", "{B112F6BA-AF32-489C-B405-916C0F182D10}"
	ProjectSection(ProjectDependencies) = postProject
		{0BE7070B-C8C5-409A-82DD-0701D54A1C6C} = {0BE7070B-C8C5-409A-82DD-0701D54A1C6C}
		{99341DB1-FD6E-4E87-919B-25C813F08D18} = {99341DB1-FD6E-4E87-919B-25C813F08D18}
		{4D6F7570-9A1E-4DB0-8FD7-B9D14DD4E821} = {4D6F7570-9A1E-4DB0-8FD7-B9D14DD4E821}
		{60D5BF89-B609-4A30-A38D-9FE417FB12B6} = {60D5BF89-B609-4A30-A38D-9FE417FB12B6}
		{96FA90B1-2ABD-42E7-9CAB-14804DFD3240} = {96FA90B1-2ABD-42E7-9CAB-14804DFD3240}
		{40475E2B-AD37-4A99-85A4-1E507010344C} = {40475E2B-AD37-4A99-85A4-1E507010344C}
		{8E3BD72D-8791-497B-A38E-D71B255F0A66} = {8E3BD72D-8791-497B-A38E-D71B255F0A66}
		{DF8C5F50-6FB1-4AFE-8EF4-6B7F360D9C28} = {DF8C5F50-6FB1-4AFE-8EF4-6B7F360D9C28}
		{629F0A55-6A19-4107-8B5C-5B08B2B3949C} = {629F0A55-6A19-4107-8B5C-5B08B2B3949C}
		{DB40B90D-13F9-4FEC-8F1D-0506CC496586} = {DB40B90D-13F9-4FEC-8F1D-0506CC496586}
		{4B544F1A-6188-4255-8877-69FC312D0D2C} = {4B544F1A-6188-4255-8877-69FC312D0D2C}
		{9AD14886-DB5C-4EFF-AE17-35F9BD684692} = {9AD14886-DB5C-4EFF-AE17-35F9BD684692}
		{A67922A0-0A3F-497F-A724-19B513EFC078} = {A67922A0-0A3F-497F-A724-19B513EFC078}
		{C63466D6-49B5-4C54-AA0D-864F6171FD9B} = {C63466D6-49B5-4C54-AA0D-864F6171FD9B}
	EndProjectSection
EndProject
Project("{8BC9CEB8-8B4A-11D0-8D11-00A0C91BC942}") = "Console", "Console\Console_VS2008.vcproj", "{0BE7070B-C8C5-409A-82DD-0701D54A1C6C}"
EndProject
Project("{8BC9CEB8-8B4A-11D0-8D11-00A0C91BC942}") = "Editor", "Editor\Editor_VS2008.vcproj", "{99341DB1-FD6E-4E87-919B-25C813F08D18}"
EndProject
Project("{8BC9CEB8-8B4A-11D0-8D11-00A0C91BC942}") = "Laptop", "Laptop\Laptop_VS2008.vcproj", "{4D6F7570-9A1E-4DB0-8FD7-B9D14DD4E821}"
EndProject
Project("{8BC9CEB8-8B4A-11D0-8D11-00A0C91BC942}") = "lua", "lua\lua_VS2008.vcproj", "{60D5BF89-B609-4A30-A38D-9FE417FB12B6}"
EndProject
Project("{8BC9CEB8-8B4A-11D0-8D11-00A0C91BC942}") = "SGP", "Standard Gaming Platform\SGP_VS2008.vcproj", "{96FA90B1-2ABD-42E7-9CAB-14804DFD3240}"
EndProject
Project("{8BC9CEB8-8B4A-11D0-8D11-00A0C91BC942}") = "Strategic", "Strategic\Strategic_VS2008.vcproj", "{40475E2B-AD37-4A99-85A4-1E507010344C}"
EndProject
Project("{8BC9CEB8-8B4A-11D0-8D11-00A0C91BC942}") = "Tactical", "Tactical\Tactical_VS2008.vcproj", "{8E3BD72D-8791-497B-A38E-D71B255F0A66}"
EndProject
Project("{8BC9CEB8-8B4A-11D0-8D11-00A0C91BC942}") = "TacticalAI", "TacticalAI\TacticalAI_VS2008.vcproj", "{DF8C5F50-6FB1-4AFE-8EF4-6B7F360D9C28}"
EndProject
Project("{8BC9CEB8-8B4A-11D0-8D11-00A0C91BC942}") = "TileEngine", "TileEngine\TileEngine_VS2008.vcproj", "{629F0A55-6A19-4107-8B5C-5B08B2B3949C}"
EndProject
Project("{8BC9CEB8-8B4A-11D0-8D11-00A0C91BC942}") = "Utils", "Utils\Utils_VS2008.vcproj", "{DB40B90D-13F9-4FEC-8F1D-0506CC496586}"
EndProject
Project("{8BC9CEB8-8B4A-11D0-8D11-00A0C91BC942}") = "VFS", "VFS\VFS_VS2008.vcproj", "{C63466D6-49B5-4C54-AA0D-864F6171FD9B}"
EndProject
Project("{8BC9CEB8-8B4A-11D0-8D11-00A0C91BC942}") = "libpng", "ext\libpng\projects\visualc71\libpng.vcproj", "{4B544F1A-6188-4255-8877-69FC312D0D2C}"
EndProject
Project("{8BC9CEB8-8B4A-11D0-8D11-00A0C91BC942}") = "zlib", "ext\libpng\projects\visualc71\zlib.vcproj", "{A67922A0-0A3F-497F-A724-19B513EFC078}"
EndProject
Project("{8BC9CEB8-8B4A-11D0-8D11-00A0C91BC942}") = "7z", "ext\7z\Archive\7z\7z.vcproj", "{9AD14886-DB5C-4EFF-AE17-35F9BD684692}"
EndProject
Global
	GlobalSection(SolutionConfigurationPlatforms) = preSolution
		Debug|Win32 = Debug|Win32
		MapEditor|Win32 = MapEditor|Win32
		MapEditorD|Win32 = MapEditorD|Win32
		Release_WithDebugInfo|Win32 = Release_WithDebugInfo|Win32
		Release|Win32 = Release|Win32
	EndGlobalSection
	GlobalSection(ProjectConfigurationPlatforms) = postSolution
		{B112F6BA-AF32-489C-B405-916C0F182D10}.Debug|Win32.ActiveCfg = Debug|Win32
		{B112F6BA-AF32-489C-B405-916C0F182D10}.Debug|Win32.Build.0 = Debug|Win32
		{B112F6BA-AF32-489C-B405-916C0F182D10}.MapEditor|Win32.ActiveCfg = MapEditor|Win32
		{B112F6BA-AF32-489C-B405-916C0F182D10}.MapEditor|Win32.Build.0 = MapEditor|Win32
		{B112F6BA-AF32-489C-B405-916C0F182D10}.MapEditorD|Win32.ActiveCfg = MapEditorD|Win32
		{B112F6BA-AF32-489C-B405-916C0F182D10}.MapEditorD|Win32.Build.0 = MapEditorD|Win32
		{B112F6BA-AF32-489C-B405-916C0F182D10}.Release_WithDebugInfo|Win32.ActiveCfg = Release_WithDebugInfo|Win32
		{B112F6BA-AF32-489C-B405-916C0F182D10}.Release_WithDebugInfo|Win32.Build.0 = Release_WithDebugInfo|Win32
		{B112F6BA-AF32-489C-B405-916C0F182D10}.Release|Win32.ActiveCfg = Release|Win32
		{B112F6BA-AF32-489C-B405-916C0F182D10}.Release|Win32.Build.0 = Release|Win32
		{0BE7070B-C8C5-409A-82DD-0701D54A1C6C}.Debug|Win32.ActiveCfg = Debug|Win32
		{0BE7070B-C8C5-409A-82DD-0701D54A1C6C}.Debug|Win32.Build.0 = Debug|Win32
		{0BE7070B-C8C5-409A-82DD-0701D54A1C6C}.MapEditor|Win32.ActiveCfg = MapEditor|Win32
		{0BE7070B-C8C5-409A-82DD-0701D54A1C6C}.MapEditor|Win32.Build.0 = MapEditor|Win32
		{0BE7070B-C8C5-409A-82DD-0701D54A1C6C}.MapEditorD|Win32.ActiveCfg = MapEditorD|Win32
		{0BE7070B-C8C5-409A-82DD-0701D54A1C6C}.MapEditorD|Win32.Build.0 = MapEditorD|Win32
		{0BE7070B-C8C5-409A-82DD-0701D54A1C6C}.Release_WithDebugInfo|Win32.ActiveCfg = Release_WithDebugInfo|Win32
		{0BE7070B-C8C5-409A-82DD-0701D54A1C6C}.Release_WithDebugInfo|Win32.Build.0 = Release_WithDebugInfo|Win32
		{0BE7070B-C8C5-409A-82DD-0701D54A1C6C}.Release|Win32.ActiveCfg = Release|Win32
		{0BE7070B-C8C5-409A-82DD-0701D54A1C6C}.Release|Win32.Build.0 = Release|Win32
		{99341DB1-FD6E-4E87-919B-25C813F08D18}.Debug|Win32.ActiveCfg = Debug|Win32
		{99341DB1-FD6E-4E87-919B-25C813F08D18}.Debug|Win32.Build.0 = Debug|Win32
		{99341DB1-FD6E-4E87-919B-25C813F08D18}.MapEditor|Win32.ActiveCfg = MapEditor|Win32
		{99341DB1-FD6E-4E87-919B-25C813F08D18}.MapEditor|Win32.Build.0 = MapEditor|Win32
		{99341DB1-FD6E-4E87-919B-25C813F08D18}.MapEditorD|Win32.ActiveCfg = MapEditorD|Win32
		{99341DB1-FD6E-4E87-919B-25C813F08D18}.MapEditorD|Win32.Build.0 = MapEditorD|Win32
		{99341DB1-FD6E-4E87-919B-25C813F08D18}.Release_WithDebugInfo|Win32.ActiveCfg = Release_WithDebugInfo|Win32
		{99341DB1-FD6E-4E87-919B-25C813F08D18}.Release_WithDebugInfo|Win32.Build.0 = Release_WithDebugInfo|Win32
		{99341DB1-FD6E-4E87-919B-25C813F08D18}.Release|Win32.ActiveCfg = Release|Win32
		{99341DB1-FD6E-4E87-919B-25C813F08D18}.Release|Win32.Build.0 = Release|Win32
		{4D6F7570-9A1E-4DB0-8FD7-B9D14DD4E821}.Debug|Win32.ActiveCfg = Debug|Win32
		{4D6F7570-9A1E-4DB0-8FD7-B9D14DD4E821}.Debug|Win32.Build.0 = Debug|Win32
		{4D6F7570-9A1E-4DB0-8FD7-B9D14DD4E821}.MapEditor|Win32.ActiveCfg = MapEditor|Win32
		{4D6F7570-9A1E-4DB0-8FD7-B9D14DD4E821}.MapEditor|Win32.Build.0 = MapEditor|Win32
		{4D6F7570-9A1E-4DB0-8FD7-B9D14DD4E821}.MapEditorD|Win32.ActiveCfg = MapEditorD|Win32
		{4D6F7570-9A1E-4DB0-8FD7-B9D14DD4E821}.MapEditorD|Win32.Build.0 = MapEditorD|Win32
		{4D6F7570-9A1E-4DB0-8FD7-B9D14DD4E821}.Release_WithDebugInfo|Win32.ActiveCfg = Release_WithDebugInfo|Win32
		{4D6F7570-9A1E-4DB0-8FD7-B9D14DD4E821}.Release_WithDebugInfo|Win32.Build.0 = Release_WithDebugInfo|Win32
		{4D6F7570-9A1E-4DB0-8FD7-B9D14DD4E821}.Release|Win32.ActiveCfg = Release|Win32
		{4D6F7570-9A1E-4DB0-8FD7-B9D14DD4E821}.Release|Win32.Build.0 = Release|Win32
		{60D5BF89-B609-4A30-A38D-9FE417FB12B6}.Debug|Win32.ActiveCfg = Debug|Win32
		{60D5BF89-B609-4A30-A38D-9FE417FB12B6}.Debug|Win32.Build.0 = Debug|Win32
		{60D5BF89-B609-4A30-A38D-9FE417FB12B6}.MapEditor|Win32.ActiveCfg = MapEditor|Win32
		{60D5BF89-B609-4A30-A38D-9FE417FB12B6}.MapEditor|Win32.Build.0 = MapEditor|Win32
		{60D5BF89-B609-4A30-A38D-9FE417FB12B6}.MapEditorD|Win32.ActiveCfg = MapEditorD|Win32
		{60D5BF89-B609-4A30-A38D-9FE417FB12B6}.MapEditorD|Win32.Build.0 = MapEditorD|Win32
		{60D5BF89-B609-4A30-A38D-9FE417FB12B6}.Release_WithDebugInfo|Win32.ActiveCfg = Release_WithDebugInfo|Win32
		{60D5BF89-B609-4A30-A38D-9FE417FB12B6}.Release_WithDebugInfo|Win32.Build.0 = Release_WithDebugInfo|Win32
		{60D5BF89-B609-4A30-A38D-9FE417FB12B6}.Release|Win32.ActiveCfg = Release|Win32
		{60D5BF89-B609-4A30-A38D-9FE417FB12B6}.Release|Win32.Build.0 = Release|Win32
		{96FA90B1-2ABD-42E7-9CAB-14804DFD3240}.Debug|Win32.ActiveCfg = Debug|Win32
		{96FA90B1-2ABD-42E7-9CAB-14804DFD3240}.Debug|Win32.Build.0 = Debug|Win32
		{96FA90B1-2ABD-42E7-9CAB-14804DFD3240}.MapEditor|Win32.ActiveCfg = MapEditor|Win32
		{96FA90B1-2ABD-42E7-9CAB-14804DFD3240}.MapEditor|Win32.Build.0 = MapEditor|Win32
		{96FA90B1-2ABD-42E7-9CAB-14804DFD3240}.MapEditorD|Win32.ActiveCfg = MapEditorD|Win32
		{96FA90B1-2ABD-42E7-9CAB-14804DFD3240}.MapEditorD|Win32.Build.0 = MapEditorD|Win32
		{96FA90B1-2ABD-42E7-9CAB-14804DFD3240}.Release_WithDebugInfo|Win32.ActiveCfg = Release_WithDebugInfo|Win32
		{96FA90B1-2ABD-42E7-9CAB-14804DFD3240}.Release_WithDebugInfo|Win32.Build.0 = Release_WithDebugInfo|Win32
		{96FA90B1-2ABD-42E7-9CAB-14804DFD3240}.Release|Win32.ActiveCfg = Release|Win32
		{96FA90B1-2ABD-42E7-9CAB-14804DFD3240}.Release|Win32.Build.0 = Release|Win32
		{40475E2B-AD37-4A99-85A4-1E507010344C}.Debug|Win32.ActiveCfg = Debug|Win32
		{40475E2B-AD37-4A99-85A4-1E507010344C}.Debug|Win32.Build.0 = Debug|Win32
		{40475E2B-AD37-4A99-85A4-1E507010344C}.MapEditor|Win32.ActiveCfg = MapEditor|Win32
		{40475E2B-AD37-4A99-85A4-1E507010344C}.MapEditor|Win32.Build.0 = MapEditor|Win32
		{40475E2B-AD37-4A99-85A4-1E507010344C}.MapEditorD|Win32.ActiveCfg = MapEditorD|Win32
		{40475E2B-AD37-4A99-85A4-1E507010344C}.MapEditorD|Win32.Build.0 = MapEditorD|Win32
		{40475E2B-AD37-4A99-85A4-1E507010344C}.Release_WithDebugInfo|Win32.ActiveCfg = Release_WithDebugInfo|Win32
		{40475E2B-AD37-4A99-85A4-1E507010344C}.Release_WithDebugInfo|Win32.Build.0 = Release_WithDebugInfo|Win32
		{40475E2B-AD37-4A99-85A4-1E507010344C}.Release|Win32.ActiveCfg = Release|Win32
		{40475E2B-AD37-4A99-85A4-1E507010344C}.Release|Win32.Build.0 = Release|Win32
		{8E3BD72D-8791-497B-A38E-D71B255F0A66}.Debug|Win32.ActiveCfg = Debug|Win32
		{8E3BD72D-8791-497B-A38E-D71B255F0A66}.Debug|Win32.Build.0 = Debug|Win32
		{8E3BD72D-8791-497B-A38E-D71B255F0A66}.MapEditor|Win32.ActiveCfg = MapEditor|Win32
		{8E3BD72D-8791-497B-A38E-D71B255F0A66}.MapEditor|Win32.Build.0 = MapEditor|Win32
		{8E3BD72D-8791-497B-A38E-D71B255F0A66}.MapEditorD|Win32.ActiveCfg = MapEditorD|Win32
		{8E3BD72D-8791-497B-A38E-D71B255F0A66}.MapEditorD|Win32.Build.0 = MapEditorD|Win32
		{8E3BD72D-8791-497B-A38E-D71B255F0A66}.Release_WithDebugInfo|Win32.ActiveCfg = Release_WithDebugInfo|Win32
		{8E3BD72D-8791-497B-A38E-D71B255F0A66}.Release_WithDebugInfo|Win32.Build.0 = Release_WithDebugInfo|Win32
		{8E3BD72D-8791-497B-A38E-D71B255F0A66}.Release|Win32.ActiveCfg = Release|Win32
		{8E3BD72D-8791-497B-A38E-D71B255F0A66}.Release|Win32.Build.0 = Release|Win32
		{DF8C5F50-6FB1-4AFE-8EF4-6B7F360D9C28}.Debug|Win32.ActiveCfg = Debug|Win32
		{DF8C5F50-6FB1-4AFE-8EF4-6B7F360D9C28}.Debug|Win32.Build.0 = Debug|Win32
		{DF8C5F50-6FB1-4AFE-8EF4-6B7F360D9C28}.MapEditor|Win32.ActiveCfg = MapEditor|Win32
		{DF8C5F50-6FB1-4AFE-8EF4-6B7F360D9C28}.MapEditor|Win32.Build.0 = MapEditor|Win32
		{DF8C5F50-6FB1-4AFE-8EF4-6B7F360D9C28}.MapEditorD|Win32.ActiveCfg = MapEditorD|Win32
		{DF8C5F50-6FB1-4AFE-8EF4-6B7F360D9C28}.MapEditorD|Win32.Build.0 = MapEditorD|Win32
		{DF8C5F50-6FB1-4AFE-8EF4-6B7F360D9C28}.Release_WithDebugInfo|Win32.ActiveCfg = Release_WithDebugInfo|Win32
		{DF8C5F50-6FB1-4AFE-8EF4-6B7F360D9C28}.Release_WithDebugInfo|Win32.Build.0 = Release_WithDebugInfo|Win32
		{DF8C5F50-6FB1-4AFE-8EF4-6B7F360D9C28}.Release|Win32.ActiveCfg = Release|Win32
		{DF8C5F50-6FB1-4AFE-8EF4-6B7F360D9C28}.Release|Win32.Build.0 = Release|Win32
		{629F0A55-6A19-4107-8B5C-5B08B2B3949C}.Debug|Win32.ActiveCfg = Debug|Win32
		{629F0A55-6A19-4107-8B5C-5B08B2B3949C}.Debug|Win32.Build.0 = Debug|Win32
		{629F0A55-6A19-4107-8B5C-5B08B2B3949C}.MapEditor|Win32.ActiveCfg = MapEditor|Win32
		{629F0A55-6A19-4107-8B5C-5B08B2B3949C}.MapEditor|Win32.Build.0 = MapEditor|Win32
		{629F0A55-6A19-4107-8B5C-5B08B2B3949C}.MapEditorD|Win32.ActiveCfg = MapEditorD|Win32
		{629F0A55-6A19-4107-8B5C-5B08B2B3949C}.MapEditorD|Win32.Build.0 = MapEditorD|Win32
		{629F0A55-6A19-4107-8B5C-5B08B2B3949C}.Release_WithDebugInfo|Win32.ActiveCfg = Release_WithDebugInfo|Win32
		{629F0A55-6A19-4107-8B5C-5B08B2B3949C}.Release_WithDebugInfo|Win32.Build.0 = Release_WithDebugInfo|Win32
		{629F0A55-6A19-4107-8B5C-5B08B2B3949C}.Release|Win32.ActiveCfg = Release|Win32
		{629F0A55-6A19-4107-8B5C-5B08B2B3949C}.Release|Win32.Build.0 = Release|Win32
		{DB40B90D-13F9-4FEC-8F1D-0506CC496586}.Debug|Win32.ActiveCfg = Debug|Win32
		{DB40B90D-13F9-4FEC-8F1D-0506CC496586}.Debug|Win32.Build.0 = Debug|Win32
		{DB40B90D-13F9-4FEC-8F1D-0506CC496586}.MapEditor|Win32.ActiveCfg = MapEditor|Win32
		{DB40B90D-13F9-4FEC-8F1D-0506CC496586}.MapEditor|Win32.Build.0 = MapEditor|Win32
		{DB40B90D-13F9-4FEC-8F1D-0506CC496586}.MapEditorD|Win32.ActiveCfg = MapEditorD|Win32
		{DB40B90D-13F9-4FEC-8F1D-0506CC496586}.MapEditorD|Win32.Build.0 = MapEditorD|Win32
		{DB40B90D-13F9-4FEC-8F1D-0506CC496586}.Release_WithDebugInfo|Win32.ActiveCfg = Release_WithDebugInfo|Win32
		{DB40B90D-13F9-4FEC-8F1D-0506CC496586}.Release_WithDebugInfo|Win32.Build.0 = Release_WithDebugInfo|Win32
		{DB40B90D-13F9-4FEC-8F1D-0506CC496586}.Release|Win32.ActiveCfg = Release|Win32
		{DB40B90D-13F9-4FEC-8F1D-0506CC496586}.Release|Win32.Build.0 = Release|Win32
		{C63466D6-49B5-4C54-AA0D-864F6171FD9B}.Debug|Win32.ActiveCfg = Debug|Win32
		{C63466D6-49B5-4C54-AA0D-864F6171FD9B}.Debug|Win32.Build.0 = Debug|Win32
		{C63466D6-49B5-4C54-AA0D-864F6171FD9B}.MapEditor|Win32.ActiveCfg = MapEditor|Win32
		{C63466D6-49B5-4C54-AA0D-864F6171FD9B}.MapEditor|Win32.Build.0 = MapEditor|Win32
		{C63466D6-49B5-4C54-AA0D-864F6171FD9B}.MapEditorD|Win32.ActiveCfg = MapEditorD|Win32
		{C63466D6-49B5-4C54-AA0D-864F6171FD9B}.MapEditorD|Win32.Build.0 = MapEditorD|Win32
		{C63466D6-49B5-4C54-AA0D-864F6171FD9B}.Release_WithDebugInfo|Win32.ActiveCfg = Release_WithDebugInfo|Win32
		{C63466D6-49B5-4C54-AA0D-864F6171FD9B}.Release_WithDebugInfo|Win32.Build.0 = Release_WithDebugInfo|Win32
		{C63466D6-49B5-4C54-AA0D-864F6171FD9B}.Release|Win32.ActiveCfg = Release|Win32
		{C63466D6-49B5-4C54-AA0D-864F6171FD9B}.Release|Win32.Build.0 = Release|Win32
		{4B544F1A-6188-4255-8877-69FC312D0D2C}.Debug|Win32.ActiveCfg = Debug|Win32
		{4B544F1A-6188-4255-8877-69FC312D0D2C}.Debug|Win32.Build.0 = Debug|Win32
		{4B544F1A-6188-4255-8877-69FC312D0D2C}.MapEditor|Win32.ActiveCfg = MapEditor|Win32
		{4B544F1A-6188-4255-8877-69FC312D0D2C}.MapEditor|Win32.Build.0 = MapEditor|Win32
		{4B544F1A-6188-4255-8877-69FC312D0D2C}.MapEditorD|Win32.ActiveCfg = MapEditorD|Win32
		{4B544F1A-6188-4255-8877-69FC312D0D2C}.MapEditorD|Win32.Build.0 = MapEditorD|Win32
		{4B544F1A-6188-4255-8877-69FC312D0D2C}.Release_WithDebugInfo|Win32.ActiveCfg = Release_WithDebugInfo|Win32
		{4B544F1A-6188-4255-8877-69FC312D0D2C}.Release_WithDebugInfo|Win32.Build.0 = Release_WithDebugInfo|Win32
		{4B544F1A-6188-4255-8877-69FC312D0D2C}.Release|Win32.ActiveCfg = Release|Win32
		{4B544F1A-6188-4255-8877-69FC312D0D2C}.Release|Win32.Build.0 = Release|Win32
		{A67922A0-0A3F-497F-A724-19B513EFC078}.Debug|Win32.ActiveCfg = Debug|Win32
		{A67922A0-0A3F-497F-A724-19B513EFC078}.Debug|Win32.Build.0 = Debug|Win32
		{A67922A0-0A3F-497F-A724-19B513EFC078}.MapEditor|Win32.ActiveCfg = MapEditor|Win32
		{A67922A0-0A3F-497F-A724-19B513EFC078}.MapEditor|Win32.Build.0 = MapEditor|Win32
		{A67922A0-0A3F-497F-A724-19B513EFC078}.MapEditorD|Win32.ActiveCfg = MapEditorD|Win32
		{A67922A0-0A3F-497F-A724-19B513EFC078}.MapEditorD|Win32.Build.0 = MapEditorD|Win32
		{A67922A0-0A3F-497F-A724-19B513EFC078}.Release_WithDebugInfo|Win32.ActiveCfg = Release_WithDebugInfo|Win32
		{A67922A0-0A3F-497F-A724-19B513EFC078}.Release_WithDebugInfo|Win32.Build.0 = Release_WithDebugInfo|Win32
		{A67922A0-0A3F-497F-A724-19B513EFC078}.Release|Win32.ActiveCfg = Release|Win32
		{A67922A0-0A3F-497F-A724-19B513EFC078}.Release|Win32.Build.0 = Release|Win32
		{9AD14886-DB5C-4EFF-AE17-35F9BD684692}.Debug|Win32.ActiveCfg = Debug|Win32
		{9AD14886-DB5C-4EFF-AE17-35F9BD684692}.Debug|Win32.Build.0 = Debug|Win32
		{9AD14886-DB5C-4EFF-AE17-35F9BD684692}.MapEditor|Win32.ActiveCfg = MapEditor|Win32
		{9AD14886-DB5C-4EFF-AE17-35F9BD684692}.MapEditor|Win32.Build.0 = MapEditor|Win32
		{9AD14886-DB5C-4EFF-AE17-35F9BD684692}.MapEditorD|Win32.ActiveCfg = MapEditorD|Win32
		{9AD14886-DB5C-4EFF-AE17-35F9BD684692}.MapEditorD|Win32.Build.0 = MapEditorD|Win32
		{9AD14886-DB5C-4EFF-AE17-35F9BD684692}.Release_WithDebugInfo|Win32.ActiveCfg = Release_WithDebugInfo|Win32
		{9AD14886-DB5C-4EFF-AE17-35F9BD684692}.Release_WithDebugInfo|Win32.Build.0 = Release_WithDebugInfo|Win32
		{9AD14886-DB5C-4EFF-AE17-35F9BD684692}.Release|Win32.ActiveCfg = Release|Win32
		{9AD14886-DB5C-4EFF-AE17-35F9BD684692}.Release|Win32.Build.0 = Release|Win32
	EndGlobalSection
	GlobalSection(SolutionProperties) = preSolution
		HideSolutionNode = FALSE
	EndGlobalSection
EndGlobal
