
Microsoft Visual Studio Solution File, Format Version 10.00
# Visual Studio 2008
Project("{8BC9CEB8-8B4A-11D0-8D11-00A0C91BC942}") = "ja2", "ja2_VS2008.vcproj", "{BAB4E408-421C-4214-84ED-5469A24C8533}"
	ProjectSection(ProjectDependencies) = postProject
		{949A2F14-4838-46DF-AFF6-50B3B44417E2} = {949A2F14-4838-46DF-AFF6-50B3B44417E2}
		{80BE1D23-9651-47C8-AF66-6F76756E6CF3} = {80BE1D23-9651-47C8-AF66-6F76756E6CF3}
		{5FD3FB5E-D0E5-4C0C-90BC-65EFF70D62EA} = {5FD3FB5E-D0E5-4C0C-90BC-65EFF70D62EA}
		{5E47B66B-6071-422C-B8CA-AF0689825767} = {5E47B66B-6071-422C-B8CA-AF0689825767}
		{C6EBEF77-2FAF-4F79-A38A-F2BB529A6693} = {C6EBEF77-2FAF-4F79-A38A-F2BB529A6693}
		{1437EB92-83CB-4F0D-A1DB-1576FFEF3F14} = {1437EB92-83CB-4F0D-A1DB-1576FFEF3F14}
		{CE9010A3-4DE2-4C20-9EE8-6E2F2CA42ACB} = {CE9010A3-4DE2-4C20-9EE8-6E2F2CA42ACB}
		{B19F93C9-F829-4230-A805-6D809CF112F9} = {B19F93C9-F829-4230-A805-6D809CF112F9}
		{5FDBE9C9-E6E3-42A8-A5C4-6EA9E073A5FB} = {5FDBE9C9-E6E3-42A8-A5C4-6EA9E073A5FB}
		{AD7326E2-4A75-4A02-8930-762D3A532D8A} = {AD7326E2-4A75-4A02-8930-762D3A532D8A}
	EndProjectSection
EndProject
Project("{8BC9CEB8-8B4A-11D0-8D11-00A0C91BC942}") = "Console", "Console\Console_VS2008.vcproj", "{5E47B66B-6071-422C-B8CA-AF0689825767}"
EndProject
Project("{8BC9CEB8-8B4A-11D0-8D11-00A0C91BC942}") = "Editor", "Editor\Editor_VS2008.vcproj", "{B19F93C9-F829-4230-A805-6D809CF112F9}"
EndProject
Project("{8BC9CEB8-8B4A-11D0-8D11-00A0C91BC942}") = "Laptop", "Laptop\Laptop_VS2008.vcproj", "{949A2F14-4838-46DF-AFF6-50B3B44417E2}"
EndProject
Project("{8BC9CEB8-8B4A-11D0-8D11-00A0C91BC942}") = "lua", "lua\lua_VS2008.vcproj", "{C6EBEF77-2FAF-4F79-A38A-F2BB529A6693}"
EndProject
Project("{8BC9CEB8-8B4A-11D0-8D11-00A0C91BC942}") = "SGP", "Standard Gaming Platform\SGP_VS2008.vcproj", "{5FD3FB5E-D0E5-4C0C-90BC-65EFF70D62EA}"
EndProject
Project("{8BC9CEB8-8B4A-11D0-8D11-00A0C91BC942}") = "Strategic", "Strategic\Strategic_VS2008.vcproj", "{AD7326E2-4A75-4A02-8930-762D3A532D8A}"
EndProject
Project("{8BC9CEB8-8B4A-11D0-8D11-00A0C91BC942}") = "Tactical", "Tactical\Tactical_VS2008.vcproj", "{80BE1D23-9651-47C8-AF66-6F76756E6CF3}"
EndProject
Project("{8BC9CEB8-8B4A-11D0-8D11-00A0C91BC942}") = "TacticalAI", "TacticalAI\TacticalAI_VS2008.vcproj", "{CE9010A3-4DE2-4C20-9EE8-6E2F2CA42ACB}"
EndProject
Project("{8BC9CEB8-8B4A-11D0-8D11-00A0C91BC942}") = "TileEngine", "TileEngine\TileEngine_VS2008.vcproj", "{1437EB92-83CB-4F0D-A1DB-1576FFEF3F14}"
EndProject
Project("{8BC9CEB8-8B4A-11D0-8D11-00A0C91BC942}") = "Utils", "Utils\Utils_VS2008.vcproj", "{5FDBE9C9-E6E3-42A8-A5C4-6EA9E073A5FB}"
EndProject
Global
	GlobalSection(SolutionConfigurationPlatforms) = preSolution
		Debug|Win32 = Debug|Win32
		MapEditor|Win32 = MapEditor|Win32
		MapEditorD|Win32 = MapEditorD|Win32
		Release|Win32 = Release|Win32
	EndGlobalSection
	GlobalSection(ProjectConfigurationPlatforms) = postSolution
		{BAB4E408-421C-4214-84ED-5469A24C8533}.Debug|Win32.ActiveCfg = Debug|Win32
		{BAB4E408-421C-4214-84ED-5469A24C8533}.Debug|Win32.Build.0 = Debug|Win32
		{BAB4E408-421C-4214-84ED-5469A24C8533}.MapEditor|Win32.ActiveCfg = MapEditor|Win32
		{BAB4E408-421C-4214-84ED-5469A24C8533}.MapEditor|Win32.Build.0 = MapEditor|Win32
		{BAB4E408-421C-4214-84ED-5469A24C8533}.MapEditorD|Win32.ActiveCfg = MapEditorD|Win32
		{BAB4E408-421C-4214-84ED-5469A24C8533}.MapEditorD|Win32.Build.0 = MapEditorD|Win32
		{BAB4E408-421C-4214-84ED-5469A24C8533}.Release|Win32.ActiveCfg = Release|Win32
		{BAB4E408-421C-4214-84ED-5469A24C8533}.Release|Win32.Build.0 = Release|Win32
		{5E47B66B-6071-422C-B8CA-AF0689825767}.Debug|Win32.ActiveCfg = Debug|Win32
		{5E47B66B-6071-422C-B8CA-AF0689825767}.Debug|Win32.Build.0 = Debug|Win32
		{5E47B66B-6071-422C-B8CA-AF0689825767}.MapEditor|Win32.ActiveCfg = MapEditor|Win32
		{5E47B66B-6071-422C-B8CA-AF0689825767}.MapEditor|Win32.Build.0 = MapEditor|Win32
		{5E47B66B-6071-422C-B8CA-AF0689825767}.MapEditorD|Win32.ActiveCfg = MapEditorD|Win32
		{5E47B66B-6071-422C-B8CA-AF0689825767}.MapEditorD|Win32.Build.0 = MapEditorD|Win32
		{5E47B66B-6071-422C-B8CA-AF0689825767}.Release|Win32.ActiveCfg = Release|Win32
		{5E47B66B-6071-422C-B8CA-AF0689825767}.Release|Win32.Build.0 = Release|Win32
		{B19F93C9-F829-4230-A805-6D809CF112F9}.Debug|Win32.ActiveCfg = Debug|Win32
		{B19F93C9-F829-4230-A805-6D809CF112F9}.Debug|Win32.Build.0 = Debug|Win32
		{B19F93C9-F829-4230-A805-6D809CF112F9}.MapEditor|Win32.ActiveCfg = MapEditor|Win32
		{B19F93C9-F829-4230-A805-6D809CF112F9}.MapEditor|Win32.Build.0 = MapEditor|Win32
		{B19F93C9-F829-4230-A805-6D809CF112F9}.MapEditorD|Win32.ActiveCfg = MapEditorD|Win32
		{B19F93C9-F829-4230-A805-6D809CF112F9}.MapEditorD|Win32.Build.0 = MapEditorD|Win32
		{B19F93C9-F829-4230-A805-6D809CF112F9}.Release|Win32.ActiveCfg = Release|Win32
		{B19F93C9-F829-4230-A805-6D809CF112F9}.Release|Win32.Build.0 = Release|Win32
		{949A2F14-4838-46DF-AFF6-50B3B44417E2}.Debug|Win32.ActiveCfg = Debug|Win32
		{949A2F14-4838-46DF-AFF6-50B3B44417E2}.Debug|Win32.Build.0 = Debug|Win32
		{949A2F14-4838-46DF-AFF6-50B3B44417E2}.MapEditor|Win32.ActiveCfg = MapEditor|Win32
		{949A2F14-4838-46DF-AFF6-50B3B44417E2}.MapEditor|Win32.Build.0 = MapEditor|Win32
		{949A2F14-4838-46DF-AFF6-50B3B44417E2}.MapEditorD|Win32.ActiveCfg = MapEditorD|Win32
		{949A2F14-4838-46DF-AFF6-50B3B44417E2}.MapEditorD|Win32.Build.0 = MapEditorD|Win32
		{949A2F14-4838-46DF-AFF6-50B3B44417E2}.Release|Win32.ActiveCfg = Release|Win32
		{949A2F14-4838-46DF-AFF6-50B3B44417E2}.Release|Win32.Build.0 = Release|Win32
		{C6EBEF77-2FAF-4F79-A38A-F2BB529A6693}.Debug|Win32.ActiveCfg = Debug|Win32
		{C6EBEF77-2FAF-4F79-A38A-F2BB529A6693}.Debug|Win32.Build.0 = Debug|Win32
		{C6EBEF77-2FAF-4F79-A38A-F2BB529A6693}.MapEditor|Win32.ActiveCfg = MapEditor|Win32
		{C6EBEF77-2FAF-4F79-A38A-F2BB529A6693}.MapEditor|Win32.Build.0 = MapEditor|Win32
		{C6EBEF77-2FAF-4F79-A38A-F2BB529A6693}.MapEditorD|Win32.ActiveCfg = MapEditorD|Win32
		{C6EBEF77-2FAF-4F79-A38A-F2BB529A6693}.MapEditorD|Win32.Build.0 = MapEditorD|Win32
		{C6EBEF77-2FAF-4F79-A38A-F2BB529A6693}.Release|Win32.ActiveCfg = Release|Win32
		{C6EBEF77-2FAF-4F79-A38A-F2BB529A6693}.Release|Win32.Build.0 = Release|Win32
		{5FD3FB5E-D0E5-4C0C-90BC-65EFF70D62EA}.Debug|Win32.ActiveCfg = Debug|Win32
		{5FD3FB5E-D0E5-4C0C-90BC-65EFF70D62EA}.Debug|Win32.Build.0 = Debug|Win32
		{5FD3FB5E-D0E5-4C0C-90BC-65EFF70D62EA}.MapEditor|Win32.ActiveCfg = MapEditor|Win32
		{5FD3FB5E-D0E5-4C0C-90BC-65EFF70D62EA}.MapEditor|Win32.Build.0 = MapEditor|Win32
		{5FD3FB5E-D0E5-4C0C-90BC-65EFF70D62EA}.MapEditorD|Win32.ActiveCfg = MapEditorD|Win32
		{5FD3FB5E-D0E5-4C0C-90BC-65EFF70D62EA}.MapEditorD|Win32.Build.0 = MapEditorD|Win32
		{5FD3FB5E-D0E5-4C0C-90BC-65EFF70D62EA}.Release|Win32.ActiveCfg = Release|Win32
		{5FD3FB5E-D0E5-4C0C-90BC-65EFF70D62EA}.Release|Win32.Build.0 = Release|Win32
		{AD7326E2-4A75-4A02-8930-762D3A532D8A}.Debug|Win32.ActiveCfg = Debug|Win32
		{AD7326E2-4A75-4A02-8930-762D3A532D8A}.Debug|Win32.Build.0 = Debug|Win32
		{AD7326E2-4A75-4A02-8930-762D3A532D8A}.MapEditor|Win32.ActiveCfg = MapEditor|Win32
		{AD7326E2-4A75-4A02-8930-762D3A532D8A}.MapEditor|Win32.Build.0 = MapEditor|Win32
		{AD7326E2-4A75-4A02-8930-762D3A532D8A}.MapEditorD|Win32.ActiveCfg = MapEditorD|Win32
		{AD7326E2-4A75-4A02-8930-762D3A532D8A}.MapEditorD|Win32.Build.0 = MapEditorD|Win32
		{AD7326E2-4A75-4A02-8930-762D3A532D8A}.Release|Win32.ActiveCfg = Release|Win32
		{AD7326E2-4A75-4A02-8930-762D3A532D8A}.Release|Win32.Build.0 = Release|Win32
		{80BE1D23-9651-47C8-AF66-6F76756E6CF3}.Debug|Win32.ActiveCfg = Debug|Win32
		{80BE1D23-9651-47C8-AF66-6F76756E6CF3}.Debug|Win32.Build.0 = Debug|Win32
		{80BE1D23-9651-47C8-AF66-6F76756E6CF3}.MapEditor|Win32.ActiveCfg = MapEditor|Win32
		{80BE1D23-9651-47C8-AF66-6F76756E6CF3}.MapEditor|Win32.Build.0 = MapEditor|Win32
		{80BE1D23-9651-47C8-AF66-6F76756E6CF3}.MapEditorD|Win32.ActiveCfg = MapEditorD|Win32
		{80BE1D23-9651-47C8-AF66-6F76756E6CF3}.MapEditorD|Win32.Build.0 = MapEditorD|Win32
		{80BE1D23-9651-47C8-AF66-6F76756E6CF3}.Release|Win32.ActiveCfg = Release|Win32
		{80BE1D23-9651-47C8-AF66-6F76756E6CF3}.Release|Win32.Build.0 = Release|Win32
		{CE9010A3-4DE2-4C20-9EE8-6E2F2CA42ACB}.Debug|Win32.ActiveCfg = Debug|Win32
		{CE9010A3-4DE2-4C20-9EE8-6E2F2CA42ACB}.Debug|Win32.Build.0 = Debug|Win32
		{CE9010A3-4DE2-4C20-9EE8-6E2F2CA42ACB}.MapEditor|Win32.ActiveCfg = MapEditor|Win32
		{CE9010A3-4DE2-4C20-9EE8-6E2F2CA42ACB}.MapEditor|Win32.Build.0 = MapEditor|Win32
		{CE9010A3-4DE2-4C20-9EE8-6E2F2CA42ACB}.MapEditorD|Win32.ActiveCfg = MapEditorD|Win32
		{CE9010A3-4DE2-4C20-9EE8-6E2F2CA42ACB}.MapEditorD|Win32.Build.0 = MapEditorD|Win32
		{CE9010A3-4DE2-4C20-9EE8-6E2F2CA42ACB}.Release|Win32.ActiveCfg = Release|Win32
		{CE9010A3-4DE2-4C20-9EE8-6E2F2CA42ACB}.Release|Win32.Build.0 = Release|Win32
		{1437EB92-83CB-4F0D-A1DB-1576FFEF3F14}.Debug|Win32.ActiveCfg = Debug|Win32
		{1437EB92-83CB-4F0D-A1DB-1576FFEF3F14}.Debug|Win32.Build.0 = Debug|Win32
		{1437EB92-83CB-4F0D-A1DB-1576FFEF3F14}.MapEditor|Win32.ActiveCfg = MapEditor|Win32
		{1437EB92-83CB-4F0D-A1DB-1576FFEF3F14}.MapEditor|Win32.Build.0 = MapEditor|Win32
		{1437EB92-83CB-4F0D-A1DB-1576FFEF3F14}.MapEditorD|Win32.ActiveCfg = MapEditorD|Win32
		{1437EB92-83CB-4F0D-A1DB-1576FFEF3F14}.MapEditorD|Win32.Build.0 = MapEditorD|Win32
		{1437EB92-83CB-4F0D-A1DB-1576FFEF3F14}.Release|Win32.ActiveCfg = Release|Win32
		{1437EB92-83CB-4F0D-A1DB-1576FFEF3F14}.Release|Win32.Build.0 = Release|Win32
		{5FDBE9C9-E6E3-42A8-A5C4-6EA9E073A5FB}.Debug|Win32.ActiveCfg = Debug|Win32
		{5FDBE9C9-E6E3-42A8-A5C4-6EA9E073A5FB}.Debug|Win32.Build.0 = Debug|Win32
		{5FDBE9C9-E6E3-42A8-A5C4-6EA9E073A5FB}.MapEditor|Win32.ActiveCfg = MapEditor|Win32
		{5FDBE9C9-E6E3-42A8-A5C4-6EA9E073A5FB}.MapEditor|Win32.Build.0 = MapEditor|Win32
		{5FDBE9C9-E6E3-42A8-A5C4-6EA9E073A5FB}.MapEditorD|Win32.ActiveCfg = MapEditorD|Win32
		{5FDBE9C9-E6E3-42A8-A5C4-6EA9E073A5FB}.MapEditorD|Win32.Build.0 = MapEditorD|Win32
		{5FDBE9C9-E6E3-42A8-A5C4-6EA9E073A5FB}.Release|Win32.ActiveCfg = Release|Win32
		{5FDBE9C9-E6E3-42A8-A5C4-6EA9E073A5FB}.Release|Win32.Build.0 = Release|Win32
	EndGlobalSection
	GlobalSection(SolutionProperties) = preSolution
		HideSolutionNode = FALSE
	EndGlobalSection
EndGlobal
