<?xml version="1.0" encoding="utf-8"?>
<Project ToolsVersion="4.0" xmlns="http://schemas.microsoft.com/developer/msbuild/2003">
  <ItemGroup>
    <Filter Include="Header Files">
      <UniqueIdentifier>{359f3c3e-57b2-40d7-b083-85c85db31e63}</UniqueIdentifier>
    </Filter>
    <Filter Include="Multiplayer">
      <UniqueIdentifier>{05dccef7-dd96-43de-9b63-9d7c8919e41a}</UniqueIdentifier>
    </Filter>
    <Filter Include="Source Files">
      <UniqueIdentifier>{f3b2a941-8bd5-415f-bf6f-e5f8a0cf1397}</UniqueIdentifier>
    </Filter>
    <Filter Include="Multiplayer\Header Files">
      <UniqueIdentifier>{b90d96e4-cddd-48f9-aa85-407f16af8948}</UniqueIdentifier>
    </Filter>
    <Filter Include="Multiplayer\Source Files">
      <UniqueIdentifier>{fee7e775-f3f7-4522-83ca-c6a46499a675}</UniqueIdentifier>
    </Filter>
    <Filter Include="Resource Files">
      <UniqueIdentifier>{4174d974-f404-4614-9bc3-d6503ec290da}</UniqueIdentifier>
    </Filter>
  </ItemGroup>
  <ItemGroup>
    <ClCompile Include="aniviewscreen.cpp">
      <Filter>Source Files</Filter>
    </ClCompile>
    <ClCompile Include="Credits.cpp">
      <Filter>Source Files</Filter>
    </ClCompile>
    <ClCompile Include="Fade Screen.cpp">
      <Filter>Source Files</Filter>
    </ClCompile>
    <ClCompile Include="GameInitOptionsScreen.cpp">
      <Filter>Source Files</Filter>
    </ClCompile>
    <ClCompile Include="gameloop.cpp">
      <Filter>Source Files</Filter>
    </ClCompile>
    <ClCompile Include="gamescreen.cpp">
      <Filter>Source Files</Filter>
    </ClCompile>
    <ClCompile Include="GameSettings.cpp">
      <Filter>Source Files</Filter>
    </ClCompile>
    <ClCompile Include="GameVersion.cpp">
      <Filter>Source Files</Filter>
    </ClCompile>
    <ClCompile Include="HelpScreen.cpp">
      <Filter>Source Files</Filter>
    </ClCompile>
    <ClCompile Include="Init.cpp">
      <Filter>Source Files</Filter>
    </ClCompile>
    <ClCompile Include="Intro.cpp">
      <Filter>Source Files</Filter>
    </ClCompile>
    <ClCompile Include="JA2 Splash.cpp">
      <Filter>Source Files</Filter>
    </ClCompile>
    <ClCompile Include="jascreens.cpp">
      <Filter>Source Files</Filter>
    </ClCompile>
    <ClCompile Include="Language Defines.cpp">
      <Filter>Source Files</Filter>
    </ClCompile>
    <ClCompile Include="Loading Screen.cpp">
      <Filter>Source Files</Filter>
    </ClCompile>
    <ClCompile Include="MPXmlTeams.cpp">
      <Filter>Source Files</Filter>
    </ClCompile>
    <ClCompile Include="Options Screen.cpp">
      <Filter>Source Files</Filter>
    </ClCompile>
    <ClCompile Include="profiler.cpp">
      <Filter>Source Files</Filter>
    </ClCompile>
    <ClCompile Include="SaveLoadGame.cpp">
      <Filter>Source Files</Filter>
    </ClCompile>
    <ClCompile Include="SaveLoadScreen.cpp">
      <Filter>Source Files</Filter>
    </ClCompile>
    <ClCompile Include="SCREENS.cpp">
      <Filter>Source Files</Filter>
    </ClCompile>
    <ClCompile Include="Sys Globals.cpp">
      <Filter>Source Files</Filter>
    </ClCompile>
    <ClCompile Include="MPChatScreen.cpp">
      <Filter>Source Files</Filter>
    </ClCompile>
    <ClCompile Include="MPConnectScreen.cpp">
      <Filter>Source Files</Filter>
    </ClCompile>
    <ClCompile Include="MPHostScreen.cpp">
      <Filter>Source Files</Filter>
    </ClCompile>
    <ClCompile Include="MPJoinScreen.cpp">
      <Filter>Source Files</Filter>
    </ClCompile>
    <ClCompile Include="MPScoreScreen.cpp">
      <Filter>Source Files</Filter>
    </ClCompile>
    <ClCompile Include="MainMenuScreen.cpp">
      <Filter>Source Files</Filter>
    </ClCompile>
    <ClCompile Include="Multiplayer\client.cpp">
      <Filter>Multiplayer\Source Files</Filter>
    </ClCompile>
    <ClCompile Include="Multiplayer\server.cpp">
      <Filter>Multiplayer\Source Files</Filter>
    </ClCompile>
    <ClCompile Include="Multiplayer\transfer_rules.cpp">
      <Filter>Multiplayer\Source Files</Filter>
    </ClCompile>
    <ClCompile Include="MessageBoxScreen.cpp">
      <Filter>Source Files</Filter>
    </ClCompile>
    <ClCompile Include="Ja25Update.cpp">
      <Filter>Source Files</Filter>
    </ClCompile>
    <ClCompile Include="XML_IntroFiles.cpp">
      <Filter>Source Files</Filter>
    </ClCompile>
    <ClCompile Include="XML_Layout_MainMenu.cpp">
      <Filter>Source Files</Filter>
    </ClCompile>
    <ClCompile Include="ub_config.cpp">
      <Filter>Source Files</Filter>
    </ClCompile>
	<ClCompile Include="XML_DifficultySettings.cpp">
      <Filter>Source Files</Filter>
    </ClCompile>
  </ItemGroup>
  <ItemGroup>
    <ClInclude Include="builddefines.h">
      <Filter>Header Files</Filter>
    </ClInclude>
    <ClInclude Include="Cheats.h">
      <Filter>Header Files</Filter>
    </ClInclude>
    <ClInclude Include="Credits.h">
      <Filter>Header Files</Filter>
    </ClInclude>
    <ClInclude Include="Fade Screen.h">
      <Filter>Header Files</Filter>
    </ClInclude>
    <ClInclude Include="GameInitOptionsScreen.h">
      <Filter>Header Files</Filter>
    </ClInclude>
    <ClInclude Include="gameloop.h">
      <Filter>Header Files</Filter>
    </ClInclude>
    <ClInclude Include="gamescreen.h">
      <Filter>Header Files</Filter>
    </ClInclude>
    <ClInclude Include="GameSettings.h">
      <Filter>Header Files</Filter>
    </ClInclude>
    <ClInclude Include="GameVersion.h">
      <Filter>Header Files</Filter>
    </ClInclude>
    <ClInclude Include="HelpScreen.h">
      <Filter>Header Files</Filter>
    </ClInclude>
    <ClInclude Include="HelpScreenText.h">
      <Filter>Header Files</Filter>
    </ClInclude>
    <ClInclude Include="Init.h">
      <Filter>Header Files</Filter>
    </ClInclude>
    <ClInclude Include="Intro.h">
      <Filter>Header Files</Filter>
    </ClInclude>
      <Filter>Header Files</Filter>
    </ClInclude>
    <ClInclude Include="JA2 Demo Ads.h">
      <Filter>Header Files</Filter>
    </ClInclude>
    <ClInclude Include="ja2.h">
      <Filter>Header Files</Filter>
    </ClInclude>
    <ClInclude Include="JA2Prototypes.h">
      <Filter>Header Files</Filter>
    </ClInclude>
    <ClInclude Include="jascreens.h">
      <Filter>Header Files</Filter>
    </ClInclude>
    <ClInclude Include="Language Defines.h">
      <Filter>Header Files</Filter>
    </ClInclude>
    <ClInclude Include="Loading Screen.h">
      <Filter>Header Files</Filter>
    </ClInclude>
    <ClInclude Include="local.h">
      <Filter>Header Files</Filter>
    </ClInclude>
    <ClInclude Include="MPScoreScreen.h">
      <Filter>Header Files</Filter>
    </ClInclude>
    <ClInclude Include="Options Screen.h">
      <Filter>Header Files</Filter>
    </ClInclude>
    <ClInclude Include="Sys Globals.h">
      <Filter>Header Files</Filter>
    </ClInclude>
    <ClInclude Include="SCREENS.H">
      <Filter>Header Files</Filter>
    </ClInclude>
    <ClInclude Include="screenids.h">
      <Filter>Header Files</Filter>
    </ClInclude>
    <ClInclude Include="SaveLoadScreen.h">
      <Filter>Header Files</Filter>
    </ClInclude>
    <ClInclude Include="SaveLoadGame.h">
      <Filter>Header Files</Filter>
    </ClInclude>
    <ClInclude Include="profiler.h">
      <Filter>Header Files</Filter>
    </ClInclude>
    <ClInclude Include="JA2 Splash.h">
      <Filter>Header Files</Filter>
    </ClInclude>
    <ClInclude Include="mainmenuscreen.h">
      <Filter>Header Files</Filter>
    </ClInclude>
    <ClInclude Include="MessageBoxScreen.h">
      <Filter>Header Files</Filter>
    </ClInclude>
    <ClInclude Include="MPChatScreen.h">
      <Filter>Header Files</Filter>
    </ClInclude>
    <ClInclude Include="MPConnectScreen.h">
      <Filter>Header Files</Filter>
    </ClInclude>
    <ClInclude Include="MPHostScreen.h">
      <Filter>Header Files</Filter>
    </ClInclude>
    <ClInclude Include="MPJoinScreen.h">
      <Filter>Header Files</Filter>
    </ClInclude>
    <ClInclude Include="MPXmlTeams.hpp">
      <Filter>Header Files</Filter>
    </ClInclude>
    <ClInclude Include="VtuneApi.h">
      <Filter>Header Files</Filter>
    </ClInclude>
    <ClInclude Include="Res\resource.h">
      <Filter>Resource Files</Filter>
    </ClInclude>
    <ClInclude Include="Multiplayer\transfer_rules.h">
      <Filter>Multiplayer\Header Files</Filter>
    </ClInclude>
    <ClInclude Include="Multiplayer\connect.h">
      <Filter>Multiplayer\Header Files</Filter>
    </ClInclude>
    <ClInclude Include="Multiplayer\fresh_header.h">
      <Filter>Multiplayer\Header Files</Filter>
    </ClInclude>
    <ClInclude Include="Multiplayer\network.h">
      <Filter>Multiplayer\Header Files</Filter>
    </ClInclude>
    <ClInclude Include="Ja25Update.h">
      <Filter>Header Files</Filter>
    </ClInclude>
    <ClInclude Include="ub_config.h">
      <Filter>Header Files</Filter>
    </ClInclude>
  </ItemGroup>
  <ItemGroup>
    <ResourceCompile Include="Res\ja2.rc">
      <Filter>Resource Files</Filter>
    </ResourceCompile>
    <ResourceCompile Include="Console\Console.rc">
      <Filter>Resource Files</Filter>
    </ResourceCompile>
  </ItemGroup>
  <ItemGroup>
    <None Include="Res\jagged3.ico">
      <Filter>Resource Files</Filter>
    </None>
  </ItemGroup>
</Project>