
Microsoft Visual Studio Solution File, Format Version 12.00
# Visual Studio 2013
VisualStudioVersion = 12.0.21005.1
MinimumVisualStudioVersion = 10.0.40219.1
Project("{8BC9CEB8-8B4A-11D0-8D11-00A0C91BC942}") = "VFS", "ext\VFS\build\VFS_VS2017.vcxproj", "{463CB476-2798-493F-9CE8-CEAC5ECE5664}"
	ProjectSection(ProjectDependencies) = postProject
		{3B7B950D-0DC8-4ADD-9FE2-7DE4297C62F6} = {3B7B950D-0DC8-4ADD-9FE2-7DE4297C62F6}
	EndProjectSection
EndProject
Project("{8BC9CEB8-8B4A-11D0-8D11-00A0C91BC942}") = "TileEngine", "TileEngine\TileEngine_VS2017.vcxproj", "{D027A0E1-C661-4B8C-8159-4E0BF3D163AA}"
EndProject
Project("{8BC9CEB8-8B4A-11D0-8D11-00A0C91BC942}") = "TacticalAI", "TacticalAI\TacticalAI_VS2017.vcxproj", "{B369A125-E62E-46AE-9285-58003D688301}"
EndProject
Project("{8BC9CEB8-8B4A-11D0-8D11-00A0C91BC942}") = "Utils", "Utils\Utils_VS2017.vcxproj", "{082F6E91-D049-4314-BE9D-D9509E853B01}"
EndProject
Project("{8BC9CEB8-8B4A-11D0-8D11-00A0C91BC942}") = "Strategic", "Strategic\Strategic_VS2017.vcxproj", "{DE9B77CC-7CD5-4951-9B7F-BAC7B4A8169C}"
EndProject
Project("{8BC9CEB8-8B4A-11D0-8D11-00A0C91BC942}") = "SGP", "Standard Gaming Platform\SGP_VS2017.vcxproj", "{1237FA1E-6E76-4AB5-B569-45B01C691FAB}"
EndProject
Project("{8BC9CEB8-8B4A-11D0-8D11-00A0C91BC942}") = "lua", "lua\lua_VS2017.vcxproj", "{9DA9FE0C-B1F2-4E15-9097-A929E203AC28}"
EndProject
Project("{8BC9CEB8-8B4A-11D0-8D11-00A0C91BC942}") = "libpng", "ext\libpng\projects\visualc71\libpng_VS2017.vcxproj", "{735F8DBF-6646-4713-BE36-394F33E69B57}"
	ProjectSection(ProjectDependencies) = postProject
		{EC27EB68-C428-4B80-8170-D93F988EA34C} = {EC27EB68-C428-4B80-8170-D93F988EA34C}
	EndProjectSection
EndProject
Project("{8BC9CEB8-8B4A-11D0-8D11-00A0C91BC942}") = "Laptop", "Laptop\Laptop_VS2017.vcxproj", "{6CFD0AF4-6BB4-4A19-B72E-71768A8D029D}"
EndProject
Project("{8BC9CEB8-8B4A-11D0-8D11-00A0C91BC942}") = "Editor", "Editor\Editor_VS2017.vcxproj", "{23EA0500-038A-4EB8-B753-0C709B25470D}"
EndProject
Project("{8BC9CEB8-8B4A-11D0-8D11-00A0C91BC942}") = "Console", "Console\Console_VS2017.vcxproj", "{A32479BF-C284-4C40-99A5-4F6B5933D1C0}"
EndProject
Project("{8BC9CEB8-8B4A-11D0-8D11-00A0C91BC942}") = "Tactical", "Tactical\Tactical_VS2017.vcxproj", "{433FBCC4-F612-489C-AA28-CCD6CF27D80C}"
EndProject
Project("{8BC9CEB8-8B4A-11D0-8D11-00A0C91BC942}") = "zlib", "ext\libpng\projects\visualc71\zlib_VS2017.vcxproj", "{EC27EB68-C428-4B80-8170-D93F988EA34C}"
EndProject
Project("{8BC9CEB8-8B4A-11D0-8D11-00A0C91BC942}") = "ja2", "ja2_VS2017.vcxproj", "{C0E14A90-2BD1-4866-A684-98C6F6B96C2D}"
	ProjectSection(ProjectDependencies) = postProject
		{23EA0500-038A-4EB8-B753-0C709B25470D} = {23EA0500-038A-4EB8-B753-0C709B25470D}
		{9DA9FE0C-B1F2-4E15-9097-A929E203AC28} = {9DA9FE0C-B1F2-4E15-9097-A929E203AC28}
		{3B7B950D-0DC8-4ADD-9FE2-7DE4297C62F6} = {3B7B950D-0DC8-4ADD-9FE2-7DE4297C62F6}
		{1237FA1E-6E76-4AB5-B569-45B01C691FAB} = {1237FA1E-6E76-4AB5-B569-45B01C691FAB}
		{B369A125-E62E-46AE-9285-58003D688301} = {B369A125-E62E-46AE-9285-58003D688301}
		{EC27EB68-C428-4B80-8170-D93F988EA34C} = {EC27EB68-C428-4B80-8170-D93F988EA34C}
		{463CB476-2798-493F-9CE8-CEAC5ECE5664} = {463CB476-2798-493F-9CE8-CEAC5ECE5664}
		{082F6E91-D049-4314-BE9D-D9509E853B01} = {082F6E91-D049-4314-BE9D-D9509E853B01}
		{FF0A809E-A370-4640-A301-17B76D7A5B4E} = {FF0A809E-A370-4640-A301-17B76D7A5B4E}
		{A32479BF-C284-4C40-99A5-4F6B5933D1C0} = {A32479BF-C284-4C40-99A5-4F6B5933D1C0}
		{735F8DBF-6646-4713-BE36-394F33E69B57} = {735F8DBF-6646-4713-BE36-394F33E69B57}
		{433FBCC4-F612-489C-AA28-CCD6CF27D80C} = {433FBCC4-F612-489C-AA28-CCD6CF27D80C}
		{DE9B77CC-7CD5-4951-9B7F-BAC7B4A8169C} = {DE9B77CC-7CD5-4951-9B7F-BAC7B4A8169C}
		{D027A0E1-C661-4B8C-8159-4E0BF3D163AA} = {D027A0E1-C661-4B8C-8159-4E0BF3D163AA}
		{6CFD0AF4-6BB4-4A19-B72E-71768A8D029D} = {6CFD0AF4-6BB4-4A19-B72E-71768A8D029D}
	EndProjectSection
EndProject
Project("{8BC9CEB8-8B4A-11D0-8D11-00A0C91BC942}") = "ja2export", "ext\export\ja2export_VS2017.vcxproj", "{802552D2-B514-42E5-A169-F1E108527678}"
	ProjectSection(ProjectDependencies) = postProject
		{3B7B950D-0DC8-4ADD-9FE2-7DE4297C62F6} = {3B7B950D-0DC8-4ADD-9FE2-7DE4297C62F6}
		{463CB476-2798-493F-9CE8-CEAC5ECE5664} = {463CB476-2798-493F-9CE8-CEAC5ECE5664}
		{735F8DBF-6646-4713-BE36-394F33E69B57} = {735F8DBF-6646-4713-BE36-394F33E69B57}
	EndProjectSection
EndProject
Project("{8BC9CEB8-8B4A-11D0-8D11-00A0C91BC942}") = "7z", "ext\VFS\build\7z_VS2017.vcxproj", "{3B7B950D-0DC8-4ADD-9FE2-7DE4297C62F6}"
EndProject
Project("{8BC9CEB8-8B4A-11D0-8D11-00A0C91BC942}") = "ModularizedTacticalAI", "ModularizedTacticalAI\ModularizedTacticalAI_VS2017.vcxproj", "{FF0A809E-A370-4640-A301-17B76D7A5B4E}"
EndProject
Global
	GlobalSection(SolutionConfigurationPlatforms) = preSolution
		Debug|Win32 = Debug|Win32
		MapEditor|Win32 = MapEditor|Win32
		MapEditorD|Win32 = MapEditorD|Win32
		Release_WithDebugInfo|Win32 = Release_WithDebugInfo|Win32
		Release|Win32 = Release|Win32
	EndGlobalSection
	GlobalSection(ProjectConfigurationPlatforms) = postSolution
		{463CB476-2798-493F-9CE8-CEAC5ECE5664}.Debug|Win32.ActiveCfg = Debug|Win32
		{463CB476-2798-493F-9CE8-CEAC5ECE5664}.Debug|Win32.Build.0 = Debug|Win32
		{463CB476-2798-493F-9CE8-CEAC5ECE5664}.MapEditor|Win32.ActiveCfg = MapEditor|Win32
		{463CB476-2798-493F-9CE8-CEAC5ECE5664}.MapEditor|Win32.Build.0 = MapEditor|Win32
		{463CB476-2798-493F-9CE8-CEAC5ECE5664}.MapEditorD|Win32.ActiveCfg = MapEditorD|Win32
		{463CB476-2798-493F-9CE8-CEAC5ECE5664}.MapEditorD|Win32.Build.0 = MapEditorD|Win32
		{463CB476-2798-493F-9CE8-CEAC5ECE5664}.Release_WithDebugInfo|Win32.ActiveCfg = Release_WithDebugInfo|Win32
		{463CB476-2798-493F-9CE8-CEAC5ECE5664}.Release_WithDebugInfo|Win32.Build.0 = Release_WithDebugInfo|Win32
		{463CB476-2798-493F-9CE8-CEAC5ECE5664}.Release|Win32.ActiveCfg = Release|Win32
		{463CB476-2798-493F-9CE8-CEAC5ECE5664}.Release|Win32.Build.0 = Release|Win32
		{D027A0E1-C661-4B8C-8159-4E0BF3D163AA}.Debug|Win32.ActiveCfg = Debug|Win32
		{D027A0E1-C661-4B8C-8159-4E0BF3D163AA}.Debug|Win32.Build.0 = Debug|Win32
		{D027A0E1-C661-4B8C-8159-4E0BF3D163AA}.MapEditor|Win32.ActiveCfg = MapEditor|Win32
		{D027A0E1-C661-4B8C-8159-4E0BF3D163AA}.MapEditor|Win32.Build.0 = MapEditor|Win32
		{D027A0E1-C661-4B8C-8159-4E0BF3D163AA}.MapEditorD|Win32.ActiveCfg = MapEditorD|Win32
		{D027A0E1-C661-4B8C-8159-4E0BF3D163AA}.MapEditorD|Win32.Build.0 = MapEditorD|Win32
		{D027A0E1-C661-4B8C-8159-4E0BF3D163AA}.Release_WithDebugInfo|Win32.ActiveCfg = Release_WithDebugInfo|Win32
		{D027A0E1-C661-4B8C-8159-4E0BF3D163AA}.Release_WithDebugInfo|Win32.Build.0 = Release_WithDebugInfo|Win32
		{D027A0E1-C661-4B8C-8159-4E0BF3D163AA}.Release|Win32.ActiveCfg = Release|Win32
		{D027A0E1-C661-4B8C-8159-4E0BF3D163AA}.Release|Win32.Build.0 = Release|Win32
		{B369A125-E62E-46AE-9285-58003D688301}.Debug|Win32.ActiveCfg = Debug|Win32
		{B369A125-E62E-46AE-9285-58003D688301}.Debug|Win32.Build.0 = Debug|Win32
		{B369A125-E62E-46AE-9285-58003D688301}.MapEditor|Win32.ActiveCfg = MapEditor|Win32
		{B369A125-E62E-46AE-9285-58003D688301}.MapEditor|Win32.Build.0 = MapEditor|Win32
		{B369A125-E62E-46AE-9285-58003D688301}.MapEditorD|Win32.ActiveCfg = MapEditorD|Win32
		{B369A125-E62E-46AE-9285-58003D688301}.MapEditorD|Win32.Build.0 = MapEditorD|Win32
		{B369A125-E62E-46AE-9285-58003D688301}.Release_WithDebugInfo|Win32.ActiveCfg = Release_WithDebugInfo|Win32
		{B369A125-E62E-46AE-9285-58003D688301}.Release_WithDebugInfo|Win32.Build.0 = Release_WithDebugInfo|Win32
		{B369A125-E62E-46AE-9285-58003D688301}.Release|Win32.ActiveCfg = Release|Win32
		{B369A125-E62E-46AE-9285-58003D688301}.Release|Win32.Build.0 = Release|Win32
		{082F6E91-D049-4314-BE9D-D9509E853B01}.Debug|Win32.ActiveCfg = Debug|Win32
		{082F6E91-D049-4314-BE9D-D9509E853B01}.Debug|Win32.Build.0 = Debug|Win32
		{082F6E91-D049-4314-BE9D-D9509E853B01}.MapEditor|Win32.ActiveCfg = MapEditor|Win32
		{082F6E91-D049-4314-BE9D-D9509E853B01}.MapEditor|Win32.Build.0 = MapEditor|Win32
		{082F6E91-D049-4314-BE9D-D9509E853B01}.MapEditorD|Win32.ActiveCfg = MapEditorD|Win32
		{082F6E91-D049-4314-BE9D-D9509E853B01}.MapEditorD|Win32.Build.0 = MapEditorD|Win32
		{082F6E91-D049-4314-BE9D-D9509E853B01}.Release_WithDebugInfo|Win32.ActiveCfg = Release_WithDebugInfo|Win32
		{082F6E91-D049-4314-BE9D-D9509E853B01}.Release_WithDebugInfo|Win32.Build.0 = Release_WithDebugInfo|Win32
		{082F6E91-D049-4314-BE9D-D9509E853B01}.Release|Win32.ActiveCfg = Release|Win32
		{082F6E91-D049-4314-BE9D-D9509E853B01}.Release|Win32.Build.0 = Release|Win32
		{DE9B77CC-7CD5-4951-9B7F-BAC7B4A8169C}.Debug|Win32.ActiveCfg = Debug|Win32
		{DE9B77CC-7CD5-4951-9B7F-BAC7B4A8169C}.Debug|Win32.Build.0 = Debug|Win32
		{DE9B77CC-7CD5-4951-9B7F-BAC7B4A8169C}.MapEditor|Win32.ActiveCfg = MapEditor|Win32
		{DE9B77CC-7CD5-4951-9B7F-BAC7B4A8169C}.MapEditor|Win32.Build.0 = MapEditor|Win32
		{DE9B77CC-7CD5-4951-9B7F-BAC7B4A8169C}.MapEditorD|Win32.ActiveCfg = MapEditorD|Win32
		{DE9B77CC-7CD5-4951-9B7F-BAC7B4A8169C}.MapEditorD|Win32.Build.0 = MapEditorD|Win32
		{DE9B77CC-7CD5-4951-9B7F-BAC7B4A8169C}.Release_WithDebugInfo|Win32.ActiveCfg = Release_WithDebugInfo|Win32
		{DE9B77CC-7CD5-4951-9B7F-BAC7B4A8169C}.Release_WithDebugInfo|Win32.Build.0 = Release_WithDebugInfo|Win32
		{DE9B77CC-7CD5-4951-9B7F-BAC7B4A8169C}.Release|Win32.ActiveCfg = Release|Win32
		{DE9B77CC-7CD5-4951-9B7F-BAC7B4A8169C}.Release|Win32.Build.0 = Release|Win32
		{1237FA1E-6E76-4AB5-B569-45B01C691FAB}.Debug|Win32.ActiveCfg = Debug|Win32
		{1237FA1E-6E76-4AB5-B569-45B01C691FAB}.Debug|Win32.Build.0 = Debug|Win32
		{1237FA1E-6E76-4AB5-B569-45B01C691FAB}.MapEditor|Win32.ActiveCfg = MapEditor|Win32
		{1237FA1E-6E76-4AB5-B569-45B01C691FAB}.MapEditor|Win32.Build.0 = MapEditor|Win32
		{1237FA1E-6E76-4AB5-B569-45B01C691FAB}.MapEditorD|Win32.ActiveCfg = MapEditorD|Win32
		{1237FA1E-6E76-4AB5-B569-45B01C691FAB}.MapEditorD|Win32.Build.0 = MapEditorD|Win32
		{1237FA1E-6E76-4AB5-B569-45B01C691FAB}.Release_WithDebugInfo|Win32.ActiveCfg = Release_WithDebugInfo|Win32
		{1237FA1E-6E76-4AB5-B569-45B01C691FAB}.Release_WithDebugInfo|Win32.Build.0 = Release_WithDebugInfo|Win32
		{1237FA1E-6E76-4AB5-B569-45B01C691FAB}.Release|Win32.ActiveCfg = Release|Win32
		{1237FA1E-6E76-4AB5-B569-45B01C691FAB}.Release|Win32.Build.0 = Release|Win32
		{9DA9FE0C-B1F2-4E15-9097-A929E203AC28}.Debug|Win32.ActiveCfg = Debug|Win32
		{9DA9FE0C-B1F2-4E15-9097-A929E203AC28}.Debug|Win32.Build.0 = Debug|Win32
		{9DA9FE0C-B1F2-4E15-9097-A929E203AC28}.MapEditor|Win32.ActiveCfg = MapEditor|Win32
		{9DA9FE0C-B1F2-4E15-9097-A929E203AC28}.MapEditor|Win32.Build.0 = MapEditor|Win32
		{9DA9FE0C-B1F2-4E15-9097-A929E203AC28}.MapEditorD|Win32.ActiveCfg = MapEditorD|Win32
		{9DA9FE0C-B1F2-4E15-9097-A929E203AC28}.MapEditorD|Win32.Build.0 = MapEditorD|Win32
		{9DA9FE0C-B1F2-4E15-9097-A929E203AC28}.Release_WithDebugInfo|Win32.ActiveCfg = Release_WithDebugInfo|Win32
		{9DA9FE0C-B1F2-4E15-9097-A929E203AC28}.Release_WithDebugInfo|Win32.Build.0 = Release_WithDebugInfo|Win32
		{9DA9FE0C-B1F2-4E15-9097-A929E203AC28}.Release|Win32.ActiveCfg = Release|Win32
		{9DA9FE0C-B1F2-4E15-9097-A929E203AC28}.Release|Win32.Build.0 = Release|Win32
		{735F8DBF-6646-4713-BE36-394F33E69B57}.Debug|Win32.ActiveCfg = Debug|Win32
		{735F8DBF-6646-4713-BE36-394F33E69B57}.Debug|Win32.Build.0 = Debug|Win32
		{735F8DBF-6646-4713-BE36-394F33E69B57}.MapEditor|Win32.ActiveCfg = MapEditor|Win32
		{735F8DBF-6646-4713-BE36-394F33E69B57}.MapEditor|Win32.Build.0 = MapEditor|Win32
		{735F8DBF-6646-4713-BE36-394F33E69B57}.MapEditorD|Win32.ActiveCfg = MapEditorD|Win32
		{735F8DBF-6646-4713-BE36-394F33E69B57}.MapEditorD|Win32.Build.0 = MapEditorD|Win32
		{735F8DBF-6646-4713-BE36-394F33E69B57}.Release_WithDebugInfo|Win32.ActiveCfg = Release_WithDebugInfo|Win32
		{735F8DBF-6646-4713-BE36-394F33E69B57}.Release_WithDebugInfo|Win32.Build.0 = Release_WithDebugInfo|Win32
		{735F8DBF-6646-4713-BE36-394F33E69B57}.Release|Win32.ActiveCfg = Release|Win32
		{735F8DBF-6646-4713-BE36-394F33E69B57}.Release|Win32.Build.0 = Release|Win32
		{6CFD0AF4-6BB4-4A19-B72E-71768A8D029D}.Debug|Win32.ActiveCfg = Debug|Win32
		{6CFD0AF4-6BB4-4A19-B72E-71768A8D029D}.Debug|Win32.Build.0 = Debug|Win32
		{6CFD0AF4-6BB4-4A19-B72E-71768A8D029D}.MapEditor|Win32.ActiveCfg = MapEditor|Win32
		{6CFD0AF4-6BB4-4A19-B72E-71768A8D029D}.MapEditor|Win32.Build.0 = MapEditor|Win32
		{6CFD0AF4-6BB4-4A19-B72E-71768A8D029D}.MapEditorD|Win32.ActiveCfg = MapEditorD|Win32
		{6CFD0AF4-6BB4-4A19-B72E-71768A8D029D}.MapEditorD|Win32.Build.0 = MapEditorD|Win32
		{6CFD0AF4-6BB4-4A19-B72E-71768A8D029D}.Release_WithDebugInfo|Win32.ActiveCfg = Release_WithDebugInfo|Win32
		{6CFD0AF4-6BB4-4A19-B72E-71768A8D029D}.Release_WithDebugInfo|Win32.Build.0 = Release_WithDebugInfo|Win32
		{6CFD0AF4-6BB4-4A19-B72E-71768A8D029D}.Release|Win32.ActiveCfg = Release|Win32
		{6CFD0AF4-6BB4-4A19-B72E-71768A8D029D}.Release|Win32.Build.0 = Release|Win32
		{23EA0500-038A-4EB8-B753-0C709B25470D}.Debug|Win32.ActiveCfg = Debug|Win32
		{23EA0500-038A-4EB8-B753-0C709B25470D}.Debug|Win32.Build.0 = Debug|Win32
		{23EA0500-038A-4EB8-B753-0C709B25470D}.MapEditor|Win32.ActiveCfg = MapEditor|Win32
		{23EA0500-038A-4EB8-B753-0C709B25470D}.MapEditor|Win32.Build.0 = MapEditor|Win32
		{23EA0500-038A-4EB8-B753-0C709B25470D}.MapEditorD|Win32.ActiveCfg = MapEditorD|Win32
		{23EA0500-038A-4EB8-B753-0C709B25470D}.MapEditorD|Win32.Build.0 = MapEditorD|Win32
		{23EA0500-038A-4EB8-B753-0C709B25470D}.Release_WithDebugInfo|Win32.ActiveCfg = Release_WithDebugInfo|Win32
		{23EA0500-038A-4EB8-B753-0C709B25470D}.Release_WithDebugInfo|Win32.Build.0 = Release_WithDebugInfo|Win32
		{23EA0500-038A-4EB8-B753-0C709B25470D}.Release|Win32.ActiveCfg = Release|Win32
		{23EA0500-038A-4EB8-B753-0C709B25470D}.Release|Win32.Build.0 = Release|Win32
		{A32479BF-C284-4C40-99A5-4F6B5933D1C0}.Debug|Win32.ActiveCfg = Debug|Win32
		{A32479BF-C284-4C40-99A5-4F6B5933D1C0}.Debug|Win32.Build.0 = Debug|Win32
		{A32479BF-C284-4C40-99A5-4F6B5933D1C0}.MapEditor|Win32.ActiveCfg = MapEditor|Win32
		{A32479BF-C284-4C40-99A5-4F6B5933D1C0}.MapEditor|Win32.Build.0 = MapEditor|Win32
		{A32479BF-C284-4C40-99A5-4F6B5933D1C0}.MapEditorD|Win32.ActiveCfg = MapEditorD|Win32
		{A32479BF-C284-4C40-99A5-4F6B5933D1C0}.MapEditorD|Win32.Build.0 = MapEditorD|Win32
		{A32479BF-C284-4C40-99A5-4F6B5933D1C0}.Release_WithDebugInfo|Win32.ActiveCfg = Release_WithDebugInfo|Win32
		{A32479BF-C284-4C40-99A5-4F6B5933D1C0}.Release_WithDebugInfo|Win32.Build.0 = Release_WithDebugInfo|Win32
		{A32479BF-C284-4C40-99A5-4F6B5933D1C0}.Release|Win32.ActiveCfg = Release|Win32
		{A32479BF-C284-4C40-99A5-4F6B5933D1C0}.Release|Win32.Build.0 = Release|Win32
		{433FBCC4-F612-489C-AA28-CCD6CF27D80C}.Debug|Win32.ActiveCfg = Debug|Win32
		{433FBCC4-F612-489C-AA28-CCD6CF27D80C}.Debug|Win32.Build.0 = Debug|Win32
		{433FBCC4-F612-489C-AA28-CCD6CF27D80C}.MapEditor|Win32.ActiveCfg = MapEditor|Win32
		{433FBCC4-F612-489C-AA28-CCD6CF27D80C}.MapEditor|Win32.Build.0 = MapEditor|Win32
		{433FBCC4-F612-489C-AA28-CCD6CF27D80C}.MapEditorD|Win32.ActiveCfg = MapEditorD|Win32
		{433FBCC4-F612-489C-AA28-CCD6CF27D80C}.MapEditorD|Win32.Build.0 = MapEditorD|Win32
		{433FBCC4-F612-489C-AA28-CCD6CF27D80C}.Release_WithDebugInfo|Win32.ActiveCfg = Release_WithDebugInfo|Win32
		{433FBCC4-F612-489C-AA28-CCD6CF27D80C}.Release_WithDebugInfo|Win32.Build.0 = Release_WithDebugInfo|Win32
		{433FBCC4-F612-489C-AA28-CCD6CF27D80C}.Release|Win32.ActiveCfg = Release|Win32
		{433FBCC4-F612-489C-AA28-CCD6CF27D80C}.Release|Win32.Build.0 = Release|Win32
		{EC27EB68-C428-4B80-8170-D93F988EA34C}.Debug|Win32.ActiveCfg = Debug|Win32
		{EC27EB68-C428-4B80-8170-D93F988EA34C}.Debug|Win32.Build.0 = Debug|Win32
		{EC27EB68-C428-4B80-8170-D93F988EA34C}.MapEditor|Win32.ActiveCfg = MapEditor|Win32
		{EC27EB68-C428-4B80-8170-D93F988EA34C}.MapEditor|Win32.Build.0 = MapEditor|Win32
		{EC27EB68-C428-4B80-8170-D93F988EA34C}.MapEditorD|Win32.ActiveCfg = MapEditorD|Win32
		{EC27EB68-C428-4B80-8170-D93F988EA34C}.MapEditorD|Win32.Build.0 = MapEditorD|Win32
		{EC27EB68-C428-4B80-8170-D93F988EA34C}.Release_WithDebugInfo|Win32.ActiveCfg = Release_WithDebugInfo|Win32
		{EC27EB68-C428-4B80-8170-D93F988EA34C}.Release_WithDebugInfo|Win32.Build.0 = Release_WithDebugInfo|Win32
		{EC27EB68-C428-4B80-8170-D93F988EA34C}.Release|Win32.ActiveCfg = Release|Win32
		{EC27EB68-C428-4B80-8170-D93F988EA34C}.Release|Win32.Build.0 = Release|Win32
		{C0E14A90-2BD1-4866-A684-98C6F6B96C2D}.Debug|Win32.ActiveCfg = Debug|Win32
		{C0E14A90-2BD1-4866-A684-98C6F6B96C2D}.Debug|Win32.Build.0 = Debug|Win32
		{C0E14A90-2BD1-4866-A684-98C6F6B96C2D}.MapEditor|Win32.ActiveCfg = MapEditor|Win32
		{C0E14A90-2BD1-4866-A684-98C6F6B96C2D}.MapEditor|Win32.Build.0 = MapEditor|Win32
		{C0E14A90-2BD1-4866-A684-98C6F6B96C2D}.MapEditorD|Win32.ActiveCfg = MapEditorD|Win32
		{C0E14A90-2BD1-4866-A684-98C6F6B96C2D}.MapEditorD|Win32.Build.0 = MapEditorD|Win32
		{C0E14A90-2BD1-4866-A684-98C6F6B96C2D}.Release_WithDebugInfo|Win32.ActiveCfg = Release_WithDebugInfo|Win32
		{C0E14A90-2BD1-4866-A684-98C6F6B96C2D}.Release_WithDebugInfo|Win32.Build.0 = Release_WithDebugInfo|Win32
		{C0E14A90-2BD1-4866-A684-98C6F6B96C2D}.Release|Win32.ActiveCfg = Release|Win32
		{C0E14A90-2BD1-4866-A684-98C6F6B96C2D}.Release|Win32.Build.0 = Release|Win32
		{802552D2-B514-42E5-A169-F1E108527678}.Debug|Win32.ActiveCfg = Debug|Win32
		{802552D2-B514-42E5-A169-F1E108527678}.MapEditor|Win32.ActiveCfg = Release|Win32
		{802552D2-B514-42E5-A169-F1E108527678}.MapEditorD|Win32.ActiveCfg = Release|Win32
		{802552D2-B514-42E5-A169-F1E108527678}.Release_WithDebugInfo|Win32.ActiveCfg = Debug|Win32
		{802552D2-B514-42E5-A169-F1E108527678}.Release|Win32.ActiveCfg = Release|Win32
		{3B7B950D-0DC8-4ADD-9FE2-7DE4297C62F6}.Debug|Win32.ActiveCfg = Debug|Win32
		{3B7B950D-0DC8-4ADD-9FE2-7DE4297C62F6}.Debug|Win32.Build.0 = Debug|Win32
		{3B7B950D-0DC8-4ADD-9FE2-7DE4297C62F6}.MapEditor|Win32.ActiveCfg = MapEditor|Win32
		{3B7B950D-0DC8-4ADD-9FE2-7DE4297C62F6}.MapEditor|Win32.Build.0 = MapEditor|Win32
		{3B7B950D-0DC8-4ADD-9FE2-7DE4297C62F6}.MapEditorD|Win32.ActiveCfg = MapEditorD|Win32
		{3B7B950D-0DC8-4ADD-9FE2-7DE4297C62F6}.MapEditorD|Win32.Build.0 = MapEditorD|Win32
		{3B7B950D-0DC8-4ADD-9FE2-7DE4297C62F6}.Release_WithDebugInfo|Win32.ActiveCfg = Release_WithDebugInfo|Win32
		{3B7B950D-0DC8-4ADD-9FE2-7DE4297C62F6}.Release_WithDebugInfo|Win32.Build.0 = Release_WithDebugInfo|Win32
		{3B7B950D-0DC8-4ADD-9FE2-7DE4297C62F6}.Release|Win32.ActiveCfg = Release|Win32
		{3B7B950D-0DC8-4ADD-9FE2-7DE4297C62F6}.Release|Win32.Build.0 = Release|Win32
		{FF0A809E-A370-4640-A301-17B76D7A5B4E}.Debug|Win32.ActiveCfg = Debug|Win32
		{FF0A809E-A370-4640-A301-17B76D7A5B4E}.Debug|Win32.Build.0 = Debug|Win32
		{FF0A809E-A370-4640-A301-17B76D7A5B4E}.MapEditor|Win32.ActiveCfg = MapEditor|Win32
		{FF0A809E-A370-4640-A301-17B76D7A5B4E}.MapEditor|Win32.Build.0 = MapEditor|Win32
		{FF0A809E-A370-4640-A301-17B76D7A5B4E}.MapEditorD|Win32.ActiveCfg = MapEditorD|Win32
		{FF0A809E-A370-4640-A301-17B76D7A5B4E}.MapEditorD|Win32.Build.0 = MapEditorD|Win32
		{FF0A809E-A370-4640-A301-17B76D7A5B4E}.Release_WithDebugInfo|Win32.ActiveCfg = Release_WithDebugInfo|Win32
		{FF0A809E-A370-4640-A301-17B76D7A5B4E}.Release_WithDebugInfo|Win32.Build.0 = Release_WithDebugInfo|Win32
		{FF0A809E-A370-4640-A301-17B76D7A5B4E}.Release|Win32.ActiveCfg = Release|Win32
		{FF0A809E-A370-4640-A301-17B76D7A5B4E}.Release|Win32.Build.0 = Release|Win32
	EndGlobalSection
	GlobalSection(SolutionProperties) = preSolution
		HideSolutionNode = FALSE
	EndGlobalSection
EndGlobal
