<?xml version="1.0" encoding="utf-8"?>
<Project ToolsVersion="4.0" xmlns="http://schemas.microsoft.com/developer/msbuild/2003">
  <ItemGroup>
    <Filter Include="Header Files">
      <UniqueIdentifier>{363547e5-d794-4293-8484-b7cc64b304dd}</UniqueIdentifier>
    </Filter>
    <Filter Include="Source Files">
      <UniqueIdentifier>{ffb119e4-d4fc-4b6b-93ae-2958a9ec49dc}</UniqueIdentifier>
    </Filter>
  </ItemGroup>
  <ItemGroup>
    <ClInclude Include="lauxlib.h">
      <Filter>Header Files</Filter>
    </ClInclude>
    <ClInclude Include="Lua Interpreter.h">
      <Filter>Header Files</Filter>
    </ClInclude>
    <ClInclude Include="lua.h">
      <Filter>Header Files</Filter>
    </ClInclude>
    <ClInclude Include="lua.hpp">
      <Filter>Header Files</Filter>
    </ClInclude>
    <ClInclude Include="luaconf.h">
      <Filter>Header Files</Filter>
    </ClInclude>
    <ClInclude Include="lualib.h">
      <Filter>Header Files</Filter>
    </ClInclude>
    <ClInclude Include="lwstring.h">
      <Filter>Header Files</Filter>
    </ClInclude>
    <ClInclude Include="lua_class_interface.h">
      <Filter>Header Files</Filter>
    </ClInclude>
    <ClInclude Include="lua_function.h">
      <Filter>Header Files</Filter>
    </ClInclude>
    <ClInclude Include="lua_state.h">
      <Filter>Header Files</Filter>
    </ClInclude>
    <ClInclude Include="lua_table.h">
      <Filter>Header Files</Filter>
    </ClInclude>
  </ItemGroup>
  <ItemGroup>
    <ClCompile Include="lua_env.cpp">
      <Filter>Source Files</Filter>
    </ClCompile>
    <ClCompile Include="lua_strategic.cpp">
      <Filter>Source Files</Filter>
    </ClCompile>
    <ClCompile Include="lua_tactical.cpp">
      <Filter>Source Files</Filter>
    </ClCompile>
    <ClCompile Include="lwstring.cpp">
      <Filter>Source Files</Filter>
    </ClCompile>
    <ClCompile Include="lua.cpp">
      <Filter>Source Files</Filter>
    </ClCompile>
    <ClCompile Include="lua_class_interface.cpp">
      <Filter>Source Files</Filter>
    </ClCompile>
    <ClCompile Include="lua_function.cpp">
      <Filter>Source Files</Filter>
    </ClCompile>
    <ClCompile Include="lua_state.cpp">
      <Filter>Source Files</Filter>
    </ClCompile>
    <ClCompile Include="lua_table.cpp">
      <Filter>Source Files</Filter>
    </ClCompile>
  </ItemGroup>
</Project>