<?xml version="1.0" encoding="utf-8"?>
<Project ToolsVersion="4.0" xmlns="http://schemas.microsoft.com/developer/msbuild/2003">
  <ItemGroup>
    <Filter Include="Header Files">
      <UniqueIdentifier>{e965b12d-833b-4ed2-b5fe-b519e2d661e3}</UniqueIdentifier>
    </Filter>
    <Filter Include="Source Files">
      <UniqueIdentifier>{7fc727d5-3708-404e-8267-410283203b63}</UniqueIdentifier>
    </Filter>
  </ItemGroup>
  <ItemGroup>
    <ClInclude Include="ASD.h">
      <Filter>Header Files</Filter>
    </ClInclude>
    <ClInclude Include="Assignments.h">
      <Filter>Header Files</Filter>
    </ClInclude>
    <ClInclude Include="Auto Resolve.h">
      <Filter>Header Files</Filter>
    </ClInclude>
    <ClInclude Include="Campaign Init.h">
      <Filter>Header Files</Filter>
    </ClInclude>
    <ClInclude Include="Campaign Types.h">
      <Filter>Header Files</Filter>
    </ClInclude>
    <ClInclude Include="Creature Spreading.h">
      <Filter>Header Files</Filter>
    </ClInclude>
    <ClInclude Include="Facilities.h">
      <Filter>Header Files</Filter>
    </ClInclude>
    <ClInclude Include="Game Clock.h">
      <Filter>Header Files</Filter>
    </ClInclude>
    <ClInclude Include="Game Event Hook.h">
      <Filter>Header Files</Filter>
    </ClInclude>
    <ClInclude Include="Game Events.h">
      <Filter>Header Files</Filter>
    </ClInclude>
    <ClInclude Include="Game Init.h">
      <Filter>Header Files</Filter>
    </ClInclude>
    <ClInclude Include="Luaglobal.h">
      <Filter>Header Files</Filter>
    </ClInclude>
    <ClInclude Include="LuaInitNPCs.h">
      <Filter>Header Files</Filter>
    </ClInclude>
    <ClInclude Include="Map Screen Helicopter.h">
      <Filter>Header Files</Filter>
    </ClInclude>
    <ClInclude Include="Map Screen Interface Border.h">
      <Filter>Header Files</Filter>
    </ClInclude>
    <ClInclude Include="Map Screen Interface Bottom.h">
      <Filter>Header Files</Filter>
    </ClInclude>
    <ClInclude Include="Map Screen Interface Map Inventory.h">
      <Filter>Header Files</Filter>
    </ClInclude>
    <ClInclude Include="Map Screen Interface Map.h">
      <Filter>Header Files</Filter>
    </ClInclude>
    <ClInclude Include="Map Screen Interface TownMine Info.h">
      <Filter>Header Files</Filter>
    </ClInclude>
    <ClInclude Include="Map Screen Interface.h">
      <Filter>Header Files</Filter>
    </ClInclude>
    <ClInclude Include="mapscreen.h">
      <Filter>Header Files</Filter>
    </ClInclude>
    <ClInclude Include="Meanwhile.h">
      <Filter>Header Files</Filter>
    </ClInclude>
    <ClInclude Include="Merc Contract.h">
      <Filter>Header Files</Filter>
    </ClInclude>
    <ClInclude Include="MilitiaSquads.h">
      <Filter>Header Files</Filter>
    </ClInclude>
	<ClInclude Include="MilitiaIndividual.h">
      <Filter>Header Files</Filter>
    </ClInclude>
    <ClInclude Include="Player Command.h">
      <Filter>Header Files</Filter>
    </ClInclude>
    <ClInclude Include="PreBattle Interface.h">
      <Filter>Header Files</Filter>
    </ClInclude>
    <ClInclude Include="Queen Command.h">
      <Filter>Header Files</Filter>
    </ClInclude>
    <ClInclude Include="Quest Debug System.h">
      <Filter>Header Files</Filter>
    </ClInclude>
    <ClInclude Include="Quests.h">
      <Filter>Header Files</Filter>
    </ClInclude>
    <ClInclude Include="QuestText.h">
      <Filter>Header Files</Filter>
    </ClInclude>
    <ClInclude Include="Reinforcement.h">
      <Filter>Header Files</Filter>
    </ClInclude>
    <ClInclude Include="Scheduling.h">
      <Filter>Header Files</Filter>
    </ClInclude>
    <ClInclude Include="Strategic AI.h">
      <Filter>Header Files</Filter>
    </ClInclude>
    <ClInclude Include="Strategic All.h">
      <Filter>Header Files</Filter>
    </ClInclude>
    <ClInclude Include="Strategic Event Handler.h">
      <Filter>Header Files</Filter>
    </ClInclude>
    <ClInclude Include="Strategic Merc Handler.h">
      <Filter>Header Files</Filter>
    </ClInclude>
    <ClInclude Include="Strategic Mines.h">
      <Filter>Header Files</Filter>
    </ClInclude>
    <ClInclude Include="Strategic Movement.h">
      <Filter>Header Files</Filter>
    </ClInclude>
    <ClInclude Include="Strategic Pathing.h">
      <Filter>Header Files</Filter>
    </ClInclude>
    <ClInclude Include="Strategic Status.h">
      <Filter>Header Files</Filter>
    </ClInclude>
    <ClInclude Include="Strategic Town Loyalty.h">
      <Filter>Header Files</Filter>
    </ClInclude>
    <ClInclude Include="strategic town reputation.h">
      <Filter>Header Files</Filter>
    </ClInclude>
    <ClInclude Include="Strategic Turns.h">
      <Filter>Header Files</Filter>
    </ClInclude>
    <ClInclude Include="strategic.h">
      <Filter>Header Files</Filter>
    </ClInclude>
    <ClInclude Include="strategicmap.h">
      <Filter>Header Files</Filter>
    </ClInclude>
    <ClInclude Include="Town Militia.h">
      <Filter>Header Files</Filter>
    </ClInclude>
    <ClInclude Include="UndergroundInit.h">
      <Filter>Header Files</Filter>
    </ClInclude>
    <ClInclude Include="Strategic Mines LUA.h">
      <Filter>Header Files</Filter>
    </ClInclude>
    <ClInclude Include="Ja25 Strategic Ai.h">
      <Filter>Header Files</Filter>
    </ClInclude>
    <ClInclude Include="MapScreen Quotes.h">
      <Filter>Header Files</Filter>
    </ClInclude>
  </ItemGroup>
  <ItemGroup>
    <ClCompile Include="AI Viewer.cpp">
      <Filter>Source Files</Filter>
    </ClCompile>
    <ClCompile Include="ASD.cpp">
      <Filter>Source Files</Filter>
    </ClCompile>
    <ClCompile Include="Assignments.cpp">
      <Filter>Source Files</Filter>
    </ClCompile>
    <ClCompile Include="Auto Resolve.cpp">
      <Filter>Source Files</Filter>
    </ClCompile>
    <ClCompile Include="Campaign Init.cpp">
      <Filter>Source Files</Filter>
    </ClCompile>
    <ClCompile Include="Creature Spreading.cpp">
      <Filter>Source Files</Filter>
    </ClCompile>
    <ClCompile Include="Facilities.cpp">
      <Filter>Source Files</Filter>
    </ClCompile>
    <ClCompile Include="Game Clock.cpp">
      <Filter>Source Files</Filter>
    </ClCompile>
    <ClCompile Include="Game Event Hook.cpp">
      <Filter>Source Files</Filter>
    </ClCompile>
    <ClCompile Include="Game Events.cpp">
      <Filter>Source Files</Filter>
    </ClCompile>
    <ClCompile Include="Game Init.cpp">
      <Filter>Source Files</Filter>
    </ClCompile>
    <ClCompile Include="Hourly Update.cpp">
      <Filter>Source Files</Filter>
    </ClCompile>
    <ClCompile Include="Luaglobal.cpp">
      <Filter>Source Files</Filter>
    </ClCompile>
    <ClCompile Include="LuaInitNPCs.cpp">
      <Filter>Source Files</Filter>
    </ClCompile>
    <ClCompile Include="Map Screen Helicopter.cpp">
      <Filter>Source Files</Filter>
    </ClCompile>
    <ClCompile Include="Map Screen Interface Border.cpp">
      <Filter>Source Files</Filter>
    </ClCompile>
    <ClCompile Include="Map Screen Interface Bottom.cpp">
      <Filter>Source Files</Filter>
    </ClCompile>
    <ClCompile Include="Map Screen Interface Map Inventory.cpp">
      <Filter>Source Files</Filter>
    </ClCompile>
    <ClCompile Include="Map Screen Interface Map.cpp">
      <Filter>Source Files</Filter>
    </ClCompile>
    <ClCompile Include="Map Screen Interface TownMine Info.cpp">
      <Filter>Source Files</Filter>
    </ClCompile>
    <ClCompile Include="Map Screen Interface.cpp">
      <Filter>Source Files</Filter>
    </ClCompile>
    <ClCompile Include="mapscreen.cpp">
      <Filter>Source Files</Filter>
    </ClCompile>
    <ClCompile Include="Meanwhile.cpp">
      <Filter>Source Files</Filter>
    </ClCompile>
    <ClCompile Include="Merc Contract.cpp">
      <Filter>Source Files</Filter>
    </ClCompile>
    <ClCompile Include="MilitiaSquads.cpp">
      <Filter>Source Files</Filter>
    </ClCompile>
	<ClCompile Include="MilitiaIndividual.cpp">
      <Filter>Source Files</Filter>
    </ClCompile>
    <ClCompile Include="Player Command.cpp">
      <Filter>Source Files</Filter>
    </ClCompile>
    <ClCompile Include="PreBattle Interface.cpp">
      <Filter>Source Files</Filter>
    </ClCompile>
    <ClCompile Include="Queen Command.cpp">
      <Filter>Source Files</Filter>
    </ClCompile>
    <ClCompile Include="Quest Debug System.cpp">
      <Filter>Source Files</Filter>
    </ClCompile>
    <ClCompile Include="Quests.cpp">
      <Filter>Source Files</Filter>
    </ClCompile>
    <ClCompile Include="Reinforcement.cpp">
      <Filter>Source Files</Filter>
    </ClCompile>
    <ClCompile Include="Scheduling.cpp">
      <Filter>Source Files</Filter>
    </ClCompile>
    <ClCompile Include="Strategic AI.cpp">
      <Filter>Source Files</Filter>
    </ClCompile>
    <ClCompile Include="Strategic Event Handler.cpp">
      <Filter>Source Files</Filter>
    </ClCompile>
    <ClCompile Include="Strategic Merc Handler.cpp">
      <Filter>Source Files</Filter>
    </ClCompile>
    <ClCompile Include="Strategic Mines.cpp">
      <Filter>Source Files</Filter>
    </ClCompile>
    <ClCompile Include="Strategic Movement Costs.cpp">
      <Filter>Source Files</Filter>
    </ClCompile>
    <ClCompile Include="Strategic Movement.cpp">
      <Filter>Source Files</Filter>
    </ClCompile>
    <ClCompile Include="Strategic Pathing.cpp">
      <Filter>Source Files</Filter>
    </ClCompile>
    <ClCompile Include="Strategic Status.cpp">
      <Filter>Source Files</Filter>
    </ClCompile>
    <ClCompile Include="Strategic Town Loyalty.cpp">
      <Filter>Source Files</Filter>
    </ClCompile>
    <ClCompile Include="strategic town reputation.cpp">
      <Filter>Source Files</Filter>
    </ClCompile>
    <ClCompile Include="Strategic Turns.cpp">
      <Filter>Source Files</Filter>
    </ClCompile>
    <ClCompile Include="strategic.cpp">
      <Filter>Source Files</Filter>
    </ClCompile>
    <ClCompile Include="strategicmap.cpp">
      <Filter>Source Files</Filter>
    </ClCompile>
    <ClCompile Include="Town Militia.cpp">
      <Filter>Source Files</Filter>
    </ClCompile>
    <ClCompile Include="UndergroundInit.cpp">
      <Filter>Source Files</Filter>
    </ClCompile>
    <ClCompile Include="XML_Army.cpp">
      <Filter>Source Files</Filter>
    </ClCompile>
    <ClCompile Include="XML_Bloodcats.cpp">
      <Filter>Source Files</Filter>
    </ClCompile>
    <ClCompile Include="XML_DynamicRestrictions.cpp">
      <Filter>Source Files</Filter>
    </ClCompile>
    <ClCompile Include="XML_ExtraItems.cpp">
      <Filter>Source Files</Filter>
    </ClCompile>
    <ClCompile Include="XML_Facilities.cpp">
      <Filter>Source Files</Filter>
    </ClCompile>
    <ClCompile Include="XML_FacilityTypes.cpp">
      <Filter>Source Files</Filter>
    </ClCompile>
    <ClCompile Include="XML_Roaming.cpp">
      <Filter>Source Files</Filter>
    </ClCompile>
    <ClCompile Include="XML_SectorNames.cpp">
      <Filter>Source Files</Filter>
    </ClCompile>
    <ClCompile Include="XML_UniformColors.cpp">
      <Filter>Source Files</Filter>
    </ClCompile>
    <ClCompile Include="Strategic Mines LUA.cpp">
      <Filter>Source Files</Filter>
    </ClCompile>
    <ClCompile Include="Ja25 Strategic Ai.cpp">
      <Filter>Source Files</Filter>
    </ClCompile>
    <ClCompile Include="MapScreen Quotes.cpp">
      <Filter>Source Files</Filter>
    </ClCompile>
    <ClCompile Include="XML_CoolnessBySector.cpp">
      <Filter>Source Files</Filter>
    </ClCompile>
    <ClCompile Include="XML_SquadNames.cpp">
      <Filter>Source Files</Filter>
    </ClCompile>
    <ClCompile Include="XML_Minerals.cpp">
      <Filter>Source Files</Filter>
    </ClCompile>
    <ClCompile Include="XML_Creatures.cpp">
      <Filter>Source Files</Filter>
    </ClCompile>
  </ItemGroup>
</Project>