<?xml version="1.0" encoding="utf-8"?>
<Project ToolsVersion="4.0" xmlns="http://schemas.microsoft.com/developer/msbuild/2003">
  <ItemGroup>
    <Filter Include="export">
      <UniqueIdentifier>{c97349a4-a55e-4206-ae81-5705c2f84ea5}</UniqueIdentifier>
    </Filter>
    <Filter Include="ja2">
      <UniqueIdentifier>{6c1d591a-a1ba-48d9-a218-050f76b94603}</UniqueIdentifier>
    </Filter>
    <Filter Include="export\jsd">
      <UniqueIdentifier>{f8947e60-d69b-4862-94fc-2d8750d2f206}</UniqueIdentifier>
    </Filter>
    <Filter Include="export\slf">
      <UniqueIdentifier>{0c1248dc-45f0-4ce5-91ea-f3ac46c3b380}</UniqueIdentifier>
    </Filter>
    <Filter Include="export\sti">
      <UniqueIdentifier>{5a926fd2-7e29-44ff-8025-475e78e86fe7}</UniqueIdentifier>
    </Filter>
  </ItemGroup>
  <ItemGroup>
    <ClInclude Include="src\exporter_base.h" />
    <ClInclude Include="src\progress_bar.h" />
    <ClInclude Include="src\init_vfs.h" />
    <ClInclude Include="src\ja2\himage.h">
      <Filter>ja2</Filter>
    </ClInclude>
    <ClInclude Include="src\ja2\imgfmt.h">
      <Filter>ja2</Filter>
    </ClInclude>
    <ClInclude Include="src\ja2\sgp_auto_memory.h">
      <Filter>ja2</Filter>
    </ClInclude>
    <ClInclude Include="src\ja2\Structure Internals.h">
      <Filter>ja2</Filter>
    </ClInclude>
    <ClInclude Include="src\ja2\Types.h">
      <Filter>ja2</Filter>
    </ClInclude>
    <ClInclude Include="src\ja2\XMLWriter.h">
      <Filter>ja2</Filter>
    </ClInclude>
    <ClInclude Include="src\export\jsd\export_jsd.h">
      <Filter>export\jsd</Filter>
    </ClInclude>
    <ClInclude Include="src\export\jsd\structure.h">
      <Filter>export\jsd</Filter>
    </ClInclude>
    <ClInclude Include="src\export\slf\export_slf.h">
      <Filter>export\slf</Filter>
    </ClInclude>
    <ClInclude Include="src\export\sti\export_sti.h">
      <Filter>export\sti</Filter>
    </ClInclude>
    <ClInclude Include="src\export\sti\Image.h">
      <Filter>export\sti</Filter>
    </ClInclude>
    <ClInclude Include="src\export\sti\stci_image_utils.h">
      <Filter>export\sti</Filter>
    </ClInclude>
    <ClInclude Include="src\export\sti\STCI_lib.h">
      <Filter>export\sti</Filter>
    </ClInclude>
  </ItemGroup>
  <ItemGroup>
    <ClCompile Include="src\init_vfs.cpp" />
    <ClCompile Include="src\main.cpp" />
    <ClCompile Include="src\progress_bar.cpp" />
    <ClCompile Include="src\ja2\himage.cpp">
      <Filter>ja2</Filter>
    </ClCompile>
    <ClCompile Include="src\ja2\XMLWriter.cpp">
      <Filter>ja2</Filter>
    </ClCompile>
    <ClCompile Include="src\export\jsd\export_jsd.cpp">
      <Filter>export\jsd</Filter>
    </ClCompile>
    <ClCompile Include="src\export\jsd\structure.cpp">
      <Filter>export\jsd</Filter>
    </ClCompile>
    <ClCompile Include="src\export\slf\export_slf.cpp">
      <Filter>export\slf</Filter>
    </ClCompile>
    <ClCompile Include="src\export\sti\export_sti.cpp">
      <Filter>export\sti</Filter>
    </ClCompile>
    <ClCompile Include="src\export\sti\Image.cpp">
      <Filter>export\sti</Filter>
    </ClCompile>
    <ClCompile Include="src\export\sti\stci_image_utils.cpp">
      <Filter>export\sti</Filter>
    </ClCompile>
    <ClCompile Include="src\export\sti\STCI_lib.cpp">
      <Filter>export\sti</Filter>
    </ClCompile>
  </ItemGroup>
</Project>