<?xml version="1.0" encoding="utf-8"?>
<Project ToolsVersion="4.0" xmlns="http://schemas.microsoft.com/developer/msbuild/2003">
  <ItemGroup>
    <ClCompile Include="Button Sound Control.cpp" />
    <ClCompile Include="Button System.cpp" />
    <ClCompile Include="Compression.cpp" />
    <ClCompile Include="Container.cpp" />
    <ClCompile Include="Cursor Control.cpp" />
    <ClCompile Include="DbMan.cpp" />
    <ClCompile Include="DEBUG.cpp" />
    <ClCompile Include="debug_util.cpp" />
    <ClCompile Include="debug_win_util.cpp" />
    <ClCompile Include="DirectDraw Calls.cpp" />
    <ClCompile Include="DirectX Common.cpp" />
    <ClCompile Include="English.cpp" />
    <ClCompile Include="ExceptionHandling.cpp" />
    <ClCompile Include="FileCat.cpp" />
    <ClCompile Include="FileMan.cpp" />
    <ClCompile Include="Flic.cpp" />
    <ClCompile Include="Font.cpp" />
    <ClCompile Include="himage.cpp" />
    <ClCompile Include="impTGA.cpp" />
    <ClCompile Include="input.cpp" />
    <ClCompile Include="Install.cpp" />
    <ClCompile Include="Ja2 Libs.cpp" />
    <ClCompile Include="LibraryDataBase.cpp" />
    <ClCompile Include="line.cpp" />
    <ClCompile Include="MemMan.cpp" />
    <ClCompile Include="mousesystem.cpp" />
    <ClCompile Include="Mutex Manager.cpp" />
    <ClCompile Include="PCX.cpp" />
    <ClCompile Include="PngLoader.cpp" />
    <ClCompile Include="Random.cpp" />
    <ClCompile Include="readdir.cpp" />
    <ClCompile Include="RegInst.cpp" />
    <ClCompile Include="sgp.cpp" />
    <ClCompile Include="sgp_logger.cpp" />
    <ClCompile Include="shading.cpp" />
    <ClCompile Include="soundman.cpp" />
    <ClCompile Include="STCI.cpp" />
    <ClCompile Include="stringicmp.cpp" />
    <ClCompile Include="timer.cpp" />
    <ClCompile Include="video.cpp" />
    <ClCompile Include="vobject.cpp" />
    <ClCompile Include="vobject_blitters.cpp" />
    <ClCompile Include="vsurface.cpp" />
    <ClCompile Include="WinFont.cpp" />
  </ItemGroup>
  <ItemGroup>
    <ClInclude Include="Bitmap.h" />
    <ClInclude Include="Button Sound Control.h" />
    <ClInclude Include="Button System.h" />
    <ClInclude Include="Compression.h" />
    <ClInclude Include="Container.h" />
    <ClInclude Include="Cursor Control.h" />
    <ClInclude Include="DbMan.h" />
    <ClInclude Include="ddraw.h" />
    <ClInclude Include="DEBUG.H" />
    <ClInclude Include="debug_util.h" />
    <ClInclude Include="DirectDraw Calls.h" />
    <ClInclude Include="DirectX Common.h" />
    <ClInclude Include="dsound.h" />
    <ClInclude Include="english.h" />
    <ClInclude Include="ExceptionHandling.h" />
    <ClInclude Include="expat.h" />
    <ClInclude Include="FileCat.h" />
    <ClInclude Include="FileMan.h" />
    <ClInclude Include="flic.h" />
    <ClInclude Include="fmod.h" />
    <ClInclude Include="fmod_errors.h" />
    <ClInclude Include="Font.h" />
    <ClInclude Include="himage.h" />
    <ClInclude Include="imgfmt.h" />
    <ClInclude Include="impTGA.h" />
    <ClInclude Include="input.h" />
    <ClInclude Include="Install.h" />
    <ClInclude Include="Ja2 Libs.h" />
    <ClInclude Include="JA2 SGP ALL.H" />
    <ClInclude Include="LibraryDataBase.h" />
    <ClInclude Include="line.h" />
    <ClInclude Include="MemMan.h" />
    <ClInclude Include="mousesystem.h" />
    <ClInclude Include="mousesystem_macros.h" />
    <ClInclude Include="Mss-old.h" />
    <ClInclude Include="Mss.h" />
    <ClInclude Include="Mutex Manager.h" />
    <ClInclude Include="pcx.h" />
    <ClInclude Include="PngLoader.h" />
    <ClInclude Include="RAD.H" />
    <ClInclude Include="radbase.h" />
    <ClInclude Include="random.h" />
    <ClInclude Include="readdir.h" />
    <ClInclude Include="RegInst.h" />
    <ClInclude Include="sgp.h" />
    <ClInclude Include="sgp_auto_memory.h" />
    <ClInclude Include="sgp_logger.h" />
    <ClInclude Include="shading.h" />
    <ClInclude Include="SMACK.H" />
    <ClInclude Include="soundman.h" />
    <ClInclude Include="STCI.h" />
    <ClInclude Include="stringicmp.h" />
    <ClInclude Include="timer.h" />
    <ClInclude Include="TopicIDs.h" />
    <ClInclude Include="TopicOps.h" />
    <ClInclude Include="trle.h" />
    <ClInclude Include="Types.h" />
    <ClInclude Include="video.h" />
    <ClInclude Include="video_private.h" />
    <ClInclude Include="vobject.h" />
    <ClInclude Include="vobject_blitters.h" />
    <ClInclude Include="vobject_private.h" />
    <ClInclude Include="vsurface.h" />
    <ClInclude Include="vsurface_private.h" />
    <ClInclude Include="WCheck.h" />
    <ClInclude Include="WinFont.h" />
    <ClInclude Include="WizShare.h" />
    <ClInclude Include="ZCONF.H" />
    <ClInclude Include="ZLIB.H" />
  </ItemGroup>
</Project>