<?xml version="1.0" encoding="utf-8"?>
<Project ToolsVersion="4.0" xmlns="http://schemas.microsoft.com/developer/msbuild/2003">
  <ItemGroup>
    <Filter Include="Header Files">
      <UniqueIdentifier>{efcdc6de-effe-499c-865f-bbb1cd30a876}</UniqueIdentifier>
    </Filter>
    <Filter Include="Source Files">
      <UniqueIdentifier>{3abaeda9-a6ab-443e-9e82-5b43020f6328}</UniqueIdentifier>
    </Filter>
  </ItemGroup>
  <ItemGroup>
    <ClInclude Include="Mss-old.h">
      <Filter>Header Files</Filter>
    </ClInclude>
    <ClInclude Include="Button Sound Control.h">
      <Filter>Header Files</Filter>
    </ClInclude>
    <ClInclude Include="Button System.h">
      <Filter>Header Files</Filter>
    </ClInclude>
    <ClInclude Include="Compression.h">
      <Filter>Header Files</Filter>
    </ClInclude>
    <ClInclude Include="Container.h">
      <Filter>Header Files</Filter>
    </ClInclude>
    <ClInclude Include="Cursor Control.h">
      <Filter>Header Files</Filter>
    </ClInclude>
    <ClInclude Include="ddraw.h">
      <Filter>Header Files</Filter>
    </ClInclude>
    <ClInclude Include="DEBUG.H">
      <Filter>Header Files</Filter>
    </ClInclude>
    <ClInclude Include="debug_util.h">
      <Filter>Header Files</Filter>
    </ClInclude>
    <ClInclude Include="DirectDraw Calls.h">
      <Filter>Header Files</Filter>
    </ClInclude>
    <ClInclude Include="DirectX Common.h">
      <Filter>Header Files</Filter>
    </ClInclude>
    <ClInclude Include="dsound.h">
      <Filter>Header Files</Filter>
    </ClInclude>
    <ClInclude Include="english.h">
      <Filter>Header Files</Filter>
    </ClInclude>
    <ClInclude Include="expat.h">
      <Filter>Header Files</Filter>
    </ClInclude>
    <ClInclude Include="FileCat.h">
      <Filter>Header Files</Filter>
    </ClInclude>
    <ClInclude Include="FileMan.h">
      <Filter>Header Files</Filter>
    </ClInclude>
    <ClInclude Include="flic.h">
      <Filter>Header Files</Filter>
    </ClInclude>
    <ClInclude Include="fmod.h">
      <Filter>Header Files</Filter>
    </ClInclude>
    <ClInclude Include="fmod_errors.h">
      <Filter>Header Files</Filter>
    </ClInclude>
    <ClInclude Include="Font.h">
      <Filter>Header Files</Filter>
    </ClInclude>
    <ClInclude Include="himage.h">
      <Filter>Header Files</Filter>
    </ClInclude>
    <ClInclude Include="imgfmt.h">
      <Filter>Header Files</Filter>
    </ClInclude>
    <ClInclude Include="impTGA.h">
      <Filter>Header Files</Filter>
    </ClInclude>
    <ClInclude Include="input.h">
      <Filter>Header Files</Filter>
    </ClInclude>
    <ClInclude Include="Install.h">
      <Filter>Header Files</Filter>
    </ClInclude>
    <ClInclude Include="Ja2 Libs.h">
      <Filter>Header Files</Filter>
    </ClInclude>
      <Filter>Header Files</Filter>
    </ClInclude>
    <ClInclude Include="LibraryDataBase.h">
      <Filter>Header Files</Filter>
    </ClInclude>
    <ClInclude Include="line.h">
      <Filter>Header Files</Filter>
    </ClInclude>
    <ClInclude Include="MemMan.h">
      <Filter>Header Files</Filter>
    </ClInclude>
    <ClInclude Include="mousesystem.h">
      <Filter>Header Files</Filter>
    </ClInclude>
    <ClInclude Include="mousesystem_macros.h">
      <Filter>Header Files</Filter>
    </ClInclude>
    <ClInclude Include="ZLIB.H">
      <Filter>Header Files</Filter>
    </ClInclude>
    <ClInclude Include="Mss.h">
      <Filter>Header Files</Filter>
    </ClInclude>
    <ClInclude Include="pcx.h">
      <Filter>Header Files</Filter>
    </ClInclude>
    <ClInclude Include="PngLoader.h">
      <Filter>Header Files</Filter>
    </ClInclude>
    <ClInclude Include="RAD.H">
      <Filter>Header Files</Filter>
    </ClInclude>
    <ClInclude Include="random.h">
      <Filter>Header Files</Filter>
    </ClInclude>
    <ClInclude Include="readdir.h">
      <Filter>Header Files</Filter>
    </ClInclude>
    <ClInclude Include="RegInst.h">
      <Filter>Header Files</Filter>
    </ClInclude>
    <ClInclude Include="sgp.h">
      <Filter>Header Files</Filter>
    </ClInclude>
    <ClInclude Include="sgp_auto_memory.h">
      <Filter>Header Files</Filter>
    </ClInclude>
    <ClInclude Include="shading.h">
      <Filter>Header Files</Filter>
    </ClInclude>
    <ClInclude Include="SMACK.H">
      <Filter>Header Files</Filter>
    </ClInclude>
    <ClInclude Include="soundman.h">
      <Filter>Header Files</Filter>
    </ClInclude>
    <ClInclude Include="STCI.h">
      <Filter>Header Files</Filter>
    </ClInclude>
    <ClInclude Include="stringicmp.h">
      <Filter>Header Files</Filter>
    </ClInclude>
    <ClInclude Include="timer.h">
      <Filter>Header Files</Filter>
    </ClInclude>
    <ClInclude Include="TopicIDs.h">
      <Filter>Header Files</Filter>
    </ClInclude>
    <ClInclude Include="TopicOps.h">
      <Filter>Header Files</Filter>
    </ClInclude>
    <ClInclude Include="Types.h">
      <Filter>Header Files</Filter>
    </ClInclude>
    <ClInclude Include="video.h">
      <Filter>Header Files</Filter>
    </ClInclude>
    <ClInclude Include="vobject.h">
      <Filter>Header Files</Filter>
    </ClInclude>
    <ClInclude Include="vobject_blitters.h">
      <Filter>Header Files</Filter>
    </ClInclude>
    <ClInclude Include="vobject_private.h">
      <Filter>Header Files</Filter>
    </ClInclude>
    <ClInclude Include="vsurface.h">
      <Filter>Header Files</Filter>
    </ClInclude>
    <ClInclude Include="vsurface_private.h">
      <Filter>Header Files</Filter>
    </ClInclude>
    <ClInclude Include="WCheck.h">
      <Filter>Header Files</Filter>
    </ClInclude>
    <ClInclude Include="WinFont.h">
      <Filter>Header Files</Filter>
    </ClInclude>
    <ClInclude Include="ZCONF.H">
      <Filter>Header Files</Filter>
    </ClInclude>
    <ClInclude Include="sgp_logger.h">
      <Filter>Header Files</Filter>
    </ClInclude>
    <ClInclude Include="radbase.h">
      <Filter>Header Files</Filter>
    </ClInclude>
  </ItemGroup>
  <ItemGroup>
    <ClCompile Include="Button Sound Control.cpp">
      <Filter>Source Files</Filter>
    </ClCompile>
    <ClCompile Include="Button System.cpp">
      <Filter>Source Files</Filter>
    </ClCompile>
    <ClCompile Include="Compression.cpp">
      <Filter>Source Files</Filter>
    </ClCompile>
    <ClCompile Include="Container.cpp">
      <Filter>Source Files</Filter>
    </ClCompile>
    <ClCompile Include="Cursor Control.cpp">
      <Filter>Source Files</Filter>
    </ClCompile>
    <ClCompile Include="DEBUG.cpp">
      <Filter>Source Files</Filter>
    </ClCompile>
    <ClCompile Include="debug_util.cpp">
      <Filter>Source Files</Filter>
    </ClCompile>
    <ClCompile Include="debug_win_util.cpp">
      <Filter>Source Files</Filter>
    </ClCompile>
    <ClCompile Include="DirectDraw Calls.cpp">
      <Filter>Source Files</Filter>
    </ClCompile>
    <ClCompile Include="DirectX Common.cpp">
      <Filter>Source Files</Filter>
    </ClCompile>
    <ClCompile Include="English.cpp">
      <Filter>Source Files</Filter>
    </ClCompile>
    <ClCompile Include="FileCat.cpp">
      <Filter>Source Files</Filter>
    </ClCompile>
    <ClCompile Include="FileMan.cpp">
      <Filter>Source Files</Filter>
    </ClCompile>
    <ClCompile Include="Flic.cpp">
      <Filter>Source Files</Filter>
    </ClCompile>
    <ClCompile Include="Font.cpp">
      <Filter>Source Files</Filter>
    </ClCompile>
    <ClCompile Include="himage.cpp">
      <Filter>Source Files</Filter>
    </ClCompile>
    <ClCompile Include="impTGA.cpp">
      <Filter>Source Files</Filter>
    </ClCompile>
    <ClCompile Include="input.cpp">
      <Filter>Source Files</Filter>
    </ClCompile>
    <ClCompile Include="Install.cpp">
      <Filter>Source Files</Filter>
    </ClCompile>
    <ClCompile Include="Ja2 Libs.cpp">
      <Filter>Source Files</Filter>
    </ClCompile>
    <ClCompile Include="LibraryDataBase.cpp">
      <Filter>Source Files</Filter>
    </ClCompile>
    <ClCompile Include="line.cpp">
      <Filter>Source Files</Filter>
    </ClCompile>
    <ClCompile Include="MemMan.cpp">
      <Filter>Source Files</Filter>
    </ClCompile>
    <ClCompile Include="mousesystem.cpp">
      <Filter>Source Files</Filter>
    </ClCompile>
    <ClCompile Include="PCX.cpp">
      <Filter>Source Files</Filter>
    </ClCompile>
    <ClCompile Include="PngLoader.cpp">
      <Filter>Source Files</Filter>
    </ClCompile>
    <ClCompile Include="Random.cpp">
      <Filter>Source Files</Filter>
    </ClCompile>
    <ClCompile Include="readdir.cpp">
      <Filter>Source Files</Filter>
    </ClCompile>
    <ClCompile Include="RegInst.cpp">
      <Filter>Source Files</Filter>
    </ClCompile>
    <ClCompile Include="sgp.cpp">
      <Filter>Source Files</Filter>
    </ClCompile>
    <ClCompile Include="shading.cpp">
      <Filter>Source Files</Filter>
    </ClCompile>
    <ClCompile Include="soundman.cpp">
      <Filter>Source Files</Filter>
    </ClCompile>
    <ClCompile Include="STCI.cpp">
      <Filter>Source Files</Filter>
    </ClCompile>
    <ClCompile Include="stringicmp.cpp">
      <Filter>Source Files</Filter>
    </ClCompile>
    <ClCompile Include="timer.cpp">
      <Filter>Source Files</Filter>
    </ClCompile>
    <ClCompile Include="video.cpp">
      <Filter>Source Files</Filter>
    </ClCompile>
    <ClCompile Include="vobject.cpp">
      <Filter>Source Files</Filter>
    </ClCompile>
    <ClCompile Include="vobject_blitters.cpp">
      <Filter>Source Files</Filter>
    </ClCompile>
    <ClCompile Include="vsurface.cpp">
      <Filter>Source Files</Filter>
    </ClCompile>
    <ClCompile Include="WinFont.cpp">
      <Filter>Source Files</Filter>
    </ClCompile>
    <ClCompile Include="sgp_logger.cpp">
      <Filter>Source Files</Filter>
    </ClCompile>
  </ItemGroup>
</Project>
