<?xml version="1.0" encoding="utf-8"?>
<Project ToolsVersion="4.0" xmlns="http://schemas.microsoft.com/developer/msbuild/2003">
  <ItemGroup>
    <Filter Include="Header Files">
      <UniqueIdentifier>{1305164a-0ad7-4d96-af15-765647f97f27}</UniqueIdentifier>
    </Filter>
    <Filter Include="Source Files">
      <UniqueIdentifier>{02bb6629-3e96-4c7d-931f-fb1ec12b8ef5}</UniqueIdentifier>
    </Filter>
  </ItemGroup>
  <ItemGroup>
    <ClInclude Include="Button Defines.h">
      <Filter>Header Files</Filter>
    </ClInclude>
    <ClInclude Include="Cursor Modes.h">
      <Filter>Header Files</Filter>
    </ClInclude>
    <ClInclude Include="edit_sys.h">
      <Filter>Header Files</Filter>
    </ClInclude>
      <Filter>Header Files</Filter>
    </ClInclude>
    <ClInclude Include="Editor Callback Prototypes.h">
      <Filter>Header Files</Filter>
    </ClInclude>
    <ClInclude Include="Editor Modes.h">
      <Filter>Header Files</Filter>
    </ClInclude>
    <ClInclude Include="Editor Taskbar Creation.h">
      <Filter>Header Files</Filter>
    </ClInclude>
    <ClInclude Include="Editor Taskbar Utils.h">
      <Filter>Header Files</Filter>
    </ClInclude>
    <ClInclude Include="Editor Undo.h">
      <Filter>Header Files</Filter>
    </ClInclude>
    <ClInclude Include="EditorBuildings.h">
      <Filter>Header Files</Filter>
    </ClInclude>
    <ClInclude Include="EditorDefines.h">
      <Filter>Header Files</Filter>
    </ClInclude>
    <ClInclude Include="EditorItems.h">
      <Filter>Header Files</Filter>
    </ClInclude>
    <ClInclude Include="EditorMapInfo.h">
      <Filter>Header Files</Filter>
    </ClInclude>
    <ClInclude Include="EditorMercs.h">
      <Filter>Header Files</Filter>
    </ClInclude>
    <ClInclude Include="EditorTerrain.h">
      <Filter>Header Files</Filter>
    </ClInclude>
    <ClInclude Include="editscreen.h">
      <Filter>Header Files</Filter>
    </ClInclude>
    <ClInclude Include="Item Statistics.h">
      <Filter>Header Files</Filter>
    </ClInclude>
    <ClInclude Include="LoadScreen.h">
      <Filter>Header Files</Filter>
    </ClInclude>
    <ClInclude Include="messagebox.h">
      <Filter>Header Files</Filter>
    </ClInclude>
    <ClInclude Include="newsmooth.h">
      <Filter>Header Files</Filter>
    </ClInclude>
    <ClInclude Include="popupmenu.h">
      <Filter>Header Files</Filter>
    </ClInclude>
    <ClInclude Include="Road Smoothing.h">
      <Filter>Header Files</Filter>
    </ClInclude>
    <ClInclude Include="Sector Summary.h">
      <Filter>Header Files</Filter>
    </ClInclude>
    <ClInclude Include="selectwin.h">
      <Filter>Header Files</Filter>
    </ClInclude>
    <ClInclude Include="SmartMethod.h">
      <Filter>Header Files</Filter>
    </ClInclude>
    <ClInclude Include="smooth.h">
      <Filter>Header Files</Filter>
    </ClInclude>
    <ClInclude Include="Smoothing Utils.h">
      <Filter>Header Files</Filter>
    </ClInclude>
    <ClInclude Include="Summary Info.h">
      <Filter>Header Files</Filter>
    </ClInclude>
  </ItemGroup>
  <ItemGroup>
    <ClCompile Include="Cursor Modes.cpp">
      <Filter>Source Files</Filter>
    </ClCompile>
    <ClCompile Include="edit_sys.cpp">
      <Filter>Source Files</Filter>
    </ClCompile>
    <ClCompile Include="Editor Callbacks.cpp">
      <Filter>Source Files</Filter>
    </ClCompile>
    <ClCompile Include="Editor Modes.cpp">
      <Filter>Source Files</Filter>
    </ClCompile>
    <ClCompile Include="Editor Taskbar Creation.cpp">
      <Filter>Source Files</Filter>
    </ClCompile>
    <ClCompile Include="Editor Taskbar Utils.cpp">
      <Filter>Source Files</Filter>
    </ClCompile>
    <ClCompile Include="Editor Undo.cpp">
      <Filter>Source Files</Filter>
    </ClCompile>
    <ClCompile Include="EditorBuildings.cpp">
      <Filter>Source Files</Filter>
    </ClCompile>
    <ClCompile Include="EditorItems.cpp">
      <Filter>Source Files</Filter>
    </ClCompile>
    <ClCompile Include="EditorMapInfo.cpp">
      <Filter>Source Files</Filter>
    </ClCompile>
    <ClCompile Include="EditorMercs.cpp">
      <Filter>Source Files</Filter>
    </ClCompile>
    <ClCompile Include="EditorTerrain.cpp">
      <Filter>Source Files</Filter>
    </ClCompile>
    <ClCompile Include="editscreen.cpp">
      <Filter>Source Files</Filter>
    </ClCompile>
    <ClCompile Include="Item Statistics.cpp">
      <Filter>Source Files</Filter>
    </ClCompile>
    <ClCompile Include="LoadScreen.cpp">
      <Filter>Source Files</Filter>
    </ClCompile>
    <ClCompile Include="messagebox.cpp">
      <Filter>Source Files</Filter>
    </ClCompile>
    <ClCompile Include="newsmooth.cpp">
      <Filter>Source Files</Filter>
    </ClCompile>
    <ClCompile Include="popupmenu.cpp">
      <Filter>Source Files</Filter>
    </ClCompile>
    <ClCompile Include="Road Smoothing.cpp">
      <Filter>Source Files</Filter>
    </ClCompile>
    <ClCompile Include="Sector Summary.cpp">
      <Filter>Source Files</Filter>
    </ClCompile>
    <ClCompile Include="selectwin.cpp">
      <Filter>Source Files</Filter>
    </ClCompile>
    <ClCompile Include="SmartMethod.cpp">
      <Filter>Source Files</Filter>
    </ClCompile>
    <ClCompile Include="smooth.cpp">
      <Filter>Source Files</Filter>
    </ClCompile>
    <ClCompile Include="Smoothing Utils.cpp">
      <Filter>Source Files</Filter>
    </ClCompile>
    <ClCompile Include="XML_ActionItems.cpp">
      <Filter>Source Files</Filter>
    </ClCompile>
  </ItemGroup>
</Project>