<?xml version="1.0" encoding="utf-8"?>
<Project ToolsVersion="4.0" xmlns="http://schemas.microsoft.com/developer/msbuild/2003">
  <ItemGroup>
    <Filter Include="Header Files">
      <UniqueIdentifier>{84a4f64f-bc1b-4e0c-848c-2b7c145ae615}</UniqueIdentifier>
    </Filter>
    <Filter Include="Source Files">
      <UniqueIdentifier>{b159d1de-d6d6-4531-b86a-b991f7210268}</UniqueIdentifier>
    </Filter>
  </ItemGroup>
  <ItemGroup>
    <ClInclude Include="aim.h">
      <Filter>Header Files</Filter>
    </ClInclude>
    <ClInclude Include="AimArchives.h">
      <Filter>Header Files</Filter>
    </ClInclude>
    <ClInclude Include="AimFacialIndex.h">
      <Filter>Header Files</Filter>
    </ClInclude>
    <ClInclude Include="AimHistory.h">
      <Filter>Header Files</Filter>
    </ClInclude>
    <ClInclude Include="AimLinks.h">
      <Filter>Header Files</Filter>
    </ClInclude>
    <ClInclude Include="AimMembers.h">
      <Filter>Header Files</Filter>
    </ClInclude>
    <ClInclude Include="AimPolicies.h">
      <Filter>Header Files</Filter>
    </ClInclude>
    <ClInclude Include="AimSort.h">
      <Filter>Header Files</Filter>
    </ClInclude>
    <ClInclude Include="BobbyR.h">
      <Filter>Header Files</Filter>
    </ClInclude>
    <ClInclude Include="BobbyRAmmo.h">
      <Filter>Header Files</Filter>
    </ClInclude>
    <ClInclude Include="BobbyRArmour.h">
      <Filter>Header Files</Filter>
    </ClInclude>
    <ClInclude Include="BobbyRGuns.h">
      <Filter>Header Files</Filter>
    </ClInclude>
    <ClInclude Include="BobbyRMailOrder.h">
      <Filter>Header Files</Filter>
    </ClInclude>
    <ClInclude Include="BobbyRMisc.h">
      <Filter>Header Files</Filter>
    </ClInclude>
    <ClInclude Include="BobbyRShipments.h">
      <Filter>Header Files</Filter>
    </ClInclude>
    <ClInclude Include="BobbyRUsed.h">
      <Filter>Header Files</Filter>
    </ClInclude>
    <ClInclude Include="BrokenLink.h">
      <Filter>Header Files</Filter>
    </ClInclude>
    <ClInclude Include="CharProfile.h">
      <Filter>Header Files</Filter>
    </ClInclude>
    <ClInclude Include="email.h">
      <Filter>Header Files</Filter>
    </ClInclude>
    <ClInclude Include="files.h">
      <Filter>Header Files</Filter>
    </ClInclude>
    <ClInclude Include="finances.h">
      <Filter>Header Files</Filter>
    </ClInclude>
    <ClInclude Include="florist Cards.h">
      <Filter>Header Files</Filter>
    </ClInclude>
    <ClInclude Include="florist Gallery.h">
      <Filter>Header Files</Filter>
    </ClInclude>
    <ClInclude Include="florist Order Form.h">
      <Filter>Header Files</Filter>
    </ClInclude>
    <ClInclude Include="florist.h">
      <Filter>Header Files</Filter>
    </ClInclude>
    <ClInclude Include="funeral.h">
      <Filter>Header Files</Filter>
    </ClInclude>
    <ClInclude Include="GunEmporium.h">
      <Filter>Header Files</Filter>
    </ClInclude>
    <ClInclude Include="history.h">
      <Filter>Header Files</Filter>
    </ClInclude>
    <ClInclude Include="IMP AboutUs.h">
      <Filter>Header Files</Filter>
    </ClInclude>
    <ClInclude Include="IMP Attribute Entrance.h">
      <Filter>Header Files</Filter>
    </ClInclude>
    <ClInclude Include="IMP Attribute Finish.h">
      <Filter>Header Files</Filter>
    </ClInclude>
    <ClInclude Include="IMP Attribute Selection.h">
      <Filter>Header Files</Filter>
    </ClInclude>
    <ClInclude Include="IMP Begin Screen.h">
      <Filter>Header Files</Filter>
    </ClInclude>
    <ClInclude Include="IMP Character and Disability Entrance.h">
      <Filter>Header Files</Filter>
    </ClInclude>
    <ClInclude Include="IMP Character Trait.h">
      <Filter>Header Files</Filter>
    </ClInclude>
    <ClInclude Include="IMP Color Choosing.h">
      <Filter>Header Files</Filter>
    </ClInclude>
    <ClInclude Include="IMP Compile Character.h">
      <Filter>Header Files</Filter>
    </ClInclude>
    <ClInclude Include="IMP Confirm.h">
      <Filter>Header Files</Filter>
    </ClInclude>
    <ClInclude Include="IMP Disability Trait.h">
      <Filter>Header Files</Filter>
    </ClInclude>
    <ClInclude Include="IMP Finish.h">
      <Filter>Header Files</Filter>
    </ClInclude>
    <ClInclude Include="IMP HomePage.h">
      <Filter>Header Files</Filter>
    </ClInclude>
    <ClInclude Include="IMP MainPage.h">
      <Filter>Header Files</Filter>
    </ClInclude>
    <ClInclude Include="IMP Minor Trait.h">
      <Filter>Header Files</Filter>
    </ClInclude>
    <ClInclude Include="IMP Personality Entrance.h">
      <Filter>Header Files</Filter>
    </ClInclude>
    <ClInclude Include="IMP Personality Finish.h">
      <Filter>Header Files</Filter>
    </ClInclude>
    <ClInclude Include="IMP Personality Quiz.h">
      <Filter>Header Files</Filter>
    </ClInclude>
    <ClInclude Include="IMP Portraits.h">
      <Filter>Header Files</Filter>
    </ClInclude>
    <ClInclude Include="IMP Skill Trait.h">
      <Filter>Header Files</Filter>
    </ClInclude>
    <ClInclude Include="IMP Text System.h">
      <Filter>Header Files</Filter>
    </ClInclude>
    <ClInclude Include="IMP Voices.h">
      <Filter>Header Files</Filter>
    </ClInclude>
    <ClInclude Include="IMPVideoObjects.h">
      <Filter>Header Files</Filter>
    </ClInclude>
    <ClInclude Include="insurance Comments.h">
      <Filter>Header Files</Filter>
    </ClInclude>
    <ClInclude Include="insurance Contract.h">
      <Filter>Header Files</Filter>
    </ClInclude>
    <ClInclude Include="insurance Info.h">
      <Filter>Header Files</Filter>
    </ClInclude>
    <ClInclude Include="Insurance Text.h">
      <Filter>Header Files</Filter>
    </ClInclude>
    <ClInclude Include="insurance.h">
      <Filter>Header Files</Filter>
    </ClInclude>
    <ClInclude Include="Laptop All.h">
      <Filter>Header Files</Filter>
    </ClInclude>
    <ClInclude Include="laptop.h">
      <Filter>Header Files</Filter>
    </ClInclude>
    <ClInclude Include="LaptopSave.h">
      <Filter>Header Files</Filter>
    </ClInclude>
    <ClInclude Include="mercs Account.h">
      <Filter>Header Files</Filter>
    </ClInclude>
    <ClInclude Include="mercs Files.h">
      <Filter>Header Files</Filter>
    </ClInclude>
    <ClInclude Include="mercs No Account.h">
      <Filter>Header Files</Filter>
    </ClInclude>
    <ClInclude Include="mercs.h">
      <Filter>Header Files</Filter>
    </ClInclude>
    <ClInclude Include="personnel.h">
      <Filter>Header Files</Filter>
    </ClInclude>
    <ClInclude Include="PostalService.h">
      <Filter>Header Files</Filter>
    </ClInclude>
    <ClInclude Include="sirtech.h">
      <Filter>Header Files</Filter>
    </ClInclude>
    <ClInclude Include="Speck Quotes.h">
      <Filter>Header Files</Filter>
    </ClInclude>
    <ClInclude Include="Store Inventory.h">
      <Filter>Header Files</Filter>
    </ClInclude>
    <ClInclude Include="BriefingRoom.h">
      <Filter>Header Files</Filter>
    </ClInclude>
    <ClInclude Include="BriefingRoomM.h">
      <Filter>Header Files</Filter>
    </ClInclude>
    <ClInclude Include="Encyclopedia.h">
      <Filter>Header Files</Filter>
    </ClInclude>
    <ClInclude Include="Encyclopedia_Data.h">
      <Filter>Header Files</Filter>
    </ClInclude>
  </ItemGroup>
  <ItemGroup>
    <ClCompile Include="aim.cpp">
      <Filter>Source Files</Filter>
    </ClCompile>
    <ClCompile Include="AimArchives.cpp">
      <Filter>Source Files</Filter>
    </ClCompile>
    <ClCompile Include="AimFacialIndex.cpp">
      <Filter>Source Files</Filter>
    </ClCompile>
    <ClCompile Include="AimHistory.cpp">
      <Filter>Source Files</Filter>
    </ClCompile>
    <ClCompile Include="AimLinks.cpp">
      <Filter>Source Files</Filter>
    </ClCompile>
    <ClCompile Include="AimMembers.cpp">
      <Filter>Source Files</Filter>
    </ClCompile>
    <ClCompile Include="AimPolicies.cpp">
      <Filter>Source Files</Filter>
    </ClCompile>
    <ClCompile Include="AimSort.cpp">
      <Filter>Source Files</Filter>
    </ClCompile>
    <ClCompile Include="BobbyR.cpp">
      <Filter>Source Files</Filter>
    </ClCompile>
    <ClCompile Include="BobbyRAmmo.cpp">
      <Filter>Source Files</Filter>
    </ClCompile>
    <ClCompile Include="BobbyRArmour.cpp">
      <Filter>Source Files</Filter>
    </ClCompile>
    <ClCompile Include="BobbyRGuns.cpp">
      <Filter>Source Files</Filter>
    </ClCompile>
    <ClCompile Include="BobbyRMailOrder.cpp">
      <Filter>Source Files</Filter>
    </ClCompile>
    <ClCompile Include="BobbyRMisc.cpp">
      <Filter>Source Files</Filter>
    </ClCompile>
    <ClCompile Include="BobbyRShipments.cpp">
      <Filter>Source Files</Filter>
    </ClCompile>
    <ClCompile Include="BobbyRUsed.cpp">
      <Filter>Source Files</Filter>
    </ClCompile>
    <ClCompile Include="BrokenLink.cpp">
      <Filter>Source Files</Filter>
    </ClCompile>
    <ClCompile Include="CharProfile.cpp">
      <Filter>Source Files</Filter>
    </ClCompile>
    <ClCompile Include="email.cpp">
      <Filter>Source Files</Filter>
    </ClCompile>
    <ClCompile Include="files.cpp">
      <Filter>Source Files</Filter>
    </ClCompile>
    <ClCompile Include="finances.cpp">
      <Filter>Source Files</Filter>
    </ClCompile>
    <ClCompile Include="florist Cards.cpp">
      <Filter>Source Files</Filter>
    </ClCompile>
    <ClCompile Include="florist Gallery.cpp">
      <Filter>Source Files</Filter>
    </ClCompile>
    <ClCompile Include="florist Order Form.cpp">
      <Filter>Source Files</Filter>
    </ClCompile>
    <ClCompile Include="florist.cpp">
      <Filter>Source Files</Filter>
    </ClCompile>
    <ClCompile Include="funeral.cpp">
      <Filter>Source Files</Filter>
    </ClCompile>
    <ClCompile Include="GunEmporium.cpp">
      <Filter>Source Files</Filter>
    </ClCompile>
    <ClCompile Include="history.cpp">
      <Filter>Source Files</Filter>
    </ClCompile>
    <ClCompile Include="IMP AboutUs.cpp">
      <Filter>Source Files</Filter>
    </ClCompile>
    <ClCompile Include="IMP Attribute Entrance.cpp">
      <Filter>Source Files</Filter>
    </ClCompile>
    <ClCompile Include="IMP Attribute Finish.cpp">
      <Filter>Source Files</Filter>
    </ClCompile>
    <ClCompile Include="IMP Attribute Selection.cpp">
      <Filter>Source Files</Filter>
    </ClCompile>
    <ClCompile Include="IMP Begin Screen.cpp">
      <Filter>Source Files</Filter>
    </ClCompile>
    <ClCompile Include="IMP Character and Disability Entrance.cpp">
      <Filter>Source Files</Filter>
    </ClCompile>
    <ClCompile Include="IMP Character Trait.cpp">
      <Filter>Source Files</Filter>
    </ClCompile>
    <ClCompile Include="IMP Color Choosing.cpp">
      <Filter>Source Files</Filter>
    </ClCompile>
    <ClCompile Include="IMP Compile Character.cpp">
      <Filter>Source Files</Filter>
    </ClCompile>
    <ClCompile Include="IMP Confirm.cpp">
      <Filter>Source Files</Filter>
    </ClCompile>
    <ClCompile Include="IMP Disability Trait.cpp">
      <Filter>Source Files</Filter>
    </ClCompile>
    <ClCompile Include="IMP Finish.cpp">
      <Filter>Source Files</Filter>
    </ClCompile>
    <ClCompile Include="IMP HomePage.cpp">
      <Filter>Source Files</Filter>
    </ClCompile>
    <ClCompile Include="IMP MainPage.cpp">
      <Filter>Source Files</Filter>
    </ClCompile>
    <ClCompile Include="IMP Minor Trait.cpp">
      <Filter>Source Files</Filter>
    </ClCompile>
    <ClCompile Include="IMP Personality Entrance.cpp">
      <Filter>Source Files</Filter>
    </ClCompile>
    <ClCompile Include="IMP Personality Finish.cpp">
      <Filter>Source Files</Filter>
    </ClCompile>
    <ClCompile Include="IMP Personality Quiz.cpp">
      <Filter>Source Files</Filter>
    </ClCompile>
    <ClCompile Include="IMP Portraits.cpp">
      <Filter>Source Files</Filter>
    </ClCompile>
    <ClCompile Include="IMP Skill Trait.cpp">
      <Filter>Source Files</Filter>
    </ClCompile>
    <ClCompile Include="IMP Text System.cpp">
      <Filter>Source Files</Filter>
    </ClCompile>
    <ClCompile Include="IMP Voices.cpp">
      <Filter>Source Files</Filter>
    </ClCompile>
    <ClCompile Include="IMPVideoObjects.cpp">
      <Filter>Source Files</Filter>
    </ClCompile>
    <ClCompile Include="insurance Comments.cpp">
      <Filter>Source Files</Filter>
    </ClCompile>
    <ClCompile Include="insurance Contract.cpp">
      <Filter>Source Files</Filter>
    </ClCompile>
    <ClCompile Include="insurance Info.cpp">
      <Filter>Source Files</Filter>
    </ClCompile>
    <ClCompile Include="insurance.cpp">
      <Filter>Source Files</Filter>
    </ClCompile>
    <ClCompile Include="laptop.cpp">
      <Filter>Source Files</Filter>
    </ClCompile>
    <ClCompile Include="mercs Account.cpp">
      <Filter>Source Files</Filter>
    </ClCompile>
    <ClCompile Include="mercs Files.cpp">
      <Filter>Source Files</Filter>
    </ClCompile>
    <ClCompile Include="mercs No Account.cpp">
      <Filter>Source Files</Filter>
    </ClCompile>
    <ClCompile Include="mercs.cpp">
      <Filter>Source Files</Filter>
    </ClCompile>
    <ClCompile Include="personnel.cpp">
      <Filter>Source Files</Filter>
    </ClCompile>
    <ClCompile Include="PostalService.cpp">
      <Filter>Source Files</Filter>
    </ClCompile>
    <ClCompile Include="sirtech.cpp">
      <Filter>Source Files</Filter>
    </ClCompile>
    <ClCompile Include="Store Inventory.cpp">
      <Filter>Source Files</Filter>
    </ClCompile>
    <ClCompile Include="XML_DeliveryMethods.cpp">
      <Filter>Source Files</Filter>
    </ClCompile>
    <ClCompile Include="XML_ShippingDestinations.cpp">
      <Filter>Source Files</Filter>
    </ClCompile>
    <ClCompile Include="XML_IMPPortraits.cpp">
      <Filter>Source Files</Filter>
    </ClCompile>
    <ClCompile Include="XML_AIMAvailability.cpp">
      <Filter>Source Files</Filter>
    </ClCompile>
    <ClCompile Include="XML_ConditionsForMercAvailability.cpp">
      <Filter>Source Files</Filter>
    </ClCompile>
    <ClCompile Include="XML_EmailMercAvailable.cpp">
      <Filter>Source Files</Filter>
    </ClCompile>
    <ClCompile Include="XML_EmailMercLevelUp.cpp">
      <Filter>Source Files</Filter>
    </ClCompile>
    <ClCompile Include="BriefingRoom.cpp">
      <Filter>Source Files</Filter>
    </ClCompile>
    <ClCompile Include="BriefingRoomM.cpp">
      <Filter>Source Files</Filter>
    </ClCompile>
    <ClCompile Include="Encyclopedia.cpp">
      <Filter>Source Files</Filter>
    </ClCompile>
    <ClCompile Include="Encyclopedia_Data.cpp">
      <Filter>Source Files</Filter>
    </ClCompile>
    <ClCompile Include="XML_EncyclopediaLocation.cpp">
      <Filter>Source Files</Filter>
    </ClCompile>
    <ClCompile Include="XML_Email.cpp">
      <Filter>Source Files</Filter>
    </ClCompile>
    <ClCompile Include="XML_OldAIMArchive.cpp">
      <Filter>Source Files</Filter>
    </ClCompile>
  </ItemGroup>
</Project>