<?xml version="1.0" encoding="utf-8"?>
<Project ToolsVersion="4.0" xmlns="http://schemas.microsoft.com/developer/msbuild/2003">
  <ItemGroup>
    <Filter Include="Header Files">
      <UniqueIdentifier>{85134125-f317-490e-9a9d-d210267ff98b}</UniqueIdentifier>
    </Filter>
    <Filter Include="Source Files">
      <UniqueIdentifier>{2c5f371b-8372-46d7-8b88-8c1885ddf7ef}</UniqueIdentifier>
    </Filter>
  </ItemGroup>
  <ItemGroup>
    <ClInclude Include="_Ja25DutchText.h">
      <Filter>Header Files</Filter>
    </ClInclude>
    <ClInclude Include="_Ja25EnglishText.h">
      <Filter>Header Files</Filter>
    </ClInclude>
    <ClInclude Include="_Ja25FrenchText.h">
      <Filter>Header Files</Filter>
    </ClInclude>
    <ClInclude Include="_Ja25GermanText.h">
      <Filter>Header Files</Filter>
    </ClInclude>
    <ClInclude Include="_Ja25ItalianText.h">
      <Filter>Header Files</Filter>
    </ClInclude>
    <ClInclude Include="_Ja25PolishText.h">
      <Filter>Header Files</Filter>
    </ClInclude>
    <ClInclude Include="_Ja25RussianText.h">
      <Filter>Header Files</Filter>
    </ClInclude>
    <ClInclude Include="_Ja25TaiwaneseText.h">
      <Filter>Header Files</Filter>
    </ClInclude>
    <ClInclude Include="Animated ProgressBar.h">
      <Filter>Header Files</Filter>
    </ClInclude>
    <ClInclude Include="Cinematics.h">
      <Filter>Header Files</Filter>
    </ClInclude>
    <ClInclude Include="Cursors.h">
      <Filter>Header Files</Filter>
    </ClInclude>
    <ClInclude Include="Debug Control.h">
      <Filter>Header Files</Filter>
    </ClInclude>
    <ClInclude Include="dsutil.h">
      <Filter>Header Files</Filter>
    </ClInclude>
    <ClInclude Include="Encrypted File.h">
      <Filter>Header Files</Filter>
    </ClInclude>
    <ClInclude Include="Event Manager.h">
      <Filter>Header Files</Filter>
    </ClInclude>
    <ClInclude Include="Event Pump.h">
      <Filter>Header Files</Filter>
    </ClInclude>
    <ClInclude Include="ExportStrings.h">
      <Filter>Header Files</Filter>
    </ClInclude>
    <ClInclude Include="Font Control.h">
      <Filter>Header Files</Filter>
    </ClInclude>
    <ClInclude Include="ImportStrings.h">
      <Filter>Header Files</Filter>
    </ClInclude>
    <ClInclude Include="INIReader.h">
      <Filter>Header Files</Filter>
    </ClInclude>
    <ClInclude Include="LocalizedStrings.h">
      <Filter>Header Files</Filter>
    </ClInclude>
    <ClInclude Include="maputility.h">
      <Filter>Header Files</Filter>
    </ClInclude>
    <ClInclude Include="MercTextBox.h">
      <Filter>Header Files</Filter>
    </ClInclude>
    <ClInclude Include="message.h">
      <Filter>Header Files</Filter>
    </ClInclude>
    <ClInclude Include="Multi Language Graphic Utils.h">
      <Filter>Header Files</Filter>
    </ClInclude>
    <ClInclude Include="Multilingual Text Code Generator.h">
      <Filter>Header Files</Filter>
    </ClInclude>
    <ClInclude Include="Music Control.h">
      <Filter>Header Files</Filter>
    </ClInclude>
    <ClInclude Include="PopUpBox.h">
      <Filter>Header Files</Filter>
    </ClInclude>
    <ClInclude Include="Quantize Wrap.h">
      <Filter>Header Files</Filter>
    </ClInclude>
    <ClInclude Include="Quantize.h">
      <Filter>Header Files</Filter>
    </ClInclude>
    <ClInclude Include="Slider.h">
      <Filter>Header Files</Filter>
    </ClInclude>
    <ClInclude Include="Sound Control.h">
      <Filter>Header Files</Filter>
    </ClInclude>
    <ClInclude Include="STIConvert.h">
      <Filter>Header Files</Filter>
    </ClInclude>
    <ClInclude Include="Text Input.h">
      <Filter>Header Files</Filter>
    </ClInclude>
    <ClInclude Include="Text.h">
      <Filter>Header Files</Filter>
    </ClInclude>
    <ClInclude Include="Timer Control.h">
      <Filter>Header Files</Filter>
    </ClInclude>
    <ClInclude Include="Utilities.h">
      <Filter>Header Files</Filter>
    </ClInclude>
    <ClInclude Include="Utils All.h">
      <Filter>Header Files</Filter>
    </ClInclude>
    <ClInclude Include="Win Util.h">
      <Filter>Header Files</Filter>
    </ClInclude>
    <ClInclude Include="WordWrap.h">
      <Filter>Header Files</Filter>
    </ClInclude>
    <ClInclude Include="XML_auto_parse.h">
      <Filter>Header Files</Filter>
    </ClInclude>
    <ClInclude Include="XML_Parser.h">
      <Filter>Header Files</Filter>
    </ClInclude>
    <ClInclude Include="XML_SenderNameList.h">
      <Filter>Header Files</Filter>
    </ClInclude>
    <ClInclude Include="XMLWriter.h">
      <Filter>Header Files</Filter>
    </ClInclude>
    <ClInclude Include="bink.h">
      <Filter>Header Files</Filter>
    </ClInclude>
    <ClInclude Include="Cinematics Bink.h">
      <Filter>Header Files</Filter>
    </ClInclude>
    <ClInclude Include="popup_callback.h" />
    <ClInclude Include="popup_class.h" />
  </ItemGroup>
  <ItemGroup>
    <ClCompile Include="_ChineseText.cpp">
      <Filter>Source Files</Filter>
    </ClCompile>
    <ClCompile Include="_DutchText.cpp">
      <Filter>Source Files</Filter>
    </ClCompile>
    <ClCompile Include="_EnglishText.cpp">
      <Filter>Source Files</Filter>
    </ClCompile>
    <ClCompile Include="_FrenchText.cpp">
      <Filter>Source Files</Filter>
    </ClCompile>
    <ClCompile Include="_GermanText.cpp">
      <Filter>Source Files</Filter>
    </ClCompile>
    <ClCompile Include="_ItalianText.cpp">
      <Filter>Source Files</Filter>
    </ClCompile>
    <ClCompile Include="_Ja25ChineseText.cpp">
      <Filter>Source Files</Filter>
    </ClCompile>
    <ClCompile Include="_Ja25DutchText.cpp">
      <Filter>Source Files</Filter>
    </ClCompile>
    <ClCompile Include="_Ja25EnglishText.cpp">
      <Filter>Source Files</Filter>
    </ClCompile>
    <ClCompile Include="_Ja25FrenchText.cpp">
      <Filter>Source Files</Filter>
    </ClCompile>
    <ClCompile Include="_Ja25GermanText.cpp">
      <Filter>Source Files</Filter>
    </ClCompile>
    <ClCompile Include="_Ja25ItalianText.cpp">
      <Filter>Source Files</Filter>
    </ClCompile>
    <ClCompile Include="_Ja25PolishText.cpp">
      <Filter>Source Files</Filter>
    </ClCompile>
    <ClCompile Include="_Ja25RussianText.cpp">
      <Filter>Source Files</Filter>
    </ClCompile>
    <ClCompile Include="_Ja25TaiwaneseText.cpp">
      <Filter>Source Files</Filter>
    </ClCompile>
    <ClCompile Include="_PolishText.cpp">
      <Filter>Source Files</Filter>
    </ClCompile>
    <ClCompile Include="_RussianText.cpp">
      <Filter>Source Files</Filter>
    </ClCompile>
    <ClCompile Include="_TaiwaneseText.cpp">
      <Filter>Source Files</Filter>
    </ClCompile>
    <ClCompile Include="Animated ProgressBar.cpp">
      <Filter>Source Files</Filter>
    </ClCompile>
    <ClCompile Include="Cinematics.cpp">
      <Filter>Source Files</Filter>
    </ClCompile>
    <ClCompile Include="Cursors.cpp">
      <Filter>Source Files</Filter>
    </ClCompile>
    <ClCompile Include="Debug Control.cpp">
      <Filter>Source Files</Filter>
    </ClCompile>
    <ClCompile Include="dsutil.cpp">
      <Filter>Source Files</Filter>
    </ClCompile>
    <ClCompile Include="Encrypted File.cpp">
      <Filter>Source Files</Filter>
    </ClCompile>
    <ClCompile Include="Event Manager.cpp">
      <Filter>Source Files</Filter>
    </ClCompile>
    <ClCompile Include="Event Pump.cpp">
      <Filter>Source Files</Filter>
    </ClCompile>
    <ClCompile Include="ExportStrings.cpp">
      <Filter>Source Files</Filter>
    </ClCompile>
    <ClCompile Include="Font Control.cpp">
      <Filter>Source Files</Filter>
    </ClCompile>
    <ClCompile Include="ImportStrings.cpp">
      <Filter>Source Files</Filter>
    </ClCompile>
    <ClCompile Include="INIReader.cpp">
      <Filter>Source Files</Filter>
    </ClCompile>
    <ClCompile Include="LocalizedStrings.cpp">
      <Filter>Source Files</Filter>
    </ClCompile>
    <ClCompile Include="MapUtility.cpp">
      <Filter>Source Files</Filter>
    </ClCompile>
    <ClCompile Include="MercTextBox.cpp">
      <Filter>Source Files</Filter>
    </ClCompile>
    <ClCompile Include="message.cpp">
      <Filter>Source Files</Filter>
    </ClCompile>
    <ClCompile Include="Multi Language Graphic Utils.cpp">
      <Filter>Source Files</Filter>
    </ClCompile>
    <ClCompile Include="Multilingual Text Code Generator.cpp">
      <Filter>Source Files</Filter>
    </ClCompile>
    <ClCompile Include="Music Control.cpp">
      <Filter>Source Files</Filter>
    </ClCompile>
    <ClCompile Include="PopUpBox.cpp">
      <Filter>Source Files</Filter>
    </ClCompile>
    <ClCompile Include="Quantize Wrap.cpp">
      <Filter>Source Files</Filter>
    </ClCompile>
    <ClCompile Include="Quantize.cpp">
      <Filter>Source Files</Filter>
    </ClCompile>
    <ClCompile Include="Slider.cpp">
      <Filter>Source Files</Filter>
    </ClCompile>
    <ClCompile Include="Sound Control.cpp">
      <Filter>Source Files</Filter>
    </ClCompile>
    <ClCompile Include="STIConvert.cpp">
      <Filter>Source Files</Filter>
    </ClCompile>
    <ClCompile Include="Text Input.cpp">
      <Filter>Source Files</Filter>
    </ClCompile>
    <ClCompile Include="Text Utils.cpp">
      <Filter>Source Files</Filter>
    </ClCompile>
    <ClCompile Include="Timer Control.cpp">
      <Filter>Source Files</Filter>
    </ClCompile>
    <ClCompile Include="Utilities.cpp">
      <Filter>Source Files</Filter>
    </ClCompile>
    <ClCompile Include="Win Util.cpp">
      <Filter>Source Files</Filter>
    </ClCompile>
    <ClCompile Include="WordWrap.cpp">
      <Filter>Source Files</Filter>
    </ClCompile>
    <ClCompile Include="XML_Items.cpp">
      <Filter>Source Files</Filter>
    </ClCompile>
    <ClCompile Include="XML_SenderNameList.cpp">
      <Filter>Source Files</Filter>
    </ClCompile>
    <ClCompile Include="XML_Strings.cpp">
      <Filter>Source Files</Filter>
    </ClCompile>
    <ClCompile Include="XML_Strings2.cpp">
      <Filter>Source Files</Filter>
    </ClCompile>
    <ClCompile Include="XMLProperties.cpp">
      <Filter>Source Files</Filter>
    </ClCompile>
    <ClCompile Include="XMLWriter.cpp">
      <Filter>Source Files</Filter>
    </ClCompile>
    <ClCompile Include="Cinematics Bink.cpp">
      <Filter>Source Files</Filter>
    </ClCompile>
    <ClCompile Include="popup_class.cpp" />
  </ItemGroup>
</Project>