<?xml version="1.0" encoding="utf-8"?>
<Project ToolsVersion="4.0" xmlns="http://schemas.microsoft.com/developer/msbuild/2003">
  <ItemGroup>
    <Filter Include="Header Files">
      <UniqueIdentifier>{2552d0a1-b3ed-43af-a06c-d0737ce6a63f}</UniqueIdentifier>
    </Filter>
    <Filter Include="Source Files">
      <UniqueIdentifier>{0f98d0d9-dbab-4dc2-8aa6-ee517a6ceab6}</UniqueIdentifier>
    </Filter>
  </ItemGroup>
  <ItemGroup>
    <ClInclude Include="AI All.h">
      <Filter>Header Files</Filter>
    </ClInclude>
    <ClInclude Include="ai.h">
      <Filter>Header Files</Filter>
    </ClInclude>
    <ClInclude Include="AIInternals.h">
      <Filter>Header Files</Filter>
    </ClInclude>
    <ClInclude Include="AIList.h">
      <Filter>Header Files</Filter>
    </ClInclude>
    <ClInclude Include="NPC.h">
      <Filter>Header Files</Filter>
    </ClInclude>
    <ClInclude Include="QuestDebug.h">
      <Filter>Header Files</Filter>
    </ClInclude>
  </ItemGroup>
  <ItemGroup>
    <ClCompile Include="AIList.cpp">
      <Filter>Source Files</Filter>
    </ClCompile>
    <ClCompile Include="AIMain.cpp">
      <Filter>Source Files</Filter>
    </ClCompile>
    <ClCompile Include="AIUtils.cpp">
      <Filter>Source Files</Filter>
    </ClCompile>
    <ClCompile Include="Attacks.cpp">
      <Filter>Source Files</Filter>
    </ClCompile>
    <ClCompile Include="CreatureDecideAction.cpp">
      <Filter>Source Files</Filter>
    </ClCompile>
    <ClCompile Include="DecideAction.cpp">
      <Filter>Source Files</Filter>
    </ClCompile>
    <ClCompile Include="FindLocations.cpp">
      <Filter>Source Files</Filter>
    </ClCompile>
    <ClCompile Include="Knowledge.cpp">
      <Filter>Source Files</Filter>
    </ClCompile>
    <ClCompile Include="Medical.cpp">
      <Filter>Source Files</Filter>
    </ClCompile>
    <ClCompile Include="Movement.cpp">
      <Filter>Source Files</Filter>
    </ClCompile>
    <ClCompile Include="NPC.cpp">
      <Filter>Source Files</Filter>
    </ClCompile>
    <ClCompile Include="PanicButtons.cpp">
      <Filter>Source Files</Filter>
    </ClCompile>
    <ClCompile Include="QuestDebug.cpp">
      <Filter>Source Files</Filter>
    </ClCompile>
    <ClCompile Include="Realtime.cpp">
      <Filter>Source Files</Filter>
    </ClCompile>
    <ClCompile Include="ZombieDecideAction.cpp">
      <Filter>Source Files</Filter>
    </ClCompile>
  </ItemGroup>
</Project>