<?xml version="1.0" encoding="utf-8"?>
<Project ToolsVersion="4.0" xmlns="http://schemas.microsoft.com/developer/msbuild/2003">
  <ItemGroup>
    <Filter Include="Header Files">
      <UniqueIdentifier>{b76e83a9-042b-4267-96e0-ffd42052b5d5}</UniqueIdentifier>
    </Filter>
    <Filter Include="Source Files">
      <UniqueIdentifier>{c1880088-a976-405e-919e-9f1e97ad6701}</UniqueIdentifier>
    </Filter>
  </ItemGroup>
  <ItemGroup>
    <ClInclude Include="Action Items.h">
      <Filter>Header Files</Filter>
    </ClInclude>
    <ClInclude Include="Air Raid.h">
      <Filter>Header Files</Filter>
    </ClInclude>
    <ClInclude Include="Animation Cache.h">
      <Filter>Header Files</Filter>
    </ClInclude>
    <ClInclude Include="Animation Control.h">
      <Filter>Header Files</Filter>
    </ClInclude>
    <ClInclude Include="Animation Data.h">
      <Filter>Header Files</Filter>
    </ClInclude>
    <ClInclude Include="Arms Dealer Init.h">
      <Filter>Header Files</Filter>
    </ClInclude>
    <ClInclude Include="ArmsDealerInvInit.h">
      <Filter>Header Files</Filter>
    </ClInclude>
    <ClInclude Include="Auto Bandage.h">
      <Filter>Header Files</Filter>
    </ClInclude>
    <ClInclude Include="BinaryHeap.hpp">
      <Filter>Header Files</Filter>
    </ClInclude>
    <ClInclude Include="Boxing.h">
      <Filter>Header Files</Filter>
    </ClInclude>
    <ClInclude Include="Bullets.h">
      <Filter>Header Files</Filter>
    </ClInclude>
    <ClInclude Include="Campaign.h">
      <Filter>Header Files</Filter>
    </ClInclude>
    <ClInclude Include="Civ Quotes.h">
      <Filter>Header Files</Filter>
    </ClInclude>
    <ClInclude Include="Dialogue Control.h">
      <Filter>Header Files</Filter>
    </ClInclude>
    <ClInclude Include="DisplayCover.h">
      <Filter>Header Files</Filter>
    </ClInclude>
    <ClInclude Include="Drugs And Alcohol.h">
      <Filter>Header Files</Filter>
    </ClInclude>
    <ClInclude Include="End Game.h">
      <Filter>Header Files</Filter>
    </ClInclude>
    <ClInclude Include="Enemy Soldier Save.h">
      <Filter>Header Files</Filter>
    </ClInclude>
    <ClInclude Include="EnemyItemDrops.h">
      <Filter>Header Files</Filter>
    </ClInclude>
    <ClInclude Include="faces.h">
      <Filter>Header Files</Filter>
    </ClInclude>
    <ClInclude Include="fov.h">
      <Filter>Header Files</Filter>
    </ClInclude>
    <ClInclude Include="GAP.H">
      <Filter>Header Files</Filter>
    </ClInclude>
    <ClInclude Include="Handle Doors.h">
      <Filter>Header Files</Filter>
    </ClInclude>
    <ClInclude Include="Handle Items.h">
      <Filter>Header Files</Filter>
    </ClInclude>
    <ClInclude Include="Handle UI Plan.h">
      <Filter>Header Files</Filter>
    </ClInclude>
    <ClInclude Include="Handle UI.h">
      <Filter>Header Files</Filter>
    </ClInclude>
    <ClInclude Include="Interface Control.h">
      <Filter>Header Files</Filter>
    </ClInclude>
    <ClInclude Include="Interface Cursors.h">
      <Filter>Header Files</Filter>
    </ClInclude>
    <ClInclude Include="interface Dialogue.h">
      <Filter>Header Files</Filter>
    </ClInclude>
    <ClInclude Include="Interface Enhanced.h">
      <Filter>Header Files</Filter>
    </ClInclude>
    <ClInclude Include="Interface Items.h">
      <Filter>Header Files</Filter>
    </ClInclude>
    <ClInclude Include="Interface Panels.h">
      <Filter>Header Files</Filter>
    </ClInclude>
    <ClInclude Include="Interface Utils.h">
      <Filter>Header Files</Filter>
    </ClInclude>
    <ClInclude Include="Interface.h">
      <Filter>Header Files</Filter>
    </ClInclude>
    <ClInclude Include="InterfaceItemImages.h">
      <Filter>Header Files</Filter>
    </ClInclude>
    <ClInclude Include="Inventory Choosing.h">
      <Filter>Header Files</Filter>
    </ClInclude>
    <ClInclude Include="Item Types.h">
      <Filter>Header Files</Filter>
    </ClInclude>
    <ClInclude Include="Items.h">
      <Filter>Header Files</Filter>
    </ClInclude>
    <ClInclude Include="Keys.h">
      <Filter>Header Files</Filter>
    </ClInclude>
    <ClInclude Include="LOS.h">
      <Filter>Header Files</Filter>
    </ClInclude>
    <ClInclude Include="Map Information.h">
      <Filter>Header Files</Filter>
    </ClInclude>
    <ClInclude Include="merc entering.h">
      <Filter>Header Files</Filter>
    </ClInclude>
    <ClInclude Include="Merc Hiring.h">
      <Filter>Header Files</Filter>
    </ClInclude>
    <ClInclude Include="Militia Control.h">
      <Filter>Header Files</Filter>
    </ClInclude>
    <ClInclude Include="Morale.h">
      <Filter>Header Files</Filter>
    </ClInclude>
    <ClInclude Include="opplist.h">
      <Filter>Header Files</Filter>
    </ClInclude>
    <ClInclude Include="Overhead Types.h">
      <Filter>Header Files</Filter>
    </ClInclude>
    <ClInclude Include="Overhead.h">
      <Filter>Header Files</Filter>
    </ClInclude>
    <ClInclude Include="PATHAI.H">
      <Filter>Header Files</Filter>
    </ClInclude>
    <ClInclude Include="PathAIDebug.h">
      <Filter>Header Files</Filter>
    </ClInclude>
    <ClInclude Include="Points.h">
      <Filter>Header Files</Filter>
    </ClInclude>
    <ClInclude Include="qarray.h">
      <Filter>Header Files</Filter>
    </ClInclude>
    <ClInclude Include="Rain.h">
      <Filter>Header Files</Filter>
    </ClInclude>
    <ClInclude Include="Rotting Corpses.h">
      <Filter>Header Files</Filter>
    </ClInclude>
    <ClInclude Include="rt time defines.h">
      <Filter>Header Files</Filter>
    </ClInclude>
    <ClInclude Include="ShopKeeper Interface.h">
      <Filter>Header Files</Filter>
    </ClInclude>
    <ClInclude Include="ShopKeeper Quotes.h">
      <Filter>Header Files</Filter>
    </ClInclude>
    <ClInclude Include="SkillCheck.h">
      <Filter>Header Files</Filter>
    </ClInclude>
    <ClInclude Include="Soldier Add.h">
      <Filter>Header Files</Filter>
    </ClInclude>
    <ClInclude Include="Soldier Ani.h">
      <Filter>Header Files</Filter>
    </ClInclude>
    <ClInclude Include="Soldier Control.h">
      <Filter>Header Files</Filter>
    </ClInclude>
    <ClInclude Include="Soldier Create.h">
      <Filter>Header Files</Filter>
    </ClInclude>
    <ClInclude Include="Soldier Find.h">
      <Filter>Header Files</Filter>
    </ClInclude>
    <ClInclude Include="Soldier Functions.h">
      <Filter>Header Files</Filter>
    </ClInclude>
    <ClInclude Include="Soldier Init List.h">
      <Filter>Header Files</Filter>
    </ClInclude>
    <ClInclude Include="Soldier macros.h">
      <Filter>Header Files</Filter>
    </ClInclude>
    <ClInclude Include="soldier profile type.h">
      <Filter>Header Files</Filter>
    </ClInclude>
    <ClInclude Include="Soldier Profile.h">
      <Filter>Header Files</Filter>
    </ClInclude>
    <ClInclude Include="soldier tile.h">
      <Filter>Header Files</Filter>
    </ClInclude>
    <ClInclude Include="Spread burst.h">
      <Filter>Header Files</Filter>
    </ClInclude>
    <ClInclude Include="Squads.h">
      <Filter>Header Files</Filter>
    </ClInclude>
    <ClInclude Include="Strategic Exit GUI.h">
      <Filter>Header Files</Filter>
    </ClInclude>
    <ClInclude Include="Structure Wrap.h">
      <Filter>Header Files</Filter>
    </ClInclude>
    <ClInclude Include="Tactical All.h">
      <Filter>Header Files</Filter>
    </ClInclude>
    <ClInclude Include="Tactical Save.h">
      <Filter>Header Files</Filter>
    </ClInclude>
    <ClInclude Include="Tactical Turns.h">
      <Filter>Header Files</Filter>
    </ClInclude>
    <ClInclude Include="TeamTurns.h">
      <Filter>Header Files</Filter>
    </ClInclude>
    <ClInclude Include="UI Cursors.h">
      <Filter>Header Files</Filter>
    </ClInclude>
    <ClInclude Include="Vehicles.h">
      <Filter>Header Files</Filter>
    </ClInclude>
    <ClInclude Include="Weapons.h">
      <Filter>Header Files</Filter>
    </ClInclude>
    <ClInclude Include="World Items.h">
      <Filter>Header Files</Filter>
    </ClInclude>
    <ClInclude Include="XML.h">
      <Filter>Header Files</Filter>
    </ClInclude>
    <ClInclude Include="XML_Profiles.h">
      <Filter>Header Files</Filter>
    </ClInclude>
    <ClInclude Include="Ja25_Tactical.h">
      <Filter>Header Files</Filter>
    </ClInclude>
    <ClInclude Include="Food.h">
      <Filter>Header Files</Filter>
    </ClInclude>
  </ItemGroup>
  <ItemGroup>
    <ClCompile Include="Air Raid.cpp">
      <Filter>Source Files</Filter>
    </ClCompile>
    <ClCompile Include="Animation Cache.cpp">
      <Filter>Source Files</Filter>
    </ClCompile>
    <ClCompile Include="Animation Control.cpp">
      <Filter>Source Files</Filter>
    </ClCompile>
    <ClCompile Include="Animation Data.cpp">
      <Filter>Source Files</Filter>
    </ClCompile>
    <ClCompile Include="Arms Dealer Init.cpp">
      <Filter>Source Files</Filter>
    </ClCompile>
    <ClCompile Include="ArmsDealerInvInit.cpp">
      <Filter>Source Files</Filter>
    </ClCompile>
    <ClCompile Include="Auto Bandage.cpp">
      <Filter>Source Files</Filter>
    </ClCompile>
    <ClCompile Include="Boxing.cpp">
      <Filter>Source Files</Filter>
    </ClCompile>
    <ClCompile Include="bullets.cpp">
      <Filter>Source Files</Filter>
    </ClCompile>
    <ClCompile Include="Campaign.cpp">
      <Filter>Source Files</Filter>
    </ClCompile>
    <ClCompile Include="Civ Quotes.cpp">
      <Filter>Source Files</Filter>
    </ClCompile>
    <ClCompile Include="Dialogue Control.cpp">
      <Filter>Source Files</Filter>
    </ClCompile>
    <ClCompile Include="DisplayCover.cpp">
      <Filter>Source Files</Filter>
    </ClCompile>
    <ClCompile Include="Drugs And Alcohol.cpp">
      <Filter>Source Files</Filter>
    </ClCompile>
    <ClCompile Include="End Game.cpp">
      <Filter>Source Files</Filter>
    </ClCompile>
    <ClCompile Include="Enemy Soldier Save.cpp">
      <Filter>Source Files</Filter>
    </ClCompile>
    <ClCompile Include="EnemyItemDrops.cpp">
      <Filter>Source Files</Filter>
    </ClCompile>
    <ClCompile Include="Faces.cpp">
      <Filter>Source Files</Filter>
    </ClCompile>
    <ClCompile Include="fov.cpp">
      <Filter>Source Files</Filter>
    </ClCompile>
    <ClCompile Include="GAP.cpp">
      <Filter>Source Files</Filter>
    </ClCompile>
    <ClCompile Include="Handle Doors.cpp">
      <Filter>Source Files</Filter>
    </ClCompile>
    <ClCompile Include="Handle Items.cpp">
      <Filter>Source Files</Filter>
    </ClCompile>
    <ClCompile Include="Handle UI Plan.cpp">
      <Filter>Source Files</Filter>
    </ClCompile>
    <ClCompile Include="Handle UI.cpp">
      <Filter>Source Files</Filter>
    </ClCompile>
    <ClCompile Include="Interface Control.cpp">
      <Filter>Source Files</Filter>
    </ClCompile>
    <ClCompile Include="Interface Cursors.cpp">
      <Filter>Source Files</Filter>
    </ClCompile>
    <ClCompile Include="Interface Dialogue.cpp">
      <Filter>Source Files</Filter>
    </ClCompile>
    <ClCompile Include="Interface Enhanced.cpp">
      <Filter>Source Files</Filter>
    </ClCompile>
    <ClCompile Include="Interface Items.cpp">
      <Filter>Source Files</Filter>
    </ClCompile>
    <ClCompile Include="Interface Panels.cpp">
      <Filter>Source Files</Filter>
    </ClCompile>
    <ClCompile Include="Interface Utils.cpp">
      <Filter>Source Files</Filter>
    </ClCompile>
    <ClCompile Include="Interface.cpp">
      <Filter>Source Files</Filter>
    </ClCompile>
    <ClCompile Include="InterfaceItemImages.cpp">
      <Filter>Source Files</Filter>
    </ClCompile>
    <ClCompile Include="Inventory Choosing.cpp">
      <Filter>Source Files</Filter>
    </ClCompile>
    <ClCompile Include="Item Types.cpp">
      <Filter>Source Files</Filter>
    </ClCompile>
    <ClCompile Include="Items.cpp">
      <Filter>Source Files</Filter>
    </ClCompile>
    <ClCompile Include="Keys.cpp">
      <Filter>Source Files</Filter>
    </ClCompile>
    <ClCompile Include="LOS.cpp">
      <Filter>Source Files</Filter>
    </ClCompile>
    <ClCompile Include="Map Information.cpp">
      <Filter>Source Files</Filter>
    </ClCompile>
    <ClCompile Include="Merc Entering.cpp">
      <Filter>Source Files</Filter>
    </ClCompile>
    <ClCompile Include="Merc Hiring.cpp">
      <Filter>Source Files</Filter>
    </ClCompile>
    <ClCompile Include="Militia Control.cpp">
      <Filter>Source Files</Filter>
    </ClCompile>
    <ClCompile Include="Morale.cpp">
      <Filter>Source Files</Filter>
    </ClCompile>
    <ClCompile Include="opplist.cpp">
      <Filter>Source Files</Filter>
    </ClCompile>
    <ClCompile Include="Overhead.cpp">
      <Filter>Source Files</Filter>
    </ClCompile>
    <ClCompile Include="PATHAI.cpp">
      <Filter>Source Files</Filter>
    </ClCompile>
    <ClCompile Include="Points.cpp">
      <Filter>Source Files</Filter>
    </ClCompile>
    <ClCompile Include="QARRAY.cpp">
      <Filter>Source Files</Filter>
    </ClCompile>
    <ClCompile Include="Rain.cpp">
      <Filter>Source Files</Filter>
    </ClCompile>
    <ClCompile Include="Real Time Input.cpp">
      <Filter>Source Files</Filter>
    </ClCompile>
    <ClCompile Include="Rotting Corpses.cpp">
      <Filter>Source Files</Filter>
    </ClCompile>
    <ClCompile Include="ShopKeeper Interface.cpp">
      <Filter>Source Files</Filter>
    </ClCompile>
    <ClCompile Include="SkillCheck.cpp">
      <Filter>Source Files</Filter>
    </ClCompile>
    <ClCompile Include="Soldier Add.cpp">
      <Filter>Source Files</Filter>
    </ClCompile>
    <ClCompile Include="Soldier Ani.cpp">
      <Filter>Source Files</Filter>
    </ClCompile>
    <ClCompile Include="Soldier Control.cpp">
      <Filter>Source Files</Filter>
    </ClCompile>
    <ClCompile Include="Soldier Create.cpp">
      <Filter>Source Files</Filter>
    </ClCompile>
    <ClCompile Include="Soldier Find.cpp">
      <Filter>Source Files</Filter>
    </ClCompile>
    <ClCompile Include="Soldier Init List.cpp">
      <Filter>Source Files</Filter>
    </ClCompile>
    <ClCompile Include="Soldier Profile.cpp">
      <Filter>Source Files</Filter>
    </ClCompile>
    <ClCompile Include="Soldier Tile.cpp">
      <Filter>Source Files</Filter>
    </ClCompile>
    <ClCompile Include="SoldierTooltips.cpp">
      <Filter>Source Files</Filter>
    </ClCompile>
    <ClCompile Include="Spread Burst.cpp">
      <Filter>Source Files</Filter>
    </ClCompile>
    <ClCompile Include="Squads.cpp">
      <Filter>Source Files</Filter>
    </ClCompile>
    <ClCompile Include="Strategic Exit GUI.cpp">
      <Filter>Source Files</Filter>
    </ClCompile>
    <ClCompile Include="Structure Wrap.cpp">
      <Filter>Source Files</Filter>
    </ClCompile>
    <ClCompile Include="Tactical Save.cpp">
      <Filter>Source Files</Filter>
    </ClCompile>
    <ClCompile Include="Tactical Turns.cpp">
      <Filter>Source Files</Filter>
    </ClCompile>
    <ClCompile Include="TeamTurns.cpp">
      <Filter>Source Files</Filter>
    </ClCompile>
    <ClCompile Include="Turn Based Input.cpp">
      <Filter>Source Files</Filter>
    </ClCompile>
    <ClCompile Include="UI Cursors.cpp">
      <Filter>Source Files</Filter>
    </ClCompile>
    <ClCompile Include="Vehicles.cpp">
      <Filter>Source Files</Filter>
    </ClCompile>
    <ClCompile Include="Weapons.cpp">
      <Filter>Source Files</Filter>
    </ClCompile>
    <ClCompile Include="World Items.cpp">
      <Filter>Source Files</Filter>
    </ClCompile>
    <ClCompile Include="XML_AmmoStrings.cpp">
      <Filter>Source Files</Filter>
    </ClCompile>
    <ClCompile Include="XML_AmmoTypes.cpp">
      <Filter>Source Files</Filter>
    </ClCompile>
    <ClCompile Include="XML_Armour.cpp">
      <Filter>Source Files</Filter>
    </ClCompile>
    <ClCompile Include="XML_AttachmentInfo.cpp">
      <Filter>Source Files</Filter>
    </ClCompile>
    <ClCompile Include="XML_Attachments.cpp">
      <Filter>Source Files</Filter>
    </ClCompile>
    <ClCompile Include="XML_BurstSounds.cpp">
      <Filter>Source Files</Filter>
    </ClCompile>
    <ClCompile Include="XML_CivGroupNames.cpp">
      <Filter>Source Files</Filter>
    </ClCompile>
    <ClCompile Include="XML_ComboMergeInfo.cpp">
      <Filter>Source Files</Filter>
    </ClCompile>
    <ClCompile Include="XML_CompatibleFaceItems.cpp">
      <Filter>Source Files</Filter>
    </ClCompile>
    <ClCompile Include="XML_EnemyAmmoDrops.cpp">
      <Filter>Source Files</Filter>
    </ClCompile>
    <ClCompile Include="XML_EnemyArmourDrops.cpp">
      <Filter>Source Files</Filter>
    </ClCompile>
    <ClCompile Include="XML_EnemyExplosiveDrops.cpp">
      <Filter>Source Files</Filter>
    </ClCompile>
    <ClCompile Include="XML_EnemyItemChoice.cpp">
      <Filter>Source Files</Filter>
    </ClCompile>
    <ClCompile Include="XML_EnemyMiscDrops.cpp">
      <Filter>Source Files</Filter>
    </ClCompile>
    <ClCompile Include="XML_EnemyNames.cpp">
      <Filter>Source Files</Filter>
    </ClCompile>
    <ClCompile Include="XML_EnemyWeaponChoice.cpp">
      <Filter>Source Files</Filter>
    </ClCompile>
    <ClCompile Include="XML_EnemyWeaponDrops.cpp">
      <Filter>Source Files</Filter>
    </ClCompile>
    <ClCompile Include="XML_Explosive.cpp">
      <Filter>Source Files</Filter>
    </ClCompile>
    <ClCompile Include="XML_HiddenNames.cpp">
      <Filter>Source Files</Filter>
    </ClCompile>
    <ClCompile Include="XML_IMPItemChoices.cpp">
      <Filter>Source Files</Filter>
    </ClCompile>
    <ClCompile Include="XML_IncompatibleAttachments.cpp">
      <Filter>Source Files</Filter>
    </ClCompile>
    <ClCompile Include="XML_Launchable.cpp">
      <Filter>Source Files</Filter>
    </ClCompile>
    <ClCompile Include="XML_LBEPocket.cpp">
      <Filter>Source Files</Filter>
    </ClCompile>
    <ClCompile Include="XML_LoadBearingEquipment.cpp">
      <Filter>Source Files</Filter>
    </ClCompile>
    <ClCompile Include="XML_Magazine.cpp">
      <Filter>Source Files</Filter>
    </ClCompile>
    <ClCompile Include="XML_MercStartingGear.cpp">
      <Filter>Source Files</Filter>
    </ClCompile>
    <ClCompile Include="XML_Merge.cpp">
      <Filter>Source Files</Filter>
    </ClCompile>
    <ClCompile Include="XML_Opinions.cpp">
      <Filter>Source Files</Filter>
    </ClCompile>
    <ClCompile Include="XML_Profiles.cpp">
      <Filter>Source Files</Filter>
    </ClCompile>
    <ClCompile Include="XML_RPCFacesSmall.cpp">
      <Filter>Source Files</Filter>
    </ClCompile>
    <ClCompile Include="XML_SectorLoadscreens.cpp">
      <Filter>Source Files</Filter>
    </ClCompile>
    <ClCompile Include="XML_Sounds.cpp">
      <Filter>Source Files</Filter>
    </ClCompile>
    <ClCompile Include="XML_SpreadPatterns.cpp">
      <Filter>Source Files</Filter>
    </ClCompile>
    <ClCompile Include="XML_TonyInventory.cpp">
      <Filter>Source Files</Filter>
    </ClCompile>
    <ClCompile Include="XML_EnemyRank.cpp">
      <Filter>Source Files</Filter>
    </ClCompile>
    <ClCompile Include="XML_AttachmentSlots.cpp">
      <Filter>Source Files</Filter>
    </ClCompile>
    <ClCompile Include="XML_RandomStats.cpp">
      <Filter>Source Files</Filter>
    </ClCompile>
    <ClCompile Include="XML_SoundProfile.cpp">
      <Filter>Source Files</Filter>
    </ClCompile>
    <ClCompile Include="XML_Qarray.cpp">
      <Filter>Source Files</Filter>
    </ClCompile>
    <ClCompile Include="XML_NewFaceGear.cpp">
      <Filter>Source Files</Filter>
    </ClCompile>
    <ClCompile Include="XML_Vehicles.cpp">
      <Filter>Source Files</Filter>
    </ClCompile>
    <ClCompile Include="Ja25_Tactical.cpp">
      <Filter>Source Files</Filter>
    </ClCompile>
    <ClCompile Include="XML_LBEPocketPopup.cpp">
      <Filter>Source Files</Filter>
    </ClCompile>
    <ClCompile Include="XML_ItemAdjustments.cpp">
      <Filter>Source Files</Filter>
    </ClCompile>
    <ClCompile Include="XML_Drugs.cpp">
      <Filter>Source Files</Filter>
    </ClCompile>
    <ClCompile Include="Food.cpp">
      <Filter>Source Files</Filter>
    </ClCompile>
    <ClCompile Include="XML_Food.cpp">
      <Filter>Source Files</Filter>
    </ClCompile>
    <ClCompile Include="XML_Clothes.cpp">
      <Filter>Source Files</Filter>
    </ClCompile>
  </ItemGroup>
</Project>