<?xml version="1.0" encoding="utf-8"?>
<Project ToolsVersion="4.0" xmlns="http://schemas.microsoft.com/developer/msbuild/2003">
  <ItemGroup>
    <ClCompile Include="src\LegacyAIPlan.cpp">
      <Filter>Source Files</Filter>
    </ClCompile>
    <ClCompile Include="src\PlanFactoryLibrary.cpp">
      <Filter>Source Files</Filter>
    </ClCompile>
    <ClCompile Include="src\LegacyAIPlanFactory.cpp">
      <Filter>Source Files</Filter>
    </ClCompile>
    <ClCompile Include="src\NullPlan.cpp">
      <Filter>Source Files</Filter>
    </ClCompile>
    <ClCompile Include="src\NullPlanFactory.cpp">
      <Filter>Source Files</Filter>
    </ClCompile>
  </ItemGroup>
  <ItemGroup>
    <ClInclude Include="include\AbstractPlanFactory.h">
      <Filter>Header Files</Filter>
    </ClInclude>
    <ClInclude Include="include\NullPlan.h">
      <Filter>Header Files</Filter>
    </ClInclude>
    <ClInclude Include="include\NullPlanFactory.h">
      <Filter>Header Files</Filter>
    </ClInclude>
    <ClInclude Include="include\Plan.h">
      <Filter>Header Files</Filter>
    </ClInclude>
    <ClInclude Include="include\PlanFactoryLibrary.h">
      <Filter>Header Files</Filter>
    </ClInclude>
    <ClInclude Include="include\LegacyAIPlanFactory.h">
      <Filter>Header Files</Filter>
    </ClInclude>
    <ClInclude Include="include\LegacyAIPlan.h">
      <Filter>Header Files</Filter>
    </ClInclude>
  </ItemGroup>
  <ItemGroup>
    <Filter Include="Header Files">
      <UniqueIdentifier>{4e822349-3600-4dac-8d02-84aed468b38e}</UniqueIdentifier>
      <Extensions>
      </Extensions>
    </Filter>
    <Filter Include="Source Files">
      <UniqueIdentifier>{a9a91695-5f1c-466f-b106-1b3829146363}</UniqueIdentifier>
    </Filter>
  </ItemGroup>
</Project>